// !$*UTF8*$!
{
	archiveVersion = 1;
	classes = {
	};
	objectVersion = 55;
	objects = {

/* Begin PBXBuildFile section */
		BE090B5827B9562B00B6F906 /* IgStoriesSwiftUIApp.swift in Sources */ = {isa = PBXBuildFile; fileRef = BE090B5727B9562B00B6F906 /* IgStoriesSwiftUIApp.swift */; };
		BE090B5C27B9562D00B6F906 /* Assets.xcassets in Resources */ = {isa = PBXBuildFile; fileRef = BE090B5B27B9562D00B6F906 /* Assets.xcassets */; };
		BE090B5F27B9562D00B6F906 /* Preview Assets.xcassets in Resources */ = {isa = PBXBuildFile; fileRef = BE090B5E27B9562D00B6F906 /* Preview Assets.xcassets */; };
		BE090B6727B9568700B6F906 /* StoryIcon.swift in Sources */ = {isa = PBXBuildFile; fileRef = BE090B6627B9568700B6F906 /* StoryIcon.swift */; };
		BE720F7C27BD111800E862A5 /* ProgressBar.swift in Sources */ = {isa = PBXBuildFile; fileRef = BE720F7B27BD111800E862A5 /* ProgressBar.swift */; };
		BE889DE227BA774A006B0836 /* AnimatableModifier+Utils.swift in Sources */ = {isa = PBXBuildFile; fileRef = BE889DE127BA774A006B0836 /* AnimatableModifier+Utils.swift */; };
		BE8A758127BC107000E9F745 /* HomeView.swift in Sources */ = {isa = PBXBuildFile; fileRef = BE8A758027BC106F00E9F745 /* HomeView.swift */; };
		BEA901D427BC716E00E3362D /* ProgressBarSegment.swift in Sources */ = {isa = PBXBuildFile; fileRef = BEA901D327BC716E00E3362D /* ProgressBarSegment.swift */; };
		BED0F60D27BBF64B00D93F15 /* StoryIconsView.swift in Sources */ = {isa = PBXBuildFile; fileRef = BED0F60C27BBF64B00D93F15 /* StoryIconsView.swift */; };
/* End PBXBuildFile section */

/* Begin PBXFileReference section */
		BE090B5427B9562B00B6F906 /* IgStoriesSwiftUI.app */ = {isa = PBXFileReference; explicitFileType = wrapper.application; includeInIndex = 0; path = IgStoriesSwiftUI.app; sourceTree = BUILT_PRODUCTS_DIR; };
		BE090B5727B9562B00B6F906 /* IgStoriesSwiftUIApp.swift */ = {isa = PBXFileReference; lastKnownFileType = sourcecode.swift; path = IgStoriesSwiftUIApp.swift; sourceTree = "<group>"; };
		BE090B5B27B9562D00B6F906 /* Assets.xcassets */ = {isa = PBXFileReference; lastKnownFileType = folder.assetcatalog; path = Assets.xcassets; sourceTree = "<group>"; };
		BE090B5E27B9562D00B6F906 /* Preview Assets.xcassets */ = {isa = PBXFileReference; lastKnownFileType = folder.assetcatalog; path = "Preview Assets.xcassets"; sourceTree = "<group>"; };
		BE090B6627B9568700B6F906 /* StoryIcon.swift */ = {isa = PBXFileReference; lastKnownFileType = sourcecode.swift; path = StoryIcon.swift; sourceTree = "<group>"; };
		BE720F7B27BD111800E862A5 /* ProgressBar.swift */ = {isa = PBXFileReference; lastKnownFileType = sourcecode.swift; path = ProgressBar.swift; sourceTree = "<group>"; };
		BE889DE127BA774A006B0836 /* AnimatableModifier+Utils.swift */ = {isa = PBXFileReference; lastKnownFileType = sourcecode.swift; path = "AnimatableModifier+Utils.swift"; sourceTree = "<group>"; };
		BE8A758027BC106F00E9F745 /* HomeView.swift */ = {isa = PBXFileReference; lastKnownFileType = sourcecode.swift; path = HomeView.swift; sourceTree = "<group>"; };
		BEA901D327BC716E00E3362D /* ProgressBarSegment.swift */ = {isa = PBXFileReference; lastKnownFileType = sourcecode.swift; path = ProgressBarSegment.swift; sourceTree = "<group>"; };
		BED0F60C27BBF64B00D93F15 /* StoryIconsView.swift */ = {isa = PBXFileReference; lastKnownFileType = sourcecode.swift; path = StoryIconsView.swift; sourceTree = "<group>"; };
/* End PBXFileReference section */

/* Begin PBXFrameworksBuildPhase section */
		BE090B5127B9562B00B6F906 /* Frameworks */ = {
			isa = PBXFrameworksBuildPhase;
			buildActionMask = 2147483647;
			files = (
			);
			runOnlyForDeploymentPostprocessing = 0;
		};
/* End PBXFrameworksBuildPhase section */

/* Begin PBXGroup section */
		BE090B4B27B9562B00B6F906 = {
			isa = PBXGroup;
			children = (
				BE090B5627B9562B00B6F906 /* IgStoriesSwiftUI */,
				BE090B5527B9562B00B6F906 /* Products */,
			);
			sourceTree = "<group>";
		};
		BE090B5527B9562B00B6F906 /* Products */ = {
			isa = PBXGroup;
			children = (
				BE090B5427B9562B00B6F906 /* IgStoriesSwiftUI.app */,
			);
			name = Products;
			sourceTree = "<group>";
		};
		BE090B5627B9562B00B6F906 /* IgStoriesSwiftUI */ = {
			isa = PBXGroup;
			children = (
				BE090B5727B9562B00B6F906 /* IgStoriesSwiftUIApp.swift */,
				BE090B6527B9566D00B6F906 /* Views */,
				BE889DE027BA771D006B0836 /* Utils */,
				BE090B5B27B9562D00B6F906 /* Assets.xcassets */,
				BE090B5D27B9562D00B6F906 /* Preview Content */,
			);
			path = IgStoriesSwiftUI;
			sourceTree = "<group>";
		};
		BE090B5D27B9562D00B6F906 /* Preview Content */ = {
			isa = PBXGroup;
			children = (
				BE090B5E27B9562D00B6F906 /* Preview Assets.xcassets */,
			);
			path = "Preview Content";
			sourceTree = "<group>";
		};
		BE090B6527B9566D00B6F906 /* Views */ = {
			isa = PBXGroup;
			children = (
				BE8A758027BC106F00E9F745 /* HomeView.swift */,
				BE090B6627B9568700B6F906 /* StoryIcon.swift */,
				BED0F60C27BBF64B00D93F15 /* StoryIconsView.swift */,
				BE720F7A27BD10E800E862A5 /* ProgressBar */,
			);
			path = Views;
			sourceTree = "<group>";
		};
		BE720F7A27BD10E800E862A5 /* ProgressBar */ = {
			isa = PBXGroup;
			children = (
				BEA901D327BC716E00E3362D /* ProgressBarSegment.swift */,
				BE720F7B27BD111800E862A5 /* ProgressBar.swift */,
			);
			path = ProgressBar;
			sourceTree = "<group>";
		};
		BE889DE027BA771D006B0836 /* Utils */ = {
			isa = PBXGroup;
			children = (
				BE889DE127BA774A006B0836 /* AnimatableModifier+Utils.swift */,
			);
			path = Utils;
			sourceTree = "<group>";
		};
/* End PBXGroup section */

/* Begin PBXNativeTarget section */
		BE090B5327B9562B00B6F906 /* IgStoriesSwiftUI */ = {
			isa = PBXNativeTarget;
			buildConfigurationList = BE090B6227B9562D00B6F906 /* Build configuration list for PBXNativeTarget "IgStoriesSwiftUI" */;
			buildPhases = (
				BE090B5027B9562B00B6F906 /* Sources */,
				BE090B5127B9562B00B6F906 /* Frameworks */,
				BE090B5227B9562B00B6F906 /* Resources */,
			);
			buildRules = (
			);
			dependencies = (
			);
			name = IgStoriesSwiftUI;
			productName = IgStoriesSwiftUI;
			productReference = BE090B5427B9562B00B6F906 /* IgStoriesSwiftUI.app */;
			productType = "com.apple.product-type.application";
		};
/* End PBXNativeTarget section */

/* Begin PBXProject section */
		BE090B4C27B9562B00B6F906 /* Project object */ = {
			isa = PBXProject;
			attributes = {
				BuildIndependentTargetsInParallel = 1;
				LastSwiftUpdateCheck = 1320;
				LastUpgradeCheck = 1320;
				TargetAttributes = {
					BE090B5327B9562B00B6F906 = {
						CreatedOnToolsVersion = 13.2.1;
					};
				};
			};
			buildConfigurationList = BE090B4F27B9562B00B6F906 /* Build configuration list for PBXProject "IgStoriesSwiftUI" */;
			compatibilityVersion = "Xcode 13.0";
			developmentRegion = en;
			hasScannedForEncodings = 0;
			knownRegions = (
				en,
				Base,
			);
			mainGroup = BE090B4B27B9562B00B6F906;
			productRefGroup = BE090B5527B9562B00B6F906 /* Products */;
			projectDirPath = "";
			projectRoot = "";
			targets = (
				BE090B5327B9562B00B6F906 /* IgStoriesSwiftUI */,
			);
		};
/* End PBXProject section */

/* Begin PBXResourcesBuildPhase section */
		BE090B5227B9562B00B6F906 /* Resources */ = {
			isa = PBXResourcesBuildPhase;
			buildActionMask = 2147483647;
			files = (
				BE090B5F27B9562D00B6F906 /* Preview Assets.xcassets in Resources */,
				BE090B5C27B9562D00B6F906 /* Assets.xcassets in Resources */,
			);
			runOnlyForDeploymentPostprocessing = 0;
		};
/* End PBXResourcesBuildPhase section */

/* Begin PBXSourcesBuildPhase section */
		BE090B5027B9562B00B6F906 /* Sources */ = {
			isa = PBXSourcesBuildPhase;
			buildActionMask = 2147483647;
			files = (
				BE889DE227BA774A006B0836 /* AnimatableModifier+Utils.swift in Sources */,
				BE090B6727B9568700B6F906 /* StoryIcon.swift in Sources */,
				BE090B5827B9562B00B6F906 /* IgStoriesSwiftUIApp.swift in Sources */,
				BE8A758127BC107000E9F745 /* HomeView.swift in Sources */,
				BEA901D427BC716E00E3362D /* ProgressBarSegment.swift in Sources */,
				BED0F60D27BBF64B00D93F15 /* StoryIconsView.swift in Sources */,
				BE720F7C27BD111800E862A5 /* ProgressBar.swift in Sources */,
			);
			runOnlyForDeploymentPostprocessing = 0;
		};
/* End PBXSourcesBuildPhase section */

/* Begin XCBuildConfiguration section */
		BE090B6027B9562D00B6F906 /* Debug */ = {
			isa = XCBuildConfiguration;
			buildSettings = {
				ALWAYS_SEARCH_USER_PATHS = NO;
				CLANG_ANALYZER_NONNULL = YES;
				CLANG_ANALYZER_NUMBER_OBJECT_CONVERSION = YES_AGGRESSIVE;
				CLANG_CXX_LANGUAGE_STANDARD = "gnu++17";
				CLANG_CXX_LIBRARY = "libc++";
				CLANG_ENABLE_MODULES = YES;
				CLANG_ENABLE_OBJC_ARC = YES;
				CLANG_ENABLE_OBJC_WEAK = YES;
				CLANG_WARN_BLOCK_CAPTURE_AUTORELEASING = YES;
				CLANG_WARN_BOOL_CONVERSION = YES;
				CLANG_WARN_COMMA = YES;
				CLANG_WARN_CONSTANT_CONVERSION = YES;
				CLANG_WARN_DEPRECATED_OBJC_IMPLEMENTATIONS = YES;
				CLANG_WARN_DIRECT_OBJC_ISA_USAGE = YES_ERROR;
				CLANG_WARN_DOCUMENTATION_COMMENTS = YES;
				CLANG_WARN_EMPTY_BODY = YES;
				CLANG_WARN_ENUM_CONVERSION = YES;
				CLANG_WARN_INFINITE_RECURSION = YES;
				CLANG_WARN_INT_CONVERSION = YES;
				CLANG_WARN_NON_LITERAL_NULL_CONVERSION = YES;
				CLANG_WARN_OBJC_IMPLICIT_RETAIN_SELF = YES;
				CLANG_WARN_OBJC_LITERAL_CONVERSION = YES;
				CLANG_WARN_OBJC_ROOT_CLASS = YES_ERROR;
				CLANG_WARN_QUOTED_INCLUDE_IN_FRAMEWORK_HEADER = YES;
				CLANG_WARN_RANGE_LOOP_ANALYSIS = YES;
				CLANG_WARN_STRICT_PROTOTYPES = YES;
				CLANG_WARN_SUSPICIOUS_MOVE = YES;
				CLANG_WARN_UNGUARDED_AVAILABILITY = YES_AGGRESSIVE;
				CLANG_WARN_UNREACHABLE_CODE = YES;
				CLANG_WARN__DUPLICATE_METHOD_MATCH = YES;
				COPY_PHASE_STRIP = NO;
				DEBUG_INFORMATION_FORMAT = dwarf;
				ENABLE_STRICT_OBJC_MSGSEND = YES;
				ENABLE_TESTABILITY = YES;
				GCC_C_LANGUAGE_STANDARD = gnu11;
				GCC_DYNAMIC_NO_PIC = NO;
				GCC_NO_COMMON_BLOCKS = YES;
				GCC_OPTIMIZATION_LEVEL = 0;
				GCC_PREPROCESSOR_DEFINITIONS = (
					"DEBUG=1",
					"$(inherited)",
				);
				GCC_WARN_64_TO_32_BIT_CONVERSION = YES;
				GCC_WARN_ABOUT_RETURN_TYPE = YES_ERROR;
				GCC_WARN_UNDECLARED_SELECTOR = YES;
				GCC_WARN_UNINITIALIZED_AUTOS = YES_AGGRESSIVE;
				GCC_WARN_UNUSED_FUNCTION = YES;
				GCC_WARN_UNUSED_VARIABLE = YES;
				IPHONEOS_DEPLOYMENT_TARGET = 15.2;
				MTL_ENABLE_DEBUG_INFO = INCLUDE_SOURCE;
				MTL_FAST_MATH = YES;
				ONLY_ACTIVE_ARCH = YES;
				SDKROOT = iphoneos;
				SWIFT_ACTIVE_COMPILATION_CONDITIONS = DEBUG;
				SWIFT_OPTIMIZATION_LEVEL = "-Onone";
			};
			name = Debug;
		};
		BE090B6127B9562D00B6F906 /* Release */ = {
			isa = XCBuildConfiguration;
			buildSettings = {
				ALWAYS_SEARCH_USER_PATHS = NO;
				CLANG_ANALYZER_NONNULL = YES;
				CLANG_ANALYZER_NUMBER_OBJECT_CONVERSION = YES_AGGRESSIVE;
				CLANG_CXX_LANGUAGE_STANDARD = "gnu++17";
				CLANG_CXX_LIBRARY = "libc++";
				CLANG_ENABLE_MODULES = YES;
				CLANG_ENABLE_OBJC_ARC = YES;
				CLANG_ENABLE_OBJC_WEAK = YES;
				CLANG_WARN_BLOCK_CAPTURE_AUTORELEASING = YES;
				CLANG_WARN_BOOL_CONVERSION = YES;
				CLANG_WARN_COMMA = YES;
				CLANG_WARN_CONSTANT_CONVERSION = YES;
				CLANG_WARN_DEPRECATED_OBJC_IMPLEMENTATIONS = YES;
				CLANG_WARN_DIRECT_OBJC_ISA_USAGE = YES_ERROR;
				CLANG_WARN_DOCUMENTATION_COMMENTS = YES;
				CLANG_WARN_EMPTY_BODY = YES;
				CLANG_WARN_ENUM_CONVERSION = YES;
				CLANG_WARN_INFINITE_RECURSION = YES;
				CLANG_WARN_INT_CONVERSION = YES;
				CLANG_WARN_NON_LITERAL_NULL_CONVERSION = YES;
				CLANG_WARN_OBJC_IMPLICIT_RETAIN_SELF = YES;
				CLANG_WARN_OBJC_LITERAL_CONVERSION = YES;
				CLANG_WARN_OBJC_ROOT_CLASS = YES_ERROR;
				CLANG_WARN_QUOTED_INCLUDE_IN_FRAMEWORK_HEADER = YES;
				CLANG_WARN_RANGE_LOOP_ANALYSIS = YES;
				CLANG_WARN_STRICT_PROTOTYPES = YES;
				CLANG_WARN_SUSPICIOUS_MOVE = YES;
				CLANG_WARN_UNGUARDED_AVAILABILITY = YES_AGGRESSIVE;
				CLANG_WARN_UNREACHABLE_CODE = YES;
				CLANG_WARN__DUPLICATE_METHOD_MATCH = YES;
				COPY_PHASE_STRIP = NO;
				DEBUG_INFORMATION_FORMAT = "dwarf-with-dsym";
				ENABLE_NS_ASSERTIONS = NO;
				ENABLE_STRICT_OBJC_MSGSEND = YES;
				GCC_C_LANGUAGE_STANDARD = gnu11;
				GCC_NO_COMMON_BLOCKS = YES;
				GCC_WARN_64_TO_32_BIT_CONVERSION = YES;
				GCC_WARN_ABOUT_RETURN_TYPE = YES_ERROR;
				GCC_WARN_UNDECLARED_SELECTOR = YES;
				GCC_WARN_UNINITIALIZED_AUTOS = YES_AGGRESSIVE;
				GCC_WARN_UNUSED_FUNCTION = YES;
				GCC_WARN_UNUSED_VARIABLE = YES;
				IPHONEOS_DEPLOYMENT_TARGET = 15.2;
				MTL_ENABLE_DEBUG_INFO = NO;
				MTL_FAST_MATH = YES;
				SDKROOT = iphoneos;
				SWIFT_COMPILATION_MODE = wholemodule;
				SWIFT_OPTIMIZATION_LEVEL = "-O";
				VALIDATE_PRODUCT = YES;
			};
			name = Release;
		};
		BE090B6327B9562D00B6F906 /* Debug */ = {
			isa = XCBuildConfiguration;
			buildSettings = {
				ASSETCATALOG_COMPILER_APPICON_NAME = AppIcon;
				ASSETCATALOG_COMPILER_GLOBAL_ACCENT_COLOR_NAME = AccentColor;
				CODE_SIGN_STYLE = Automatic;
				CURRENT_PROJECT_VERSION = 1;
				DEVELOPMENT_ASSET_PATHS = "\"IgStoriesSwiftUI/Preview Content\"";
				DEVELOPMENT_TEAM = DV4M5VPD3C;
				ENABLE_PREVIEWS = YES;
				GENERATE_INFOPLIST_FILE = YES;
				INFOPLIST_KEY_UIApplicationSceneManifest_Generation = YES;
				INFOPLIST_KEY_UIApplicationSupportsIndirectInputEvents = YES;
				INFOPLIST_KEY_UILaunchScreen_Generation = YES;
				INFOPLIST_KEY_UISupportedInterfaceOrientations_iPad = "UIInterfaceOrientationPortrait UIInterfaceOrientationPortraitUpsideDown UIInterfaceOrientationLandscapeLeft UIInterfaceOrientationLandscapeRight";
				INFOPLIST_KEY_UISupportedInterfaceOrientations_iPhone = "UIInterfaceOrientationPortrait UIInterfaceOrientationLandscapeLeft UIInterfaceOrientationLandscapeRight";
				LD_RUNPATH_SEARCH_PATHS = (
					"$(inherited)",
					"@executable_path/Frameworks",
				);
				MARKETING_VERSION = 1.0;
				PRODUCT_BUNDLE_IDENTIFIER = com.tszlung.IgStoriesSwiftUI;
				PRODUCT_NAME = "$(TARGET_NAME)";
				SWIFT_EMIT_LOC_STRINGS = YES;
				SWIFT_VERSION = 5.0;
				TARGETED_DEVICE_FAMILY = "1,2";
			};
			name = Debug;
		};
		BE090B6427B9562D00B6F906 /* Release */ = {
			isa = XCBuildConfiguration;
			buildSettings = {
				ASSETCATALOG_COMPILER_APPICON_NAME = AppIcon;
				ASSETCATALOG_COMPILER_GLOBAL_ACCENT_COLOR_NAME = AccentColor;
				CODE_SIGN_STYLE = Automatic;
				CURRENT_PROJECT_VERSION = 1;
				DEVELOPMENT_ASSET_PATHS = "\"IgStoriesSwiftUI/Preview Content\"";
				DEVELOPMENT_TEAM = DV4M5VPD3C;
				ENABLE_PREVIEWS = YES;
				GENERATE_INFOPLIST_FILE = YES;
				INFOPLIST_KEY_UIApplicationSceneManifest_Generation = YES;
				INFOPLIST_KEY_UIApplicationSupportsIndirectInputEvents = YES;
				INFOPLIST_KEY_UILaunchScreen_Generation = YES;
				INFOPLIST_KEY_UISupportedInterfaceOrientations_iPad = "UIInterfaceOrientationPortrait UIInterfaceOrientationPortraitUpsideDown UIInterfaceOrientationLandscapeLeft UIInterfaceOrientationLandscapeRight";
				INFOPLIST_KEY_UISupportedInterfaceOrientations_iPhone = "UIInterfaceOrientationPortrait UIInterfaceOrientationLandscapeLeft UIInterfaceOrientationLandscapeRight";
				LD_RUNPATH_SEARCH_PATHS = (
					"$(inherited)",
					"@executable_path/Frameworks",
				);
				MARKETING_VERSION = 1.0;
				PRODUCT_BUNDLE_IDENTIFIER = com.tszlung.IgStoriesSwiftUI;
				PRODUCT_NAME = "$(TARGET_NAME)";
				SWIFT_EMIT_LOC_STRINGS = YES;
				SWIFT_VERSION = 5.0;
				TARGETED_DEVICE_FAMILY = "1,2";
			};
			name = Release;
		};
/* End XCBuildConfiguration section */

/* Begin XCConfigurationList section */
		BE090B4F27B9562B00B6F906 /* Build configuration list for PBXProject "IgStoriesSwiftUI" */ = {
			isa = XCConfigurationList;
			buildConfigurations = (
				BE090B6027B9562D00B6F906 /* Debug */,
				BE090B6127B9562D00B6F906 /* Release */,
			);
			defaultConfigurationIsVisible = 0;
			defaultConfigurationName = Release;
		};
		BE090B6227B9562D00B6F906 /* Build configuration list for PBXNativeTarget "IgStoriesSwiftUI" */ = {
			isa = XCConfigurationList;
			buildConfigurations = (
				BE090B6327B9562D00B6F906 /* Debug */,
				BE090B6427B9562D00B6F906 /* Release */,
			);
			defaultConfigurationIsVisible = 0;
			defaultConfigurationName = Release;
		};
/* End XCConfigurationList section */
	};
	rootObject = BE090B4C27B9562B00B6F906 /* Project object */;
}
