// !$*UTF8*$!
{
	archiveVersion = 1;
	classes = {
	};
	objectVersion = 55;
	objects = {

/* Begin PBXBuildFile section */
		BE090B5827B9562B00B6F906 /* SimplifiedIgStoriesApp.swift in Sources */ = {isa = PBXBuildFile; fileRef = BE090B5727B9562B00B6F906 /* SimplifiedIgStoriesApp.swift */; };
		BE090B5C27B9562D00B6F906 /* Assets.xcassets in Resources */ = {isa = PBXBuildFile; fileRef = BE090B5B27B9562D00B6F906 /* Assets.xcassets */; };
		BE090B5F27B9562D00B6F906 /* Preview Assets.xcassets in Resources */ = {isa = PBXBuildFile; fileRef = BE090B5E27B9562D00B6F906 /* Preview Assets.xcassets */; };
		BE090B6727B9568700B6F906 /* StoryIcon.swift in Sources */ = {isa = PBXBuildFile; fileRef = BE090B6627B9568700B6F906 /* StoryIcon.swift */; };
		BE09DD59288C758000F4278C /* HomeUIActionHandler.swift in Sources */ = {isa = PBXBuildFile; fileRef = BE09DD58288C758000F4278C /* HomeUIActionHandler.swift */; };
		BE2C557227BFFE9D0087EE7F /* StoryView.swift in Sources */ = {isa = PBXBuildFile; fileRef = BE2C557127BFFE9D0087EE7F /* StoryView.swift */; };
		BE2C557427C0197B0087EE7F /* DetectableTapGesturePositionView.swift in Sources */ = {isa = PBXBuildFile; fileRef = BE2C557327C0197B0087EE7F /* DetectableTapGesturePositionView.swift */; };
		BE2D7792285F765F00DBD924 /* CamSetupError.swift in Sources */ = {isa = PBXBuildFile; fileRef = BE2D7791285F765F00DBD924 /* CamSetupError.swift */; };
		BE2D7794285F797400DBD924 /* CamStatus.swift in Sources */ = {isa = PBXBuildFile; fileRef = BE2D7793285F797400DBD924 /* CamStatus.swift */; };
		BE2D7796285FB1C600DBD924 /* AVCaptureVideoPreviewRepresentable.swift in Sources */ = {isa = PBXBuildFile; fileRef = BE2D7795285FB1C600DBD924 /* AVCaptureVideoPreviewRepresentable.swift */; };
		BE463A2D285F05AE00599929 /* AVCamManager.swift in Sources */ = {isa = PBXBuildFile; fileRef = BE463A2C285F05AE00599929 /* AVCamManager.swift */; };
		BE482F042886C0C30094E54C /* MockCamManager.swift in Sources */ = {isa = PBXBuildFile; fileRef = BE5F521B2882F74C001CB2B1 /* MockCamManager.swift */; };
		BE50144A288DC7410043DF62 /* StoryViewModelTests.swift in Sources */ = {isa = PBXBuildFile; fileRef = BE501449288DC7410043DF62 /* StoryViewModelTests.swift */; };
		BE5CDC2D27DF4AAA00352A60 /* NoticeLabel.swift in Sources */ = {isa = PBXBuildFile; fileRef = BE5CDC2C27DF4AAA00352A60 /* NoticeLabel.swift */; };
		BE5F521E28832923001CB2B1 /* StoryCamViewModelTests.swift in Sources */ = {isa = PBXBuildFile; fileRef = BE5F521D28832923001CB2B1 /* StoryCamViewModelTests.swift */; };
		BE69F50D281974E5001BA4EC /* StoriesViewModelTests.swift in Sources */ = {isa = PBXBuildFile; fileRef = BE69F50C281974E5001BA4EC /* StoriesViewModelTests.swift */; };
		BE6B73C727D794AD003D2B24 /* StoryViewModel.swift in Sources */ = {isa = PBXBuildFile; fileRef = BE6B73C627D794AD003D2B24 /* StoryViewModel.swift */; };
		BE720F7C27BD111800E862A5 /* ProgressBar.swift in Sources */ = {isa = PBXBuildFile; fileRef = BE720F7B27BD111800E862A5 /* ProgressBar.swift */; };
		BE72F94027DF6F9300AA98A5 /* StoryCamPermissionView.swift in Sources */ = {isa = PBXBuildFile; fileRef = BE72F93F27DF6F9300AA98A5 /* StoryCamPermissionView.swift */; };
		BE77C89A28895CF000E1FA0A /* PreviewData.swift in Sources */ = {isa = PBXBuildFile; fileRef = BE77C89928895CF000E1FA0A /* PreviewData.swift */; };
		BE84C2CA27C78E5400C42165 /* AnyTransition+Additions.swift in Sources */ = {isa = PBXBuildFile; fileRef = BE84C2C927C78E5400C42165 /* AnyTransition+Additions.swift */; };
		BE8A758127BC107000E9F745 /* HomeView.swift in Sources */ = {isa = PBXBuildFile; fileRef = BE8A758027BC106F00E9F745 /* HomeView.swift */; };
		BE8AEF9027DB9D5800D7EAA1 /* VerticalLabelStyle.swift in Sources */ = {isa = PBXBuildFile; fileRef = BE8AEF8F27DB9D5800D7EAA1 /* VerticalLabelStyle.swift */; };
		BE8AEF9327DBDE8100D7EAA1 /* CubicTransitionModifier.swift in Sources */ = {isa = PBXBuildFile; fileRef = BE8AEF9227DBDE8100D7EAA1 /* CubicTransitionModifier.swift */; };
		BE8B973827DAAC6600A59292 /* FramePreferenceKey.swift in Sources */ = {isa = PBXBuildFile; fileRef = BE8B973727DAAC6600A59292 /* FramePreferenceKey.swift */; };
		BE8C498D27C62B3C000541E0 /* StoryIconTitleView.swift in Sources */ = {isa = PBXBuildFile; fileRef = BE8C498C27C62B3C000541E0 /* StoryIconTitleView.swift */; };
		BE8C498F27C674FD000541E0 /* StoryContainer.swift in Sources */ = {isa = PBXBuildFile; fileRef = BE8C498E27C674FD000541E0 /* StoryContainer.swift */; };
		BE8D954327C44C6F00D9D6DB /* storiesData.json in Resources */ = {isa = PBXBuildFile; fileRef = BE8D954227C44C6F00D9D6DB /* storiesData.json */; };
		BE8D954527C44CA200D9D6DB /* Story.swift in Sources */ = {isa = PBXBuildFile; fileRef = BE8D954427C44CA200D9D6DB /* Story.swift */; };
		BE8F580127D63F1A00F9DB92 /* forestVideo.mp4 in Resources */ = {isa = PBXBuildFile; fileRef = BE8F580027D63EF300F9DB92 /* forestVideo.mp4 */; };
		BE8F580327D641AF00F9DB92 /* Portion.swift in Sources */ = {isa = PBXBuildFile; fileRef = BE8F580227D641AE00F9DB92 /* Portion.swift */; };
		BE8F580527D643BC00F9DB92 /* seaVideo.mp4 in Resources */ = {isa = PBXBuildFile; fileRef = BE8F580427D643BC00F9DB92 /* seaVideo.mp4 */; };
		BE8F580727D6668000F9DB92 /* AppDataService.swift in Sources */ = {isa = PBXBuildFile; fileRef = BE8F580627D6668000F9DB92 /* AppDataService.swift */; };
		BE8F580A27D668E900F9DB92 /* StoriesViewModel.swift in Sources */ = {isa = PBXBuildFile; fileRef = BE8F580927D668E900F9DB92 /* StoriesViewModel.swift */; };
		BE90CE0427D00A0E001EA0CA /* StoryCamView.swift in Sources */ = {isa = PBXBuildFile; fileRef = BE90CE0327D00A0E001EA0CA /* StoryCamView.swift */; };
		BE91AA5427BFD96800BB9846 /* StoryPortionView.swift in Sources */ = {isa = PBXBuildFile; fileRef = BE91AA5327BFD96700BB9846 /* StoryPortionView.swift */; };
		BE925CF427D8B06D005D8107 /* AVPlayer+Additions.swift in Sources */ = {isa = PBXBuildFile; fileRef = BE925CF327D8B06D005D8107 /* AVPlayer+Additions.swift */; };
		BE9336C227D21811009E5370 /* AVPlayerControllerRepresentable.swift in Sources */ = {isa = PBXBuildFile; fileRef = BE9336C127D21811009E5370 /* AVPlayerControllerRepresentable.swift */; };
		BE9336C427D22162009E5370 /* StoryPreview.swift in Sources */ = {isa = PBXBuildFile; fileRef = BE9336C327D22162009E5370 /* StoryPreview.swift */; };
		BE9336C727D22628009E5370 /* Color+Additions.swift in Sources */ = {isa = PBXBuildFile; fileRef = BE9336C627D22628009E5370 /* Color+Additions.swift */; };
		BE9336CC27D24CC1009E5370 /* LoadingView.swift in Sources */ = {isa = PBXBuildFile; fileRef = BE9336CB27D24CC1009E5370 /* LoadingView.swift */; };
		BE9336CE27D2690E009E5370 /* MediaSaver.swift in Sources */ = {isa = PBXBuildFile; fileRef = BE9336CD27D2690E009E5370 /* MediaSaver.swift */; };
		BE93B8C127C8D96900B97C40 /* TraceableRectangle.swift in Sources */ = {isa = PBXBuildFile; fileRef = BE93B8C027C8D96900B97C40 /* TraceableRectangle.swift */; };
		BE9EF6C527E3673600942976 /* Configs.swift in Sources */ = {isa = PBXBuildFile; fileRef = BE9EF6C427E3673600942976 /* Configs.swift */; };
		BE9EF6C727E36F7D00942976 /* CGFloat+Additions.swift in Sources */ = {isa = PBXBuildFile; fileRef = BE9EF6C627E36F7D00942976 /* CGFloat+Additions.swift */; };
		BEA1D95827C3C74D00D0A67A /* Date+Additions.swift in Sources */ = {isa = PBXBuildFile; fileRef = BEA1D95727C3C74D00D0A67A /* Date+Additions.swift */; };
		BEA1D95E27C3DA7100D0A67A /* User.swift in Sources */ = {isa = PBXBuildFile; fileRef = BEA1D95D27C3DA7100D0A67A /* User.swift */; };
		BEA7D9FF27C6DFFC00DA81E6 /* TraceableArc.swift in Sources */ = {isa = PBXBuildFile; fileRef = BEA7D9FE27C6DFFC00DA81E6 /* TraceableArc.swift */; };
		BEA901D427BC716E00E3362D /* ProgressBarPortion.swift in Sources */ = {isa = PBXBuildFile; fileRef = BEA901D327BC716E00E3362D /* ProgressBarPortion.swift */; };
		BEA93F9427D7511000964226 /* VideoRecordButton.swift in Sources */ = {isa = PBXBuildFile; fileRef = BEA8E50E27D0CFD200640B19 /* VideoRecordButton.swift */; };
		BEAED9E427D36F7D00A98F3A /* IdFramePreferenceKey.swift in Sources */ = {isa = PBXBuildFile; fileRef = BEAED9E327D36F7D00A98F3A /* IdFramePreferenceKey.swift */; };
		BEAFE90E2817F81C004C4D43 /* Double+Additions.swift in Sources */ = {isa = PBXBuildFile; fileRef = BEAFE90D2817F81C004C4D43 /* Double+Additions.swift */; };
		BEB8752927DA120300D60110 /* LocalFileManager.swift in Sources */ = {isa = PBXBuildFile; fileRef = BEB8752827DA120300D60110 /* LocalFileManager.swift */; };
		BEBF322F2B74D5DD00DCD624 /* LocalStoriesLoaderTests.swift in Sources */ = {isa = PBXBuildFile; fileRef = BEBF322E2B74D5DD00DCD624 /* LocalStoriesLoaderTests.swift */; };
		BEBF32322B74D88A00DCD624 /* XCTestCase+MemoryLeakTracking.swift in Sources */ = {isa = PBXBuildFile; fileRef = BEBF32312B74D88A00DCD624 /* XCTestCase+MemoryLeakTracking.swift */; };
		BEBF32382B7512BF00DCD624 /* LocalStory.swift in Sources */ = {isa = PBXBuildFile; fileRef = BEBF32372B7512BF00DCD624 /* LocalStory.swift */; };
		BEBF323A2B7512EF00DCD624 /* DataClient.swift in Sources */ = {isa = PBXBuildFile; fileRef = BEBF32392B7512EF00DCD624 /* DataClient.swift */; };
		BEBF323C2B75133700DCD624 /* LocalStoriesLoader.swift in Sources */ = {isa = PBXBuildFile; fileRef = BEBF323B2B75133700DCD624 /* LocalStoriesLoader.swift */; };
		BEBF323E2B75149300DCD624 /* LocalStoriesMapper.swift in Sources */ = {isa = PBXBuildFile; fileRef = BEBF323D2B75149300DCD624 /* LocalStoriesMapper.swift */; };
		BEC3B4C427DE585F00B44BDF /* StoryCamViewModel.swift in Sources */ = {isa = PBXBuildFile; fileRef = BEC3B4C327DE585F00B44BDF /* StoryCamViewModel.swift */; };
		BED0F60D27BBF64B00D93F15 /* StoryIconsView.swift in Sources */ = {isa = PBXBuildFile; fileRef = BED0F60C27BBF64B00D93F15 /* StoryIconsView.swift */; };
		BEEEBBEB2B75287100EC85C7 /* FileDataClientTests.swift in Sources */ = {isa = PBXBuildFile; fileRef = BEEEBBEA2B75287100EC85C7 /* FileDataClientTests.swift */; };
		BEEEBBED2B752E4200EC85C7 /* empty.json in Resources */ = {isa = PBXBuildFile; fileRef = BEEEBBEC2B752E4200EC85C7 /* empty.json */; };
		BEEEBBEF2B7531FE00EC85C7 /* valid.json in Resources */ = {isa = PBXBuildFile; fileRef = BEEEBBEE2B7531FE00EC85C7 /* valid.json */; };
		BEEEBBF12B75345400EC85C7 /* XCTestCase+AssertThrows.swift in Sources */ = {isa = PBXBuildFile; fileRef = BEEEBBF02B75345400EC85C7 /* XCTestCase+AssertThrows.swift */; };
		BEEEBBF42B75357500EC85C7 /* FileDataClient.swift in Sources */ = {isa = PBXBuildFile; fileRef = BEEEBBF32B75357500EC85C7 /* FileDataClient.swift */; };
/* End PBXBuildFile section */

/* Begin PBXContainerItemProxy section */
		BE69F507281973B3001BA4EC /* PBXContainerItemProxy */ = {
			isa = PBXContainerItemProxy;
			containerPortal = BE090B4C27B9562B00B6F906 /* Project object */;
			proxyType = 1;
			remoteGlobalIDString = BE090B5327B9562B00B6F906;
			remoteInfo = SimplifiedIgStories;
		};
/* End PBXContainerItemProxy section */

/* Begin PBXFileReference section */
		BE090B5427B9562B00B6F906 /* Simple IG Story.app */ = {isa = PBXFileReference; explicitFileType = wrapper.application; includeInIndex = 0; path = "Simple IG Story.app"; sourceTree = BUILT_PRODUCTS_DIR; };
		BE090B5727B9562B00B6F906 /* SimplifiedIgStoriesApp.swift */ = {isa = PBXFileReference; lastKnownFileType = sourcecode.swift; path = SimplifiedIgStoriesApp.swift; sourceTree = "<group>"; };
		BE090B5B27B9562D00B6F906 /* Assets.xcassets */ = {isa = PBXFileReference; lastKnownFileType = folder.assetcatalog; path = Assets.xcassets; sourceTree = "<group>"; };
		BE090B5E27B9562D00B6F906 /* Preview Assets.xcassets */ = {isa = PBXFileReference; lastKnownFileType = folder.assetcatalog; path = "Preview Assets.xcassets"; sourceTree = "<group>"; };
		BE090B6627B9568700B6F906 /* StoryIcon.swift */ = {isa = PBXFileReference; lastKnownFileType = sourcecode.swift; path = StoryIcon.swift; sourceTree = "<group>"; };
		BE09DD58288C758000F4278C /* HomeUIActionHandler.swift */ = {isa = PBXFileReference; lastKnownFileType = sourcecode.swift; path = HomeUIActionHandler.swift; sourceTree = "<group>"; };
		BE2C557127BFFE9D0087EE7F /* StoryView.swift */ = {isa = PBXFileReference; lastKnownFileType = sourcecode.swift; path = StoryView.swift; sourceTree = "<group>"; };
		BE2C557327C0197B0087EE7F /* DetectableTapGesturePositionView.swift */ = {isa = PBXFileReference; lastKnownFileType = sourcecode.swift; path = DetectableTapGesturePositionView.swift; sourceTree = "<group>"; };
		BE2D7791285F765F00DBD924 /* CamSetupError.swift */ = {isa = PBXFileReference; lastKnownFileType = sourcecode.swift; path = CamSetupError.swift; sourceTree = "<group>"; };
		BE2D7793285F797400DBD924 /* CamStatus.swift */ = {isa = PBXFileReference; lastKnownFileType = sourcecode.swift; path = CamStatus.swift; sourceTree = "<group>"; };
		BE2D7795285FB1C600DBD924 /* AVCaptureVideoPreviewRepresentable.swift */ = {isa = PBXFileReference; lastKnownFileType = sourcecode.swift; path = AVCaptureVideoPreviewRepresentable.swift; sourceTree = "<group>"; };
		BE463A2C285F05AE00599929 /* AVCamManager.swift */ = {isa = PBXFileReference; lastKnownFileType = sourcecode.swift; path = AVCamManager.swift; sourceTree = "<group>"; };
		BE501449288DC7410043DF62 /* StoryViewModelTests.swift */ = {isa = PBXFileReference; lastKnownFileType = sourcecode.swift; path = StoryViewModelTests.swift; sourceTree = "<group>"; };
		BE5CDC2C27DF4AAA00352A60 /* NoticeLabel.swift */ = {isa = PBXFileReference; lastKnownFileType = sourcecode.swift; path = NoticeLabel.swift; sourceTree = "<group>"; };
		BE5F521B2882F74C001CB2B1 /* MockCamManager.swift */ = {isa = PBXFileReference; lastKnownFileType = sourcecode.swift; path = MockCamManager.swift; sourceTree = "<group>"; };
		BE5F521D28832923001CB2B1 /* StoryCamViewModelTests.swift */ = {isa = PBXFileReference; lastKnownFileType = sourcecode.swift; path = StoryCamViewModelTests.swift; sourceTree = "<group>"; };
		BE69F503281973B3001BA4EC /* SimpleIGStoryTests.xctest */ = {isa = PBXFileReference; explicitFileType = wrapper.cfbundle; includeInIndex = 0; path = SimpleIGStoryTests.xctest; sourceTree = BUILT_PRODUCTS_DIR; };
		BE69F50C281974E5001BA4EC /* StoriesViewModelTests.swift */ = {isa = PBXFileReference; lastKnownFileType = sourcecode.swift; path = StoriesViewModelTests.swift; sourceTree = "<group>"; };
		BE6B73C627D794AD003D2B24 /* StoryViewModel.swift */ = {isa = PBXFileReference; lastKnownFileType = sourcecode.swift; path = StoryViewModel.swift; sourceTree = "<group>"; };
		BE720F7B27BD111800E862A5 /* ProgressBar.swift */ = {isa = PBXFileReference; lastKnownFileType = sourcecode.swift; path = ProgressBar.swift; sourceTree = "<group>"; };
		BE72F93F27DF6F9300AA98A5 /* StoryCamPermissionView.swift */ = {isa = PBXFileReference; lastKnownFileType = sourcecode.swift; path = StoryCamPermissionView.swift; sourceTree = "<group>"; };
		BE77C89928895CF000E1FA0A /* PreviewData.swift */ = {isa = PBXFileReference; lastKnownFileType = sourcecode.swift; path = PreviewData.swift; sourceTree = "<group>"; };
		BE84C2C927C78E5400C42165 /* AnyTransition+Additions.swift */ = {isa = PBXFileReference; lastKnownFileType = sourcecode.swift; path = "AnyTransition+Additions.swift"; sourceTree = "<group>"; };
		BE8A758027BC106F00E9F745 /* HomeView.swift */ = {isa = PBXFileReference; lastKnownFileType = sourcecode.swift; path = HomeView.swift; sourceTree = "<group>"; };
		BE8AEF8F27DB9D5800D7EAA1 /* VerticalLabelStyle.swift */ = {isa = PBXFileReference; lastKnownFileType = sourcecode.swift; path = VerticalLabelStyle.swift; sourceTree = "<group>"; };
		BE8AEF9227DBDE8100D7EAA1 /* CubicTransitionModifier.swift */ = {isa = PBXFileReference; lastKnownFileType = sourcecode.swift; path = CubicTransitionModifier.swift; sourceTree = "<group>"; };
		BE8B973727DAAC6600A59292 /* FramePreferenceKey.swift */ = {isa = PBXFileReference; lastKnownFileType = sourcecode.swift; path = FramePreferenceKey.swift; sourceTree = "<group>"; };
		BE8C498C27C62B3C000541E0 /* StoryIconTitleView.swift */ = {isa = PBXFileReference; lastKnownFileType = sourcecode.swift; path = StoryIconTitleView.swift; sourceTree = "<group>"; };
		BE8C498E27C674FD000541E0 /* StoryContainer.swift */ = {isa = PBXFileReference; lastKnownFileType = sourcecode.swift; path = StoryContainer.swift; sourceTree = "<group>"; };
		BE8D954227C44C6F00D9D6DB /* storiesData.json */ = {isa = PBXFileReference; fileEncoding = 4; lastKnownFileType = text.json; path = storiesData.json; sourceTree = "<group>"; };
		BE8D954427C44CA200D9D6DB /* Story.swift */ = {isa = PBXFileReference; lastKnownFileType = sourcecode.swift; path = Story.swift; sourceTree = "<group>"; };
		BE8F580027D63EF300F9DB92 /* forestVideo.mp4 */ = {isa = PBXFileReference; lastKnownFileType = file; path = forestVideo.mp4; sourceTree = "<group>"; };
		BE8F580227D641AE00F9DB92 /* Portion.swift */ = {isa = PBXFileReference; lastKnownFileType = sourcecode.swift; path = Portion.swift; sourceTree = "<group>"; };
		BE8F580427D643BC00F9DB92 /* seaVideo.mp4 */ = {isa = PBXFileReference; lastKnownFileType = file; path = seaVideo.mp4; sourceTree = "<group>"; };
		BE8F580627D6668000F9DB92 /* AppDataService.swift */ = {isa = PBXFileReference; lastKnownFileType = sourcecode.swift; path = AppDataService.swift; sourceTree = "<group>"; };
		BE8F580927D668E900F9DB92 /* StoriesViewModel.swift */ = {isa = PBXFileReference; lastKnownFileType = sourcecode.swift; path = StoriesViewModel.swift; sourceTree = "<group>"; };
		BE90CE0327D00A0E001EA0CA /* StoryCamView.swift */ = {isa = PBXFileReference; lastKnownFileType = sourcecode.swift; path = StoryCamView.swift; sourceTree = "<group>"; };
		BE91AA5327BFD96700BB9846 /* StoryPortionView.swift */ = {isa = PBXFileReference; lastKnownFileType = sourcecode.swift; path = StoryPortionView.swift; sourceTree = "<group>"; };
		BE925CF327D8B06D005D8107 /* AVPlayer+Additions.swift */ = {isa = PBXFileReference; lastKnownFileType = sourcecode.swift; path = "AVPlayer+Additions.swift"; sourceTree = "<group>"; };
		BE9336C127D21811009E5370 /* AVPlayerControllerRepresentable.swift */ = {isa = PBXFileReference; lastKnownFileType = sourcecode.swift; path = AVPlayerControllerRepresentable.swift; sourceTree = "<group>"; };
		BE9336C327D22162009E5370 /* StoryPreview.swift */ = {isa = PBXFileReference; lastKnownFileType = sourcecode.swift; path = StoryPreview.swift; sourceTree = "<group>"; };
		BE9336C627D22628009E5370 /* Color+Additions.swift */ = {isa = PBXFileReference; lastKnownFileType = sourcecode.swift; path = "Color+Additions.swift"; sourceTree = "<group>"; };
		BE9336CB27D24CC1009E5370 /* LoadingView.swift */ = {isa = PBXFileReference; lastKnownFileType = sourcecode.swift; path = LoadingView.swift; sourceTree = "<group>"; };
		BE9336CD27D2690E009E5370 /* MediaSaver.swift */ = {isa = PBXFileReference; lastKnownFileType = sourcecode.swift; path = MediaSaver.swift; sourceTree = "<group>"; };
		BE93B8C027C8D96900B97C40 /* TraceableRectangle.swift */ = {isa = PBXFileReference; lastKnownFileType = sourcecode.swift; path = TraceableRectangle.swift; sourceTree = "<group>"; };
		BE9EF6C427E3673600942976 /* Configs.swift */ = {isa = PBXFileReference; lastKnownFileType = sourcecode.swift; path = Configs.swift; sourceTree = "<group>"; };
		BE9EF6C627E36F7D00942976 /* CGFloat+Additions.swift */ = {isa = PBXFileReference; lastKnownFileType = sourcecode.swift; path = "CGFloat+Additions.swift"; sourceTree = "<group>"; };
		BEA1D95727C3C74D00D0A67A /* Date+Additions.swift */ = {isa = PBXFileReference; lastKnownFileType = sourcecode.swift; path = "Date+Additions.swift"; sourceTree = "<group>"; };
		BEA1D95D27C3DA7100D0A67A /* User.swift */ = {isa = PBXFileReference; lastKnownFileType = sourcecode.swift; path = User.swift; sourceTree = "<group>"; };
		BEA7D9FE27C6DFFC00DA81E6 /* TraceableArc.swift */ = {isa = PBXFileReference; lastKnownFileType = sourcecode.swift; path = TraceableArc.swift; sourceTree = "<group>"; };
		BEA8E50E27D0CFD200640B19 /* VideoRecordButton.swift */ = {isa = PBXFileReference; lastKnownFileType = sourcecode.swift; path = VideoRecordButton.swift; sourceTree = "<group>"; };
		BEA901D327BC716E00E3362D /* ProgressBarPortion.swift */ = {isa = PBXFileReference; lastKnownFileType = sourcecode.swift; path = ProgressBarPortion.swift; sourceTree = "<group>"; };
		BEAED9E327D36F7D00A98F3A /* IdFramePreferenceKey.swift */ = {isa = PBXFileReference; lastKnownFileType = sourcecode.swift; path = IdFramePreferenceKey.swift; sourceTree = "<group>"; };
		BEAFE90D2817F81C004C4D43 /* Double+Additions.swift */ = {isa = PBXFileReference; lastKnownFileType = sourcecode.swift; path = "Double+Additions.swift"; sourceTree = "<group>"; };
		BEB8752827DA120300D60110 /* LocalFileManager.swift */ = {isa = PBXFileReference; lastKnownFileType = sourcecode.swift; path = LocalFileManager.swift; sourceTree = "<group>"; };
		BEBF322E2B74D5DD00DCD624 /* LocalStoriesLoaderTests.swift */ = {isa = PBXFileReference; lastKnownFileType = sourcecode.swift; path = LocalStoriesLoaderTests.swift; sourceTree = "<group>"; };
		BEBF32312B74D88A00DCD624 /* XCTestCase+MemoryLeakTracking.swift */ = {isa = PBXFileReference; lastKnownFileType = sourcecode.swift; path = "XCTestCase+MemoryLeakTracking.swift"; sourceTree = "<group>"; };
		BEBF32372B7512BF00DCD624 /* LocalStory.swift */ = {isa = PBXFileReference; lastKnownFileType = sourcecode.swift; path = LocalStory.swift; sourceTree = "<group>"; };
		BEBF32392B7512EF00DCD624 /* DataClient.swift */ = {isa = PBXFileReference; lastKnownFileType = sourcecode.swift; path = DataClient.swift; sourceTree = "<group>"; };
		BEBF323B2B75133700DCD624 /* LocalStoriesLoader.swift */ = {isa = PBXFileReference; lastKnownFileType = sourcecode.swift; path = LocalStoriesLoader.swift; sourceTree = "<group>"; };
		BEBF323D2B75149300DCD624 /* LocalStoriesMapper.swift */ = {isa = PBXFileReference; lastKnownFileType = sourcecode.swift; path = LocalStoriesMapper.swift; sourceTree = "<group>"; };
		BEC3B4C327DE585F00B44BDF /* StoryCamViewModel.swift */ = {isa = PBXFileReference; lastKnownFileType = sourcecode.swift; path = StoryCamViewModel.swift; sourceTree = "<group>"; };
		BED0F60C27BBF64B00D93F15 /* StoryIconsView.swift */ = {isa = PBXFileReference; lastKnownFileType = sourcecode.swift; path = StoryIconsView.swift; sourceTree = "<group>"; };
		BEEEBBEA2B75287100EC85C7 /* FileDataClientTests.swift */ = {isa = PBXFileReference; lastKnownFileType = sourcecode.swift; path = FileDataClientTests.swift; sourceTree = "<group>"; };
		BEEEBBEC2B752E4200EC85C7 /* empty.json */ = {isa = PBXFileReference; fileEncoding = 4; lastKnownFileType = text.json; path = empty.json; sourceTree = "<group>"; };
		BEEEBBEE2B7531FE00EC85C7 /* valid.json */ = {isa = PBXFileReference; fileEncoding = 4; lastKnownFileType = text.json; path = valid.json; sourceTree = "<group>"; };
		BEEEBBF02B75345400EC85C7 /* XCTestCase+AssertThrows.swift */ = {isa = PBXFileReference; lastKnownFileType = sourcecode.swift; path = "XCTestCase+AssertThrows.swift"; sourceTree = "<group>"; };
		BEEEBBF32B75357500EC85C7 /* FileDataClient.swift */ = {isa = PBXFileReference; lastKnownFileType = sourcecode.swift; path = FileDataClient.swift; sourceTree = "<group>"; };
/* End PBXFileReference section */

/* Begin PBXFrameworksBuildPhase section */
		BE090B5127B9562B00B6F906 /* Frameworks */ = {
			isa = PBXFrameworksBuildPhase;
			buildActionMask = 2147483647;
			files = (
			);
			runOnlyForDeploymentPostprocessing = 0;
		};
		BE69F500281973B3001BA4EC /* Frameworks */ = {
			isa = PBXFrameworksBuildPhase;
			buildActionMask = 2147483647;
			files = (
			);
			runOnlyForDeploymentPostprocessing = 0;
		};
/* End PBXFrameworksBuildPhase section */

/* Begin PBXGroup section */
		BE090B4B27B9562B00B6F906 = {
			isa = PBXGroup;
			children = (
				BE090B5627B9562B00B6F906 /* SimplifiedIgStories */,
				BE69F504281973B3001BA4EC /* SimpleIGStoryTests */,
				BE090B5527B9562B00B6F906 /* Products */,
			);
			sourceTree = "<group>";
		};
		BE090B5527B9562B00B6F906 /* Products */ = {
			isa = PBXGroup;
			children = (
				BE090B5427B9562B00B6F906 /* Simple IG Story.app */,
				BE69F503281973B3001BA4EC /* SimpleIGStoryTests.xctest */,
			);
			name = Products;
			sourceTree = "<group>";
		};
		BE090B5627B9562B00B6F906 /* SimplifiedIgStories */ = {
			isa = PBXGroup;
			children = (
				BE090B5727B9562B00B6F906 /* SimplifiedIgStoriesApp.swift */,
				BE9EF6C427E3673600942976 /* Configs.swift */,
				BE8F57FF27D60E7D00F9DB92 /* DataServices */,
				BE9336C827D24468009E5370 /* Managers */,
				BE8F580827D668C700F9DB92 /* ViewModels */,
				BE090B6527B9566D00B6F906 /* Views */,
				BEA1D95C27C3DA3000D0A67A /* Models */,
				BEA1D95627C3C71B00D0A67A /* Extensions */,
				BEA1D95927C3D9EB00D0A67A /* Resources */,
				BE090B5B27B9562D00B6F906 /* Assets.xcassets */,
				BE090B5D27B9562D00B6F906 /* Preview Content */,
			);
			path = SimplifiedIgStories;
			sourceTree = "<group>";
		};
		BE090B5D27B9562D00B6F906 /* Preview Content */ = {
			isa = PBXGroup;
			children = (
				BE090B5E27B9562D00B6F906 /* Preview Assets.xcassets */,
				BE77C89928895CF000E1FA0A /* PreviewData.swift */,
			);
			path = "Preview Content";
			sourceTree = "<group>";
		};
		BE090B6527B9566D00B6F906 /* Views */ = {
			isa = PBXGroup;
			children = (
				BE8F57FE27D60E2A00F9DB92 /* Helpers */,
				BE09DD57288C74F200F4278C /* Home */,
				BE47195027D6CFCC004500F2 /* Stories */,
				BE501444288D3F510043DF62 /* Story */,
				BE90CE0527D00BCD001EA0CA /* Camera */,
			);
			path = Views;
			sourceTree = "<group>";
		};
		BE09DD57288C74F200F4278C /* Home */ = {
			isa = PBXGroup;
			children = (
				BE8A758027BC106F00E9F745 /* HomeView.swift */,
			);
			path = Home;
			sourceTree = "<group>";
		};
		BE2D7790285F761F00DBD924 /* CamManager */ = {
			isa = PBXGroup;
			children = (
				BE463A2C285F05AE00599929 /* AVCamManager.swift */,
				BE2D7791285F765F00DBD924 /* CamSetupError.swift */,
				BE2D7793285F797400DBD924 /* CamStatus.swift */,
			);
			path = CamManager;
			sourceTree = "<group>";
		};
		BE47195027D6CFCC004500F2 /* Stories */ = {
			isa = PBXGroup;
			children = (
				BED0F60C27BBF64B00D93F15 /* StoryIconsView.swift */,
				BE8C498E27C674FD000541E0 /* StoryContainer.swift */,
				BE501446288D4C210043DF62 /* StoryIcon */,
			);
			path = Stories;
			sourceTree = "<group>";
		};
		BE482F032886C0960094E54C /* Helpers */ = {
			isa = PBXGroup;
			children = (
				BE5F521B2882F74C001CB2B1 /* MockCamManager.swift */,
			);
			path = Helpers;
			sourceTree = "<group>";
		};
		BE501444288D3F510043DF62 /* Story */ = {
			isa = PBXGroup;
			children = (
				BE2C557127BFFE9D0087EE7F /* StoryView.swift */,
				BE720F7A27BD10E800E862A5 /* ProgressBar */,
				BE91AA5327BFD96700BB9846 /* StoryPortionView.swift */,
			);
			path = Story;
			sourceTree = "<group>";
		};
		BE501446288D4C210043DF62 /* StoryIcon */ = {
			isa = PBXGroup;
			children = (
				BE8C498C27C62B3C000541E0 /* StoryIconTitleView.swift */,
				BE090B6627B9568700B6F906 /* StoryIcon.swift */,
			);
			path = StoryIcon;
			sourceTree = "<group>";
		};
		BE59BF58288803950050EB21 /* StoryCamViewModel */ = {
			isa = PBXGroup;
			children = (
				BE482F032886C0960094E54C /* Helpers */,
				BE5F521D28832923001CB2B1 /* StoryCamViewModelTests.swift */,
			);
			path = StoryCamViewModel;
			sourceTree = "<group>";
		};
		BE69F504281973B3001BA4EC /* SimpleIGStoryTests */ = {
			isa = PBXGroup;
			children = (
				BEBF32302B74D86600DCD624 /* Helpers */,
				BE69F50C281974E5001BA4EC /* StoriesViewModelTests.swift */,
				BE501449288DC7410043DF62 /* StoryViewModelTests.swift */,
				BE59BF58288803950050EB21 /* StoryCamViewModel */,
				BEEEBBF62B7540AC00EC85C7 /* DataServices */,
			);
			path = SimpleIGStoryTests;
			sourceTree = "<group>";
		};
		BE720F7A27BD10E800E862A5 /* ProgressBar */ = {
			isa = PBXGroup;
			children = (
				BEA901D327BC716E00E3362D /* ProgressBarPortion.swift */,
				BE720F7B27BD111800E862A5 /* ProgressBar.swift */,
			);
			path = ProgressBar;
			sourceTree = "<group>";
		};
		BE8AEF8E27DB9D3000D7EAA1 /* LabelStyles */ = {
			isa = PBXGroup;
			children = (
				BE8AEF8F27DB9D5800D7EAA1 /* VerticalLabelStyle.swift */,
			);
			path = LabelStyles;
			sourceTree = "<group>";
		};
		BE8AEF9127DBDE0E00D7EAA1 /* ViewModifiers */ = {
			isa = PBXGroup;
			children = (
				BE8AEF9227DBDE8100D7EAA1 /* CubicTransitionModifier.swift */,
			);
			path = ViewModifiers;
			sourceTree = "<group>";
		};
		BE8F57FE27D60E2A00F9DB92 /* Helpers */ = {
			isa = PBXGroup;
			children = (
				BE9336CB27D24CC1009E5370 /* LoadingView.swift */,
				BE9336C127D21811009E5370 /* AVPlayerControllerRepresentable.swift */,
				BE2C557327C0197B0087EE7F /* DetectableTapGesturePositionView.swift */,
				BE5CDC2C27DF4AAA00352A60 /* NoticeLabel.swift */,
				BE09DD58288C758000F4278C /* HomeUIActionHandler.swift */,
				BE8AEF9127DBDE0E00D7EAA1 /* ViewModifiers */,
				BE8AEF8E27DB9D3000D7EAA1 /* LabelStyles */,
				BEAED9E227D36F5A00A98F3A /* PreferenceKeys */,
				BEA7D9FD27C6DFE500DA81E6 /* Shapes */,
			);
			path = Helpers;
			sourceTree = "<group>";
		};
		BE8F57FF27D60E7D00F9DB92 /* DataServices */ = {
			isa = PBXGroup;
			children = (
				BE8F580627D6668000F9DB92 /* AppDataService.swift */,
				BEBF32392B7512EF00DCD624 /* DataClient.swift */,
				BEBF32372B7512BF00DCD624 /* LocalStory.swift */,
				BEBF323D2B75149300DCD624 /* LocalStoriesMapper.swift */,
				BEBF323B2B75133700DCD624 /* LocalStoriesLoader.swift */,
				BEEEBBF32B75357500EC85C7 /* FileDataClient.swift */,
			);
			path = DataServices;
			sourceTree = "<group>";
		};
		BE8F580827D668C700F9DB92 /* ViewModels */ = {
			isa = PBXGroup;
			children = (
				BE8F580927D668E900F9DB92 /* StoriesViewModel.swift */,
				BE6B73C627D794AD003D2B24 /* StoryViewModel.swift */,
				BEC3B4C327DE585F00B44BDF /* StoryCamViewModel.swift */,
			);
			path = ViewModels;
			sourceTree = "<group>";
		};
		BE90CE0527D00BCD001EA0CA /* Camera */ = {
			isa = PBXGroup;
			children = (
				BE72F93F27DF6F9300AA98A5 /* StoryCamPermissionView.swift */,
				BEA8E50E27D0CFD200640B19 /* VideoRecordButton.swift */,
				BE2D7795285FB1C600DBD924 /* AVCaptureVideoPreviewRepresentable.swift */,
				BE90CE0327D00A0E001EA0CA /* StoryCamView.swift */,
				BE9336C327D22162009E5370 /* StoryPreview.swift */,
			);
			path = Camera;
			sourceTree = "<group>";
		};
		BE9336C827D24468009E5370 /* Managers */ = {
			isa = PBXGroup;
			children = (
				BE9336CD27D2690E009E5370 /* MediaSaver.swift */,
				BEB8752827DA120300D60110 /* LocalFileManager.swift */,
				BE2D7790285F761F00DBD924 /* CamManager */,
			);
			path = Managers;
			sourceTree = "<group>";
		};
		BEA1D95627C3C71B00D0A67A /* Extensions */ = {
			isa = PBXGroup;
			children = (
				BEA1D95727C3C74D00D0A67A /* Date+Additions.swift */,
				BE9336C627D22628009E5370 /* Color+Additions.swift */,
				BE84C2C927C78E5400C42165 /* AnyTransition+Additions.swift */,
				BE925CF327D8B06D005D8107 /* AVPlayer+Additions.swift */,
				BE9EF6C627E36F7D00942976 /* CGFloat+Additions.swift */,
				BEAFE90D2817F81C004C4D43 /* Double+Additions.swift */,
			);
			path = Extensions;
			sourceTree = "<group>";
		};
		BEA1D95927C3D9EB00D0A67A /* Resources */ = {
			isa = PBXGroup;
			children = (
				BE8D954227C44C6F00D9D6DB /* storiesData.json */,
				BE8F580427D643BC00F9DB92 /* seaVideo.mp4 */,
				BE8F580027D63EF300F9DB92 /* forestVideo.mp4 */,
			);
			path = Resources;
			sourceTree = "<group>";
		};
		BEA1D95C27C3DA3000D0A67A /* Models */ = {
			isa = PBXGroup;
			children = (
				BEA1D95D27C3DA7100D0A67A /* User.swift */,
				BE8D954427C44CA200D9D6DB /* Story.swift */,
				BE8F580227D641AE00F9DB92 /* Portion.swift */,
			);
			path = Models;
			sourceTree = "<group>";
		};
		BEA7D9FD27C6DFE500DA81E6 /* Shapes */ = {
			isa = PBXGroup;
			children = (
				BEA7D9FE27C6DFFC00DA81E6 /* TraceableArc.swift */,
				BE93B8C027C8D96900B97C40 /* TraceableRectangle.swift */,
			);
			path = Shapes;
			sourceTree = "<group>";
		};
		BEAED9E227D36F5A00A98F3A /* PreferenceKeys */ = {
			isa = PBXGroup;
			children = (
				BEAED9E327D36F7D00A98F3A /* IdFramePreferenceKey.swift */,
				BE8B973727DAAC6600A59292 /* FramePreferenceKey.swift */,
			);
			path = PreferenceKeys;
			sourceTree = "<group>";
		};
		BEBF32302B74D86600DCD624 /* Helpers */ = {
			isa = PBXGroup;
			children = (
				BEBF32312B74D88A00DCD624 /* XCTestCase+MemoryLeakTracking.swift */,
				BEEEBBF02B75345400EC85C7 /* XCTestCase+AssertThrows.swift */,
			);
			path = Helpers;
			sourceTree = "<group>";
		};
		BEEEBBF22B7534E600EC85C7 /* json */ = {
			isa = PBXGroup;
			children = (
				BEEEBBEC2B752E4200EC85C7 /* empty.json */,
				BEEEBBEE2B7531FE00EC85C7 /* valid.json */,
			);
			path = json;
			sourceTree = "<group>";
		};
		BEEEBBF62B7540AC00EC85C7 /* DataServices */ = {
			isa = PBXGroup;
			children = (
				BEEEBBF22B7534E600EC85C7 /* json */,
				BEBF322E2B74D5DD00DCD624 /* LocalStoriesLoaderTests.swift */,
				BEEEBBEA2B75287100EC85C7 /* FileDataClientTests.swift */,
			);
			path = DataServices;
			sourceTree = "<group>";
		};
/* End PBXGroup section */

/* Begin PBXNativeTarget section */
		BE090B5327B9562B00B6F906 /* SimplifiedIgStories */ = {
			isa = PBXNativeTarget;
			buildConfigurationList = BE090B6227B9562D00B6F906 /* Build configuration list for PBXNativeTarget "SimplifiedIgStories" */;
			buildPhases = (
				BE090B5027B9562B00B6F906 /* Sources */,
				BE090B5127B9562B00B6F906 /* Frameworks */,
				BE090B5227B9562B00B6F906 /* Resources */,
			);
			buildRules = (
			);
			dependencies = (
			);
			name = SimplifiedIgStories;
			packageProductDependencies = (
			);
			productName = IgStoriesSwiftUI;
			productReference = BE090B5427B9562B00B6F906 /* Simple IG Story.app */;
			productType = "com.apple.product-type.application";
		};
		BE69F502281973B3001BA4EC /* SimpleIGStoryTests */ = {
			isa = PBXNativeTarget;
			buildConfigurationList = BE69F50B281973B3001BA4EC /* Build configuration list for PBXNativeTarget "SimpleIGStoryTests" */;
			buildPhases = (
				BE69F4FF281973B3001BA4EC /* Sources */,
				BE69F500281973B3001BA4EC /* Frameworks */,
				BE69F501281973B3001BA4EC /* Resources */,
			);
			buildRules = (
			);
			dependencies = (
				BE69F508281973B3001BA4EC /* PBXTargetDependency */,
			);
			name = SimpleIGStoryTests;
			productName = SimpleIGStoryTests;
			productReference = BE69F503281973B3001BA4EC /* SimpleIGStoryTests.xctest */;
			productType = "com.apple.product-type.bundle.unit-test";
		};
/* End PBXNativeTarget section */

/* Begin PBXProject section */
		BE090B4C27B9562B00B6F906 /* Project object */ = {
			isa = PBXProject;
			attributes = {
				BuildIndependentTargetsInParallel = 1;
				LastSwiftUpdateCheck = 1330;
				LastUpgradeCheck = 1520;
				TargetAttributes = {
					BE090B5327B9562B00B6F906 = {
						CreatedOnToolsVersion = 13.2.1;
					};
					BE69F502281973B3001BA4EC = {
						CreatedOnToolsVersion = 13.3.1;
						TestTargetID = BE090B5327B9562B00B6F906;
					};
				};
			};
			buildConfigurationList = BE090B4F27B9562B00B6F906 /* Build configuration list for PBXProject "SimplifiedIgStories" */;
			compatibilityVersion = "Xcode 13.0";
			developmentRegion = en;
			hasScannedForEncodings = 0;
			knownRegions = (
				en,
				Base,
			);
			mainGroup = BE090B4B27B9562B00B6F906;
			packageReferences = (
			);
			productRefGroup = BE090B5527B9562B00B6F906 /* Products */;
			projectDirPath = "";
			projectRoot = "";
			targets = (
				BE090B5327B9562B00B6F906 /* SimplifiedIgStories */,
				BE69F502281973B3001BA4EC /* SimpleIGStoryTests */,
			);
		};
/* End PBXProject section */

/* Begin PBXResourcesBuildPhase section */
		BE090B5227B9562B00B6F906 /* Resources */ = {
			isa = PBXResourcesBuildPhase;
			buildActionMask = 2147483647;
			files = (
				BE8F580527D643BC00F9DB92 /* seaVideo.mp4 in Resources */,
				BE8F580127D63F1A00F9DB92 /* forestVideo.mp4 in Resources */,
				BE090B5F27B9562D00B6F906 /* Preview Assets.xcassets in Resources */,
				BE090B5C27B9562D00B6F906 /* Assets.xcassets in Resources */,
				BE8D954327C44C6F00D9D6DB /* storiesData.json in Resources */,
			);
			runOnlyForDeploymentPostprocessing = 0;
		};
		BE69F501281973B3001BA4EC /* Resources */ = {
			isa = PBXResourcesBuildPhase;
			buildActionMask = 2147483647;
			files = (
				BEEEBBEF2B7531FE00EC85C7 /* valid.json in Resources */,
				BEEEBBED2B752E4200EC85C7 /* empty.json in Resources */,
			);
			runOnlyForDeploymentPostprocessing = 0;
		};
/* End PBXResourcesBuildPhase section */

/* Begin PBXSourcesBuildPhase section */
		BE090B5027B9562B00B6F906 /* Sources */ = {
			isa = PBXSourcesBuildPhase;
			buildActionMask = 2147483647;
			files = (
				BE9336CE27D2690E009E5370 /* MediaSaver.swift in Sources */,
				BEBF323C2B75133700DCD624 /* LocalStoriesLoader.swift in Sources */,
				BEA7D9FF27C6DFFC00DA81E6 /* TraceableArc.swift in Sources */,
				BE5CDC2D27DF4AAA00352A60 /* NoticeLabel.swift in Sources */,
				BE93B8C127C8D96900B97C40 /* TraceableRectangle.swift in Sources */,
				BE8F580A27D668E900F9DB92 /* StoriesViewModel.swift in Sources */,
				BE6B73C727D794AD003D2B24 /* StoryViewModel.swift in Sources */,
				BE8F580327D641AF00F9DB92 /* Portion.swift in Sources */,
				BE9EF6C727E36F7D00942976 /* CGFloat+Additions.swift in Sources */,
				BE9336C427D22162009E5370 /* StoryPreview.swift in Sources */,
				BE2D7794285F797400DBD924 /* CamStatus.swift in Sources */,
				BE8AEF9027DB9D5800D7EAA1 /* VerticalLabelStyle.swift in Sources */,
				BE8F580727D6668000F9DB92 /* AppDataService.swift in Sources */,
				BE90CE0427D00A0E001EA0CA /* StoryCamView.swift in Sources */,
				BE090B6727B9568700B6F906 /* StoryIcon.swift in Sources */,
				BE72F94027DF6F9300AA98A5 /* StoryCamPermissionView.swift in Sources */,
				BE090B5827B9562B00B6F906 /* SimplifiedIgStoriesApp.swift in Sources */,
				BE8B973827DAAC6600A59292 /* FramePreferenceKey.swift in Sources */,
				BEB8752927DA120300D60110 /* LocalFileManager.swift in Sources */,
				BE77C89A28895CF000E1FA0A /* PreviewData.swift in Sources */,
				BE8A758127BC107000E9F745 /* HomeView.swift in Sources */,
				BEEEBBF42B75357500EC85C7 /* FileDataClient.swift in Sources */,
				BEBF323A2B7512EF00DCD624 /* DataClient.swift in Sources */,
				BE9336C227D21811009E5370 /* AVPlayerControllerRepresentable.swift in Sources */,
				BE2D7792285F765F00DBD924 /* CamSetupError.swift in Sources */,
				BE8C498F27C674FD000541E0 /* StoryContainer.swift in Sources */,
				BE925CF427D8B06D005D8107 /* AVPlayer+Additions.swift in Sources */,
				BE91AA5427BFD96800BB9846 /* StoryPortionView.swift in Sources */,
				BE9336CC27D24CC1009E5370 /* LoadingView.swift in Sources */,
				BE463A2D285F05AE00599929 /* AVCamManager.swift in Sources */,
				BE2C557427C0197B0087EE7F /* DetectableTapGesturePositionView.swift in Sources */,
				BEAED9E427D36F7D00A98F3A /* IdFramePreferenceKey.swift in Sources */,
				BE8AEF9327DBDE8100D7EAA1 /* CubicTransitionModifier.swift in Sources */,
				BE09DD59288C758000F4278C /* HomeUIActionHandler.swift in Sources */,
				BEA901D427BC716E00E3362D /* ProgressBarPortion.swift in Sources */,
				BE84C2CA27C78E5400C42165 /* AnyTransition+Additions.swift in Sources */,
				BED0F60D27BBF64B00D93F15 /* StoryIconsView.swift in Sources */,
				BEC3B4C427DE585F00B44BDF /* StoryCamViewModel.swift in Sources */,
				BE8D954527C44CA200D9D6DB /* Story.swift in Sources */,
				BEBF323E2B75149300DCD624 /* LocalStoriesMapper.swift in Sources */,
				BE8C498D27C62B3C000541E0 /* StoryIconTitleView.swift in Sources */,
				BE2C557227BFFE9D0087EE7F /* StoryView.swift in Sources */,
				BEA93F9427D7511000964226 /* VideoRecordButton.swift in Sources */,
				BEBF32382B7512BF00DCD624 /* LocalStory.swift in Sources */,
				BE720F7C27BD111800E862A5 /* ProgressBar.swift in Sources */,
				BE9336C727D22628009E5370 /* Color+Additions.swift in Sources */,
				BE2D7796285FB1C600DBD924 /* AVCaptureVideoPreviewRepresentable.swift in Sources */,
				BE9EF6C527E3673600942976 /* Configs.swift in Sources */,
				BEAFE90E2817F81C004C4D43 /* Double+Additions.swift in Sources */,
				BEA1D95827C3C74D00D0A67A /* Date+Additions.swift in Sources */,
				BEA1D95E27C3DA7100D0A67A /* User.swift in Sources */,
			);
			runOnlyForDeploymentPostprocessing = 0;
		};
		BE69F4FF281973B3001BA4EC /* Sources */ = {
			isa = PBXSourcesBuildPhase;
			buildActionMask = 2147483647;
			files = (
				BEEEBBEB2B75287100EC85C7 /* FileDataClientTests.swift in Sources */,
				BE50144A288DC7410043DF62 /* StoryViewModelTests.swift in Sources */,
				BE482F042886C0C30094E54C /* MockCamManager.swift in Sources */,
				BEEEBBF12B75345400EC85C7 /* XCTestCase+AssertThrows.swift in Sources */,
				BE5F521E28832923001CB2B1 /* StoryCamViewModelTests.swift in Sources */,
				BE69F50D281974E5001BA4EC /* StoriesViewModelTests.swift in Sources */,
				BEBF322F2B74D5DD00DCD624 /* LocalStoriesLoaderTests.swift in Sources */,
				BEBF32322B74D88A00DCD624 /* XCTestCase+MemoryLeakTracking.swift in Sources */,
			);
			runOnlyForDeploymentPostprocessing = 0;
		};
/* End PBXSourcesBuildPhase section */

/* Begin PBXTargetDependency section */
		BE69F508281973B3001BA4EC /* PBXTargetDependency */ = {
			isa = PBXTargetDependency;
			target = BE090B5327B9562B00B6F906 /* SimplifiedIgStories */;
			targetProxy = BE69F507281973B3001BA4EC /* PBXContainerItemProxy */;
		};
/* End PBXTargetDependency section */

/* Begin XCBuildConfiguration section */
		BE090B6027B9562D00B6F906 /* Debug */ = {
			isa = XCBuildConfiguration;
			buildSettings = {
				ALWAYS_SEARCH_USER_PATHS = NO;
				CLANG_ANALYZER_NONNULL = YES;
				CLANG_ANALYZER_NUMBER_OBJECT_CONVERSION = YES_AGGRESSIVE;
				CLANG_CXX_LANGUAGE_STANDARD = "gnu++17";
				CLANG_CXX_LIBRARY = "libc++";
				CLANG_ENABLE_MODULES = YES;
				CLANG_ENABLE_OBJC_ARC = YES;
				CLANG_ENABLE_OBJC_WEAK = YES;
				CLANG_WARN_BLOCK_CAPTURE_AUTORELEASING = YES;
				CLANG_WARN_BOOL_CONVERSION = YES;
				CLANG_WARN_COMMA = YES;
				CLANG_WARN_CONSTANT_CONVERSION = YES;
				CLANG_WARN_DEPRECATED_OBJC_IMPLEMENTATIONS = YES;
				CLANG_WARN_DIRECT_OBJC_ISA_USAGE = YES_ERROR;
				CLANG_WARN_DOCUMENTATION_COMMENTS = YES;
				CLANG_WARN_EMPTY_BODY = YES;
				CLANG_WARN_ENUM_CONVERSION = YES;
				CLANG_WARN_INFINITE_RECURSION = YES;
				CLANG_WARN_INT_CONVERSION = YES;
				CLANG_WARN_NON_LITERAL_NULL_CONVERSION = YES;
				CLANG_WARN_OBJC_IMPLICIT_RETAIN_SELF = YES;
				CLANG_WARN_OBJC_LITERAL_CONVERSION = YES;
				CLANG_WARN_OBJC_ROOT_CLASS = YES_ERROR;
				CLANG_WARN_QUOTED_INCLUDE_IN_FRAMEWORK_HEADER = YES;
				CLANG_WARN_RANGE_LOOP_ANALYSIS = YES;
				CLANG_WARN_STRICT_PROTOTYPES = YES;
				CLANG_WARN_SUSPICIOUS_MOVE = YES;
				CLANG_WARN_UNGUARDED_AVAILABILITY = YES_AGGRESSIVE;
				CLANG_WARN_UNREACHABLE_CODE = YES;
				CLANG_WARN__DUPLICATE_METHOD_MATCH = YES;
				COPY_PHASE_STRIP = NO;
				DEBUG_INFORMATION_FORMAT = dwarf;
				ENABLE_STRICT_OBJC_MSGSEND = YES;
				ENABLE_TESTABILITY = YES;
				ENABLE_USER_SCRIPT_SANDBOXING = YES;
				GCC_C_LANGUAGE_STANDARD = gnu11;
				GCC_DYNAMIC_NO_PIC = NO;
				GCC_NO_COMMON_BLOCKS = YES;
				GCC_OPTIMIZATION_LEVEL = 0;
				GCC_PREPROCESSOR_DEFINITIONS = (
					"DEBUG=1",
					"$(inherited)",
				);
				GCC_WARN_64_TO_32_BIT_CONVERSION = YES;
				GCC_WARN_ABOUT_RETURN_TYPE = YES_ERROR;
				GCC_WARN_UNDECLARED_SELECTOR = YES;
				GCC_WARN_UNINITIALIZED_AUTOS = YES_AGGRESSIVE;
				GCC_WARN_UNUSED_FUNCTION = YES;
				GCC_WARN_UNUSED_VARIABLE = YES;
				IPHONEOS_DEPLOYMENT_TARGET = 15.0;
				MTL_ENABLE_DEBUG_INFO = INCLUDE_SOURCE;
				MTL_FAST_MATH = YES;
				ONLY_ACTIVE_ARCH = YES;
				SDKROOT = iphoneos;
				SWIFT_ACTIVE_COMPILATION_CONDITIONS = DEBUG;
				SWIFT_OPTIMIZATION_LEVEL = "-Onone";
			};
			name = Debug;
		};
		BE090B6127B9562D00B6F906 /* Release */ = {
			isa = XCBuildConfiguration;
			buildSettings = {
				ALWAYS_SEARCH_USER_PATHS = NO;
				CLANG_ANALYZER_NONNULL = YES;
				CLANG_ANALYZER_NUMBER_OBJECT_CONVERSION = YES_AGGRESSIVE;
				CLANG_CXX_LANGUAGE_STANDARD = "gnu++17";
				CLANG_CXX_LIBRARY = "libc++";
				CLANG_ENABLE_MODULES = YES;
				CLANG_ENABLE_OBJC_ARC = YES;
				CLANG_ENABLE_OBJC_WEAK = YES;
				CLANG_WARN_BLOCK_CAPTURE_AUTORELEASING = YES;
				CLANG_WARN_BOOL_CONVERSION = YES;
				CLANG_WARN_COMMA = YES;
				CLANG_WARN_CONSTANT_CONVERSION = YES;
				CLANG_WARN_DEPRECATED_OBJC_IMPLEMENTATIONS = YES;
				CLANG_WARN_DIRECT_OBJC_ISA_USAGE = YES_ERROR;
				CLANG_WARN_DOCUMENTATION_COMMENTS = YES;
				CLANG_WARN_EMPTY_BODY = YES;
				CLANG_WARN_ENUM_CONVERSION = YES;
				CLANG_WARN_INFINITE_RECURSION = YES;
				CLANG_WARN_INT_CONVERSION = YES;
				CLANG_WARN_NON_LITERAL_NULL_CONVERSION = YES;
				CLANG_WARN_OBJC_IMPLICIT_RETAIN_SELF = YES;
				CLANG_WARN_OBJC_LITERAL_CONVERSION = YES;
				CLANG_WARN_OBJC_ROOT_CLASS = YES_ERROR;
				CLANG_WARN_QUOTED_INCLUDE_IN_FRAMEWORK_HEADER = YES;
				CLANG_WARN_RANGE_LOOP_ANALYSIS = YES;
				CLANG_WARN_STRICT_PROTOTYPES = YES;
				CLANG_WARN_SUSPICIOUS_MOVE = YES;
				CLANG_WARN_UNGUARDED_AVAILABILITY = YES_AGGRESSIVE;
				CLANG_WARN_UNREACHABLE_CODE = YES;
				CLANG_WARN__DUPLICATE_METHOD_MATCH = YES;
				COPY_PHASE_STRIP = NO;
				DEBUG_INFORMATION_FORMAT = "dwarf-with-dsym";
				ENABLE_NS_ASSERTIONS = NO;
				ENABLE_STRICT_OBJC_MSGSEND = YES;
				ENABLE_USER_SCRIPT_SANDBOXING = YES;
				GCC_C_LANGUAGE_STANDARD = gnu11;
				GCC_NO_COMMON_BLOCKS = YES;
				GCC_WARN_64_TO_32_BIT_CONVERSION = YES;
				GCC_WARN_ABOUT_RETURN_TYPE = YES_ERROR;
				GCC_WARN_UNDECLARED_SELECTOR = YES;
				GCC_WARN_UNINITIALIZED_AUTOS = YES_AGGRESSIVE;
				GCC_WARN_UNUSED_FUNCTION = YES;
				GCC_WARN_UNUSED_VARIABLE = YES;
				IPHONEOS_DEPLOYMENT_TARGET = 15.0;
				MTL_ENABLE_DEBUG_INFO = NO;
				MTL_FAST_MATH = YES;
				SDKROOT = iphoneos;
				SWIFT_COMPILATION_MODE = wholemodule;
				SWIFT_OPTIMIZATION_LEVEL = "-O";
				VALIDATE_PRODUCT = YES;
			};
			name = Release;
		};
		BE090B6327B9562D00B6F906 /* Debug */ = {
			isa = XCBuildConfiguration;
			buildSettings = {
				ASSETCATALOG_COMPILER_APPICON_NAME = AppIcon;
				ASSETCATALOG_COMPILER_GLOBAL_ACCENT_COLOR_NAME = AccentColor;
				CODE_SIGN_IDENTITY = "Apple Development";
				CODE_SIGN_STYLE = Automatic;
				CURRENT_PROJECT_VERSION = 1;
				DEVELOPMENT_ASSET_PATHS = "\"SimplifiedIgStories/Preview Content\"";
				DEVELOPMENT_TEAM = DV4M5VPD3C;
				ENABLE_PREVIEWS = YES;
				GENERATE_INFOPLIST_FILE = YES;
				INFOPLIST_KEY_NSCameraUsageDescription = "To Take Photos and Video";
				INFOPLIST_KEY_NSMicrophoneUsageDescription = "To Record Audio With Video";
				INFOPLIST_KEY_NSPhotoLibraryAddUsageDescription = "To Save Photos And Video";
				INFOPLIST_KEY_UIApplicationSceneManifest_Generation = YES;
				INFOPLIST_KEY_UIApplicationSupportsIndirectInputEvents = YES;
				INFOPLIST_KEY_UILaunchScreen_Generation = YES;
				INFOPLIST_KEY_UISupportedInterfaceOrientations = UIInterfaceOrientationPortrait;
				INFOPLIST_KEY_UISupportedInterfaceOrientations_iPad = UIInterfaceOrientationPortrait;
				INFOPLIST_KEY_UISupportedInterfaceOrientations_iPhone = UIInterfaceOrientationPortrait;
				IPHONEOS_DEPLOYMENT_TARGET = 15.0;
				LD_RUNPATH_SEARCH_PATHS = (
					"$(inherited)",
					"@executable_path/Frameworks",
				);
				MARKETING_VERSION = 1.4;
				PRODUCT_BUNDLE_IDENTIFIER = com.tszlung.SimplifiedIgStories;
				PRODUCT_NAME = "Simple IG Story";
				PROVISIONING_PROFILE_SPECIFIER = "";
				SWIFT_EMIT_LOC_STRINGS = YES;
				SWIFT_VERSION = 5.0;
				TARGETED_DEVICE_FAMILY = 1;
			};
			name = Debug;
		};
		BE090B6427B9562D00B6F906 /* Release */ = {
			isa = XCBuildConfiguration;
			buildSettings = {
				ASSETCATALOG_COMPILER_APPICON_NAME = AppIcon;
				ASSETCATALOG_COMPILER_GLOBAL_ACCENT_COLOR_NAME = AccentColor;
				CODE_SIGN_IDENTITY = "Apple Development";
				CODE_SIGN_STYLE = Automatic;
				CURRENT_PROJECT_VERSION = 1;
				DEVELOPMENT_ASSET_PATHS = "\"SimplifiedIgStories/Preview Content\"";
				DEVELOPMENT_TEAM = DV4M5VPD3C;
				ENABLE_PREVIEWS = YES;
				GENERATE_INFOPLIST_FILE = YES;
				INFOPLIST_KEY_NSCameraUsageDescription = "To Take Photos and Video";
				INFOPLIST_KEY_NSMicrophoneUsageDescription = "To Record Audio With Video";
				INFOPLIST_KEY_NSPhotoLibraryAddUsageDescription = "To Save Photos And Video";
				INFOPLIST_KEY_UIApplicationSceneManifest_Generation = YES;
				INFOPLIST_KEY_UIApplicationSupportsIndirectInputEvents = YES;
				INFOPLIST_KEY_UILaunchScreen_Generation = YES;
				INFOPLIST_KEY_UISupportedInterfaceOrientations = UIInterfaceOrientationPortrait;
				INFOPLIST_KEY_UISupportedInterfaceOrientations_iPad = UIInterfaceOrientationPortrait;
				INFOPLIST_KEY_UISupportedInterfaceOrientations_iPhone = UIInterfaceOrientationPortrait;
				IPHONEOS_DEPLOYMENT_TARGET = 15.0;
				LD_RUNPATH_SEARCH_PATHS = (
					"$(inherited)",
					"@executable_path/Frameworks",
				);
				MARKETING_VERSION = 1.4;
				PRODUCT_BUNDLE_IDENTIFIER = com.tszlung.SimplifiedIgStories;
				PRODUCT_NAME = "Simple IG Story";
				PROVISIONING_PROFILE_SPECIFIER = "";
				SWIFT_EMIT_LOC_STRINGS = YES;
				SWIFT_VERSION = 5.0;
				TARGETED_DEVICE_FAMILY = 1;
			};
			name = Release;
		};
		BE69F509281973B3001BA4EC /* Debug */ = {
			isa = XCBuildConfiguration;
			buildSettings = {
				BUNDLE_LOADER = "$(TEST_HOST)";
				CODE_SIGN_STYLE = Automatic;
				CURRENT_PROJECT_VERSION = 1;
				DEVELOPMENT_TEAM = DV4M5VPD3C;
				GENERATE_INFOPLIST_FILE = YES;
				IPHONEOS_DEPLOYMENT_TARGET = 15.4;
				MARKETING_VERSION = 1.0;
				PRODUCT_BUNDLE_IDENTIFIER = com.tszlung.SimpleIGStoryTests;
				PRODUCT_NAME = "$(TARGET_NAME)";
				SWIFT_EMIT_LOC_STRINGS = NO;
				SWIFT_VERSION = 5.0;
				TARGETED_DEVICE_FAMILY = "1,2";
				TEST_HOST = "$(BUILT_PRODUCTS_DIR)/Simple IG Story.app/Simple IG Story";
			};
			name = Debug;
		};
		BE69F50A281973B3001BA4EC /* Release */ = {
			isa = XCBuildConfiguration;
			buildSettings = {
				BUNDLE_LOADER = "$(TEST_HOST)";
				CODE_SIGN_STYLE = Automatic;
				CURRENT_PROJECT_VERSION = 1;
				DEVELOPMENT_TEAM = DV4M5VPD3C;
				GENERATE_INFOPLIST_FILE = YES;
				IPHONEOS_DEPLOYMENT_TARGET = 15.4;
				MARKETING_VERSION = 1.0;
				PRODUCT_BUNDLE_IDENTIFIER = com.tszlung.SimpleIGStoryTests;
				PRODUCT_NAME = "$(TARGET_NAME)";
				SWIFT_EMIT_LOC_STRINGS = NO;
				SWIFT_VERSION = 5.0;
				TARGETED_DEVICE_FAMILY = "1,2";
				TEST_HOST = "$(BUILT_PRODUCTS_DIR)/Simple IG Story.app/Simple IG Story";
			};
			name = Release;
		};
/* End XCBuildConfiguration section */

/* Begin XCConfigurationList section */
		BE090B4F27B9562B00B6F906 /* Build configuration list for PBXProject "SimplifiedIgStories" */ = {
			isa = XCConfigurationList;
			buildConfigurations = (
				BE090B6027B9562D00B6F906 /* Debug */,
				BE090B6127B9562D00B6F906 /* Release */,
			);
			defaultConfigurationIsVisible = 0;
			defaultConfigurationName = Release;
		};
		BE090B6227B9562D00B6F906 /* Build configuration list for PBXNativeTarget "SimplifiedIgStories" */ = {
			isa = XCConfigurationList;
			buildConfigurations = (
				BE090B6327B9562D00B6F906 /* Debug */,
				BE090B6427B9562D00B6F906 /* Release */,
			);
			defaultConfigurationIsVisible = 0;
			defaultConfigurationName = Release;
		};
		BE69F50B281973B3001BA4EC /* Build configuration list for PBXNativeTarget "SimpleIGStoryTests" */ = {
			isa = XCConfigurationList;
			buildConfigurations = (
				BE69F509281973B3001BA4EC /* Debug */,
				BE69F50A281973B3001BA4EC /* Release */,
			);
			defaultConfigurationIsVisible = 0;
			defaultConfigurationName = Release;
		};
/* End XCConfigurationList section */
	};
	rootObject = BE090B4C27B9562B00B6F906 /* Project object */;
}
