// !$*UTF8*$!
{
	archiveVersion = 1;
	classes = {
	};
	objectVersion = 55;
	objects = {

/* Begin PBXBuildFile section */
		BE090B5827B9562B00B6F906 /* SimplifiedIgStoriesApp.swift in Sources */ = {isa = PBXBuildFile; fileRef = BE090B5727B9562B00B6F906 /* SimplifiedIgStoriesApp.swift */; };
		BE090B5C27B9562D00B6F906 /* Assets.xcassets in Resources */ = {isa = PBXBuildFile; fileRef = BE090B5B27B9562D00B6F906 /* Assets.xcassets */; };
		BE090B5F27B9562D00B6F906 /* Preview Assets.xcassets in Resources */ = {isa = PBXBuildFile; fileRef = BE090B5E27B9562D00B6F906 /* Preview Assets.xcassets */; };
		BE090B6727B9568700B6F906 /* StoryIcon.swift in Sources */ = {isa = PBXBuildFile; fileRef = BE090B6627B9568700B6F906 /* StoryIcon.swift */; };
		BE09DD59288C758000F4278C /* HomeUIActionHandler.swift in Sources */ = {isa = PBXBuildFile; fileRef = BE09DD58288C758000F4278C /* HomeUIActionHandler.swift */; };
		BE0BD7392C3685CE00B35B19 /* DispatchQueue+ImmediateDispatchOnMainQueue.swift in Sources */ = {isa = PBXBuildFile; fileRef = BE0EA2FA2C35578F006381A6 /* DispatchQueue+ImmediateDispatchOnMainQueue.swift */; };
		BE0BD73B2C369AE400B35B19 /* StoryPreviewViewModelTests.swift in Sources */ = {isa = PBXBuildFile; fileRef = BE0BD73A2C369AE400B35B19 /* StoryPreviewViewModelTests.swift */; };
		BE0BD73D2C369B4C00B35B19 /* MediaSaverSpy.swift in Sources */ = {isa = PBXBuildFile; fileRef = BE0BD73C2C369B4C00B35B19 /* MediaSaverSpy.swift */; };
		BE0EA2F92C354C2A006381A6 /* StoryCameraViewModelTests.swift in Sources */ = {isa = PBXBuildFile; fileRef = BE0EA2F82C354C2A006381A6 /* StoryCameraViewModelTests.swift */; };
		BE0EA2FD2C3561EC006381A6 /* AuthorizationTrackerSpy.swift in Sources */ = {isa = PBXBuildFile; fileRef = BE0EA2FC2C3561EC006381A6 /* AuthorizationTrackerSpy.swift */; };
		BE0EA2FF2C356C8A006381A6 /* CameraSpy.swift in Sources */ = {isa = PBXBuildFile; fileRef = BE0EA2FE2C356C8A006381A6 /* CameraSpy.swift */; };
		BE0EA3022C357DBD006381A6 /* DefaultCamera.swift in Sources */ = {isa = PBXBuildFile; fileRef = BE0EA3012C357DBD006381A6 /* DefaultCamera.swift */; };
		BE0EA3042C357EE0006381A6 /* StoriesLoader.swift in Sources */ = {isa = PBXBuildFile; fileRef = BE0EA3032C357EE0006381A6 /* StoriesLoader.swift */; };
		BE0EA3062C357F1F006381A6 /* FileManageable.swift in Sources */ = {isa = PBXBuildFile; fileRef = BE0EA3052C357F1F006381A6 /* FileManageable.swift */; };
		BE0EA3082C357F6D006381A6 /* MediaSaver.swift in Sources */ = {isa = PBXBuildFile; fileRef = BE0EA3072C357F6D006381A6 /* MediaSaver.swift */; };
		BE0EA30B2C358C88006381A6 /* StoryPreviewViewModel.swift in Sources */ = {isa = PBXBuildFile; fileRef = BE0EA30A2C358C88006381A6 /* StoryPreviewViewModel.swift */; };
		BE287A2A2B7A47FB00119674 /* CameraAuthorizationHandler.swift in Sources */ = {isa = PBXBuildFile; fileRef = BE287A292B7A47FB00119674 /* CameraAuthorizationHandler.swift */; };
		BE2C557227BFFE9D0087EE7F /* StoryView.swift in Sources */ = {isa = PBXBuildFile; fileRef = BE2C557127BFFE9D0087EE7F /* StoryView.swift */; };
		BE2C557427C0197B0087EE7F /* DetectableTapGesturePositionView.swift in Sources */ = {isa = PBXBuildFile; fileRef = BE2C557327C0197B0087EE7F /* DetectableTapGesturePositionView.swift */; };
		BE2D7792285F765F00DBD924 /* CameraSetupError.swift in Sources */ = {isa = PBXBuildFile; fileRef = BE2D7791285F765F00DBD924 /* CameraSetupError.swift */; };
		BE2D7796285FB1C600DBD924 /* AVCaptureVideoPreviewRepresentable.swift in Sources */ = {isa = PBXBuildFile; fileRef = BE2D7795285FB1C600DBD924 /* AVCaptureVideoPreviewRepresentable.swift */; };
		BE35051B2B7ABB4800348B4B /* PhotoTaker.swift in Sources */ = {isa = PBXBuildFile; fileRef = BE35051A2B7ABB4800348B4B /* PhotoTaker.swift */; };
		BE36D6E82BAB375A009240EE /* ComponentCache.swift in Sources */ = {isa = PBXBuildFile; fileRef = BE36D6E72BAB375A009240EE /* ComponentCache.swift */; };
		BE36D6EA2BAB3785009240EE /* AppComponentsFactory.swift in Sources */ = {isa = PBXBuildFile; fileRef = BE36D6E92BAB3785009240EE /* AppComponentsFactory.swift */; };
		BE36D6EC2BAB4A54009240EE /* StoriesAnimationHandler.swift in Sources */ = {isa = PBXBuildFile; fileRef = BE36D6EB2BAB4A54009240EE /* StoriesAnimationHandler.swift */; };
		BE38F7AD2B83649300F42C71 /* AVPhotoTakerTests.swift in Sources */ = {isa = PBXBuildFile; fileRef = BE38F7AC2B83649300F42C71 /* AVPhotoTakerTests.swift */; };
		BE38F7B02B83672400F42C71 /* StatusSpy.swift in Sources */ = {isa = PBXBuildFile; fileRef = BE38F7AF2B83672400F42C71 /* StatusSpy.swift */; };
		BE38F7B22B837CC400F42C71 /* CaptureSessionSpy.swift in Sources */ = {isa = PBXBuildFile; fileRef = BE38F7B12B837CC400F42C71 /* CaptureSessionSpy.swift */; };
		BE3C5B072B88E99B00687337 /* PHPPhotoMediaStoreTests.swift in Sources */ = {isa = PBXBuildFile; fileRef = BE3C5B062B88E99B00687337 /* PHPPhotoMediaStoreTests.swift */; };
		BE42A3382B7B8053004BC257 /* VideoRecorder.swift in Sources */ = {isa = PBXBuildFile; fileRef = BE42A3372B7B8053004BC257 /* VideoRecorder.swift */; };
		BE42A33A2B7B9A80004BC257 /* CameraAuxiliary.swift in Sources */ = {isa = PBXBuildFile; fileRef = BE42A3392B7B9A80004BC257 /* CameraAuxiliary.swift */; };
		BE463A2D285F05AE00599929 /* CameraCore.swift in Sources */ = {isa = PBXBuildFile; fileRef = BE463A2C285F05AE00599929 /* CameraCore.swift */; };
		BE5CDC2D27DF4AAA00352A60 /* NoticeLabel.swift in Sources */ = {isa = PBXBuildFile; fileRef = BE5CDC2C27DF4AAA00352A60 /* NoticeLabel.swift */; };
		BE5F4FA82BA49BD700138F87 /* DummyFileManager.swift in Sources */ = {isa = PBXBuildFile; fileRef = BE5F4FA72BA49BD700138F87 /* DummyFileManager.swift */; };
		BE5F4FAA2BA49DBA00138F87 /* PreviewStoriesViewModel.swift in Sources */ = {isa = PBXBuildFile; fileRef = BE5F4FA92BA49DBA00138F87 /* PreviewStoriesViewModel.swift */; };
		BE692D142BA9AA3200CE8C32 /* PreviewStoryView.swift in Sources */ = {isa = PBXBuildFile; fileRef = BE692D132BA9AA3200CE8C32 /* PreviewStoryView.swift */; };
		BE692D162BA9AB3D00CE8C32 /* DummyMediaSaver.swift in Sources */ = {isa = PBXBuildFile; fileRef = BE692D152BA9AB3D00CE8C32 /* DummyMediaSaver.swift */; };
		BE69F50D281974E5001BA4EC /* StoriesViewModelTests.swift in Sources */ = {isa = PBXBuildFile; fileRef = BE69F50C281974E5001BA4EC /* StoriesViewModelTests.swift */; };
		BE6B73C727D794AD003D2B24 /* StoryPortionViewModel.swift in Sources */ = {isa = PBXBuildFile; fileRef = BE6B73C627D794AD003D2B24 /* StoryPortionViewModel.swift */; };
		BE6E4FF92C30011500AB23D0 /* DataClientStub.swift in Sources */ = {isa = PBXBuildFile; fileRef = BE6E4FF82C30011500AB23D0 /* DataClientStub.swift */; };
		BE6E4FFB2C3035F300AB23D0 /* CameraPosition.swift in Sources */ = {isa = PBXBuildFile; fileRef = BE6E4FFA2C3035F300AB23D0 /* CameraPosition.swift */; };
		BE6E4FFD2C303BF800AB23D0 /* CaptureDevicesSpy.swift in Sources */ = {isa = PBXBuildFile; fileRef = BE6E4FFC2C303BF800AB23D0 /* CaptureDevicesSpy.swift */; };
		BE7079492B86744A00365260 /* CaptureMovieFileOutputSpy.swift in Sources */ = {isa = PBXBuildFile; fileRef = BE7079482B86744A00365260 /* CaptureMovieFileOutputSpy.swift */; };
		BE720F7C27BD111800E862A5 /* ProgressBar.swift in Sources */ = {isa = PBXBuildFile; fileRef = BE720F7B27BD111800E862A5 /* ProgressBar.swift */; };
		BE72F94027DF6F9300AA98A5 /* StoryCameraPermissionView.swift in Sources */ = {isa = PBXBuildFile; fileRef = BE72F93F27DF6F9300AA98A5 /* StoryCameraPermissionView.swift */; };
		BE77C89A28895CF000E1FA0A /* PreviewData.swift in Sources */ = {isa = PBXBuildFile; fileRef = BE77C89928895CF000E1FA0A /* PreviewData.swift */; };
		BE7BA1192C32BB0B005DB88C /* Camera.swift in Sources */ = {isa = PBXBuildFile; fileRef = BE7BA1182C32BB0B005DB88C /* Camera.swift */; };
		BE7BA11B2C3312A1005DB88C /* DummyCamera.swift in Sources */ = {isa = PBXBuildFile; fileRef = BE7BA11A2C3312A1005DB88C /* DummyCamera.swift */; };
		BE7BA4342BADE5C60061595B /* StoriesAnimationHandlerTests.swift in Sources */ = {isa = PBXBuildFile; fileRef = BE7BA4332BADE5C60061595B /* StoriesAnimationHandlerTests.swift */; };
		BE7BA4372BADE7700061595B /* ViewModelTestHelpers.swift in Sources */ = {isa = PBXBuildFile; fileRef = BE7BA4362BADE7700061595B /* ViewModelTestHelpers.swift */; };
		BE80D1992B83B61E007360D1 /* CommonHelpers.swift in Sources */ = {isa = PBXBuildFile; fileRef = BE80D1982B83B61E007360D1 /* CommonHelpers.swift */; };
		BE8305062B875BF2002A72C4 /* AVCameraAuxiliaryTests.swift in Sources */ = {isa = PBXBuildFile; fileRef = BE8305052B875BF2002A72C4 /* AVCameraAuxiliaryTests.swift */; };
		BE8305082B87790E002A72C4 /* CaptureDeviceSpy.swift in Sources */ = {isa = PBXBuildFile; fileRef = BE8305072B87790E002A72C4 /* CaptureDeviceSpy.swift */; };
		BE83D11D2B84D54C004A1FB4 /* MethodSwizzlingStub.swift in Sources */ = {isa = PBXBuildFile; fileRef = BE83D11C2B84D54C004A1FB4 /* MethodSwizzlingStub.swift */; };
		BE83D11F2B84D75F004A1FB4 /* CameraFlashMode+TestHelpers.swift in Sources */ = {isa = PBXBuildFile; fileRef = BE83D11E2B84D75F004A1FB4 /* CameraFlashMode+TestHelpers.swift */; };
		BE83D1212B84D88B004A1FB4 /* CapturePhotoStub.swift in Sources */ = {isa = PBXBuildFile; fileRef = BE83D1202B84D88B004A1FB4 /* CapturePhotoStub.swift */; };
		BE83D1232B84D8F5004A1FB4 /* CapturePhotoOutputSpy.swift in Sources */ = {isa = PBXBuildFile; fileRef = BE83D1222B84D8F5004A1FB4 /* CapturePhotoOutputSpy.swift */; };
		BE83D1252B84E3E6004A1FB4 /* CameraPosition+TestHelpers.swift in Sources */ = {isa = PBXBuildFile; fileRef = BE83D1242B84E3E6004A1FB4 /* CameraPosition+TestHelpers.swift */; };
		BE83D1272B850BB5004A1FB4 /* AVVideoRecorderTests.swift in Sources */ = {isa = PBXBuildFile; fileRef = BE83D1262B850BB5004A1FB4 /* AVVideoRecorderTests.swift */; };
		BE84C2CA27C78E5400C42165 /* AnyTransition+Additions.swift in Sources */ = {isa = PBXBuildFile; fileRef = BE84C2C927C78E5400C42165 /* AnyTransition+Additions.swift */; };
		BE84F7962B7CE9C500FAD11B /* AVCameraCoreTests.swift in Sources */ = {isa = PBXBuildFile; fileRef = BE84F7952B7CE9C500FAD11B /* AVCameraCoreTests.swift */; };
		BE8A758127BC107000E9F745 /* HomeView.swift in Sources */ = {isa = PBXBuildFile; fileRef = BE8A758027BC106F00E9F745 /* HomeView.swift */; };
		BE8AEF9027DB9D5800D7EAA1 /* VerticalLabelStyle.swift in Sources */ = {isa = PBXBuildFile; fileRef = BE8AEF8F27DB9D5800D7EAA1 /* VerticalLabelStyle.swift */; };
		BE8AEF9327DBDE8100D7EAA1 /* CubicTransitionModifier.swift in Sources */ = {isa = PBXBuildFile; fileRef = BE8AEF9227DBDE8100D7EAA1 /* CubicTransitionModifier.swift */; };
		BE8B71A72B764E410055C354 /* LocalMediaSaverTests.swift in Sources */ = {isa = PBXBuildFile; fileRef = BE8B71A62B764E410055C354 /* LocalMediaSaverTests.swift */; };
		BE8B71AB2B76516D0055C354 /* UIImage+Helpers.swift in Sources */ = {isa = PBXBuildFile; fileRef = BE8B71AA2B76516D0055C354 /* UIImage+Helpers.swift */; };
		BE8B71B22B765ED80055C354 /* MediaStore.swift in Sources */ = {isa = PBXBuildFile; fileRef = BE8B71B12B765ED80055C354 /* MediaStore.swift */; };
		BE8B71B42B765F220055C354 /* LocalMediaSaver.swift in Sources */ = {isa = PBXBuildFile; fileRef = BE8B71B32B765F220055C354 /* LocalMediaSaver.swift */; };
		BE8B71B62B765F9F0055C354 /* PHPPhotoMediaStore.swift in Sources */ = {isa = PBXBuildFile; fileRef = BE8B71B52B765F9F0055C354 /* PHPPhotoMediaStore.swift */; };
		BE8B973827DAAC6600A59292 /* FramePreferenceKey.swift in Sources */ = {isa = PBXBuildFile; fileRef = BE8B973727DAAC6600A59292 /* FramePreferenceKey.swift */; };
		BE8C498D27C62B3C000541E0 /* StoryIconTitleView.swift in Sources */ = {isa = PBXBuildFile; fileRef = BE8C498C27C62B3C000541E0 /* StoryIconTitleView.swift */; };
		BE8C498F27C674FD000541E0 /* StoryContainer.swift in Sources */ = {isa = PBXBuildFile; fileRef = BE8C498E27C674FD000541E0 /* StoryContainer.swift */; };
		BE8D954327C44C6F00D9D6DB /* storiesData.json in Resources */ = {isa = PBXBuildFile; fileRef = BE8D954227C44C6F00D9D6DB /* storiesData.json */; };
		BE8D954527C44CA200D9D6DB /* StoryDTO.swift in Sources */ = {isa = PBXBuildFile; fileRef = BE8D954427C44CA200D9D6DB /* StoryDTO.swift */; };
		BE8F580127D63F1A00F9DB92 /* forestVideo.mp4 in Resources */ = {isa = PBXBuildFile; fileRef = BE8F580027D63EF300F9DB92 /* forestVideo.mp4 */; };
		BE8F580327D641AF00F9DB92 /* PortionDTO.swift in Sources */ = {isa = PBXBuildFile; fileRef = BE8F580227D641AE00F9DB92 /* PortionDTO.swift */; };
		BE8F580527D643BC00F9DB92 /* seaVideo.mp4 in Resources */ = {isa = PBXBuildFile; fileRef = BE8F580427D643BC00F9DB92 /* seaVideo.mp4 */; };
		BE8F580A27D668E900F9DB92 /* StoriesViewModel.swift in Sources */ = {isa = PBXBuildFile; fileRef = BE8F580927D668E900F9DB92 /* StoriesViewModel.swift */; };
		BE90CE0427D00A0E001EA0CA /* StoryCameraView.swift in Sources */ = {isa = PBXBuildFile; fileRef = BE90CE0327D00A0E001EA0CA /* StoryCameraView.swift */; };
		BE91AA5427BFD96800BB9846 /* StoryPortionView.swift in Sources */ = {isa = PBXBuildFile; fileRef = BE91AA5327BFD96700BB9846 /* StoryPortionView.swift */; };
		BE925CF427D8B06D005D8107 /* AVPlayer+Additions.swift in Sources */ = {isa = PBXBuildFile; fileRef = BE925CF327D8B06D005D8107 /* AVPlayer+Additions.swift */; };
		BE9336C227D21811009E5370 /* AVPlayerControllerRepresentable.swift in Sources */ = {isa = PBXBuildFile; fileRef = BE9336C127D21811009E5370 /* AVPlayerControllerRepresentable.swift */; };
		BE9336C427D22162009E5370 /* StoryPreview.swift in Sources */ = {isa = PBXBuildFile; fileRef = BE9336C327D22162009E5370 /* StoryPreview.swift */; };
		BE9336C727D22628009E5370 /* Color+Additions.swift in Sources */ = {isa = PBXBuildFile; fileRef = BE9336C627D22628009E5370 /* Color+Additions.swift */; };
		BE9336CC27D24CC1009E5370 /* LoadingView.swift in Sources */ = {isa = PBXBuildFile; fileRef = BE9336CB27D24CC1009E5370 /* LoadingView.swift */; };
		BE93B8C127C8D96900B97C40 /* TraceableRectangle.swift in Sources */ = {isa = PBXBuildFile; fileRef = BE93B8C027C8D96900B97C40 /* TraceableRectangle.swift */; };
		BE9B7BED2BA1B133009CCE08 /* bird1.jpg in Resources */ = {isa = PBXBuildFile; fileRef = BE9B7BDE2BA1B133009CCE08 /* bird1.jpg */; };
		BE9B7BEE2BA1B133009CCE08 /* bird2.jpg in Resources */ = {isa = PBXBuildFile; fileRef = BE9B7BDF2BA1B133009CCE08 /* bird2.jpg */; };
		BE9B7BEF2BA1B133009CCE08 /* forest1.jpg in Resources */ = {isa = PBXBuildFile; fileRef = BE9B7BE02BA1B133009CCE08 /* forest1.jpg */; };
		BE9B7BF02BA1B133009CCE08 /* forest2.jpg in Resources */ = {isa = PBXBuildFile; fileRef = BE9B7BE12BA1B133009CCE08 /* forest2.jpg */; };
		BE9B7BF12BA1B133009CCE08 /* forest3.jpg in Resources */ = {isa = PBXBuildFile; fileRef = BE9B7BE22BA1B133009CCE08 /* forest3.jpg */; };
		BE9B7BF22BA1B133009CCE08 /* forest4.jpg in Resources */ = {isa = PBXBuildFile; fileRef = BE9B7BE32BA1B133009CCE08 /* forest4.jpg */; };
		BE9B7BF32BA1B133009CCE08 /* forest5.jpg in Resources */ = {isa = PBXBuildFile; fileRef = BE9B7BE42BA1B133009CCE08 /* forest5.jpg */; };
		BE9B7BF42BA1B133009CCE08 /* peace1.jpg in Resources */ = {isa = PBXBuildFile; fileRef = BE9B7BE52BA1B133009CCE08 /* peace1.jpg */; };
		BE9B7BF52BA1B133009CCE08 /* peace2.jpg in Resources */ = {isa = PBXBuildFile; fileRef = BE9B7BE62BA1B133009CCE08 /* peace2.jpg */; };
		BE9B7BF62BA1B133009CCE08 /* peace3.jpg in Resources */ = {isa = PBXBuildFile; fileRef = BE9B7BE72BA1B133009CCE08 /* peace3.jpg */; };
		BE9B7BF72BA1B133009CCE08 /* peace4.jpg in Resources */ = {isa = PBXBuildFile; fileRef = BE9B7BE82BA1B133009CCE08 /* peace4.jpg */; };
		BE9B7BF82BA1B133009CCE08 /* sea1.jpg in Resources */ = {isa = PBXBuildFile; fileRef = BE9B7BE92BA1B133009CCE08 /* sea1.jpg */; };
		BE9B7BF92BA1B133009CCE08 /* sea2.jpg in Resources */ = {isa = PBXBuildFile; fileRef = BE9B7BEA2BA1B133009CCE08 /* sea2.jpg */; };
		BE9B7BFA2BA1B133009CCE08 /* sea3.jpg in Resources */ = {isa = PBXBuildFile; fileRef = BE9B7BEB2BA1B133009CCE08 /* sea3.jpg */; };
		BE9B7BFC2BA1C324009CCE08 /* avatar.jpg in Resources */ = {isa = PBXBuildFile; fileRef = BE9B7BFB2BA1C324009CCE08 /* avatar.jpg */; };
		BE9EF6C727E36F7D00942976 /* CGFloat+Additions.swift in Sources */ = {isa = PBXBuildFile; fileRef = BE9EF6C627E36F7D00942976 /* CGFloat+Additions.swift */; };
		BEA1D95827C3C74D00D0A67A /* Date+Additions.swift in Sources */ = {isa = PBXBuildFile; fileRef = BEA1D95727C3C74D00D0A67A /* Date+Additions.swift */; };
		BEA1D95E27C3DA7100D0A67A /* UserDTO.swift in Sources */ = {isa = PBXBuildFile; fileRef = BEA1D95D27C3DA7100D0A67A /* UserDTO.swift */; };
		BEA3ABC02BAF3AD800B60C1E /* StoryPortionViewModelTests.swift in Sources */ = {isa = PBXBuildFile; fileRef = BEA3ABBF2BAF3AD700B60C1E /* StoryPortionViewModelTests.swift */; };
		BEA3ABC22BAF557500B60C1E /* PreviewStoryPortionView.swift in Sources */ = {isa = PBXBuildFile; fileRef = BEA3ABC12BAF557500B60C1E /* PreviewStoryPortionView.swift */; };
		BEA6D0292BA9EED800BEDA4A /* StoryAnimationHandlerTests.swift in Sources */ = {isa = PBXBuildFile; fileRef = BEA6D0282BA9EED800BEDA4A /* StoryAnimationHandlerTests.swift */; };
		BEA7D9FF27C6DFFC00DA81E6 /* TraceableArc.swift in Sources */ = {isa = PBXBuildFile; fileRef = BEA7D9FE27C6DFFC00DA81E6 /* TraceableArc.swift */; };
		BEA901D427BC716E00E3362D /* ProgressBarPortion.swift in Sources */ = {isa = PBXBuildFile; fileRef = BEA901D327BC716E00E3362D /* ProgressBarPortion.swift */; };
		BEA93F9427D7511000964226 /* VideoRecordButton.swift in Sources */ = {isa = PBXBuildFile; fileRef = BEA8E50E27D0CFD200640B19 /* VideoRecordButton.swift */; };
		BEAED9E427D36F7D00A98F3A /* IdFramePreferenceKey.swift in Sources */ = {isa = PBXBuildFile; fileRef = BEAED9E327D36F7D00A98F3A /* IdFramePreferenceKey.swift */; };
		BEAFE90E2817F81C004C4D43 /* Double+Additions.swift in Sources */ = {isa = PBXBuildFile; fileRef = BEAFE90D2817F81C004C4D43 /* Double+Additions.swift */; };
		BEB8752927DA120300D60110 /* LocalFileManager.swift in Sources */ = {isa = PBXBuildFile; fileRef = BEB8752827DA120300D60110 /* LocalFileManager.swift */; };
		BEBE9C382BA059AF00C9C093 /* LocalFileMangerTests.swift in Sources */ = {isa = PBXBuildFile; fileRef = BEBE9C372BA059AF00C9C093 /* LocalFileMangerTests.swift */; };
		BEBF322F2B74D5DD00DCD624 /* LocalStoriesLoaderTests.swift in Sources */ = {isa = PBXBuildFile; fileRef = BEBF322E2B74D5DD00DCD624 /* LocalStoriesLoaderTests.swift */; };
		BEBF32322B74D88A00DCD624 /* XCTestCase+MemoryLeakTracking.swift in Sources */ = {isa = PBXBuildFile; fileRef = BEBF32312B74D88A00DCD624 /* XCTestCase+MemoryLeakTracking.swift */; };
		BEBF32382B7512BF00DCD624 /* LocalStory.swift in Sources */ = {isa = PBXBuildFile; fileRef = BEBF32372B7512BF00DCD624 /* LocalStory.swift */; };
		BEBF323A2B7512EF00DCD624 /* DataClient.swift in Sources */ = {isa = PBXBuildFile; fileRef = BEBF32392B7512EF00DCD624 /* DataClient.swift */; };
		BEBF323C2B75133700DCD624 /* LocalStoriesLoader.swift in Sources */ = {isa = PBXBuildFile; fileRef = BEBF323B2B75133700DCD624 /* LocalStoriesLoader.swift */; };
		BEBF323E2B75149300DCD624 /* LocalStoriesMapper.swift in Sources */ = {isa = PBXBuildFile; fileRef = BEBF323D2B75149300DCD624 /* LocalStoriesMapper.swift */; };
		BEC053842C309B0A00752932 /* CameraFlashMode.swift in Sources */ = {isa = PBXBuildFile; fileRef = BEC053832C309B0A00752932 /* CameraFlashMode.swift */; };
		BEC3B4C427DE585F00B44BDF /* StoryCameraViewModel.swift in Sources */ = {isa = PBXBuildFile; fileRef = BEC3B4C327DE585F00B44BDF /* StoryCameraViewModel.swift */; };
		BED0F60D27BBF64B00D93F15 /* StoryIconsView.swift in Sources */ = {isa = PBXBuildFile; fileRef = BED0F60C27BBF64B00D93F15 /* StoryIconsView.swift */; };
		BED74E1B2C318D8700A34B27 /* FileManagerStub.swift in Sources */ = {isa = PBXBuildFile; fileRef = BED74E1A2C318D8700A34B27 /* FileManagerStub.swift */; };
		BED74E1D2C318E0200A34B27 /* StoriesLoaderStub.swift in Sources */ = {isa = PBXBuildFile; fileRef = BED74E1C2C318E0200A34B27 /* StoriesLoaderStub.swift */; };
		BED74E1F2C31A18100A34B27 /* DummyFileManager.swift in Sources */ = {isa = PBXBuildFile; fileRef = BED74E1E2C31A18100A34B27 /* DummyFileManager.swift */; };
		BED74E212C31A1B700A34B27 /* DummyMediaSaver.swift in Sources */ = {isa = PBXBuildFile; fileRef = BED74E202C31A1B700A34B27 /* DummyMediaSaver.swift */; };
		BEEEBBEB2B75287100EC85C7 /* FileDataClientTests.swift in Sources */ = {isa = PBXBuildFile; fileRef = BEEEBBEA2B75287100EC85C7 /* FileDataClientTests.swift */; };
		BEEEBBED2B752E4200EC85C7 /* empty.json in Resources */ = {isa = PBXBuildFile; fileRef = BEEEBBEC2B752E4200EC85C7 /* empty.json */; };
		BEEEBBEF2B7531FE00EC85C7 /* valid.json in Resources */ = {isa = PBXBuildFile; fileRef = BEEEBBEE2B7531FE00EC85C7 /* valid.json */; };
		BEEEBBF12B75345400EC85C7 /* XCTestCase+AssertThrows.swift in Sources */ = {isa = PBXBuildFile; fileRef = BEEEBBF02B75345400EC85C7 /* XCTestCase+AssertThrows.swift */; };
		BEEEBBF42B75357500EC85C7 /* FileDataClient.swift in Sources */ = {isa = PBXBuildFile; fileRef = BEEEBBF32B75357500EC85C7 /* FileDataClient.swift */; };
		BEEEBBF82B75418800EC85C7 /* LocalStoriesLoaderIntegrationTests.swift in Sources */ = {isa = PBXBuildFile; fileRef = BEEEBBF72B75418800EC85C7 /* LocalStoriesLoaderIntegrationTests.swift */; };
		BEEEBBFB2B7545B400EC85C7 /* DataServiceTestHelpers.swift in Sources */ = {isa = PBXBuildFile; fileRef = BEEEBBFA2B7545B400EC85C7 /* DataServiceTestHelpers.swift */; };
		BEFE6A972BA36B7100FC307F /* StoryAnimationHandler.swift in Sources */ = {isa = PBXBuildFile; fileRef = BEFE6A962BA36B7100FC307F /* StoryAnimationHandler.swift */; };
/* End PBXBuildFile section */

/* Begin PBXContainerItemProxy section */
		BE69F507281973B3001BA4EC /* PBXContainerItemProxy */ = {
			isa = PBXContainerItemProxy;
			containerPortal = BE090B4C27B9562B00B6F906 /* Project object */;
			proxyType = 1;
			remoteGlobalIDString = BE090B5327B9562B00B6F906;
			remoteInfo = SimplifiedIgStories;
		};
/* End PBXContainerItemProxy section */

/* Begin PBXFileReference section */
		BE090B5427B9562B00B6F906 /* Simple IG Story.app */ = {isa = PBXFileReference; explicitFileType = wrapper.application; includeInIndex = 0; path = "Simple IG Story.app"; sourceTree = BUILT_PRODUCTS_DIR; };
		BE090B5727B9562B00B6F906 /* SimplifiedIgStoriesApp.swift */ = {isa = PBXFileReference; lastKnownFileType = sourcecode.swift; path = SimplifiedIgStoriesApp.swift; sourceTree = "<group>"; };
		BE090B5B27B9562D00B6F906 /* Assets.xcassets */ = {isa = PBXFileReference; lastKnownFileType = folder.assetcatalog; path = Assets.xcassets; sourceTree = "<group>"; };
		BE090B5E27B9562D00B6F906 /* Preview Assets.xcassets */ = {isa = PBXFileReference; lastKnownFileType = folder.assetcatalog; path = "Preview Assets.xcassets"; sourceTree = "<group>"; };
		BE090B6627B9568700B6F906 /* StoryIcon.swift */ = {isa = PBXFileReference; lastKnownFileType = sourcecode.swift; path = StoryIcon.swift; sourceTree = "<group>"; };
		BE09DD58288C758000F4278C /* HomeUIActionHandler.swift */ = {isa = PBXFileReference; lastKnownFileType = sourcecode.swift; path = HomeUIActionHandler.swift; sourceTree = "<group>"; };
		BE0BD73A2C369AE400B35B19 /* StoryPreviewViewModelTests.swift */ = {isa = PBXFileReference; lastKnownFileType = sourcecode.swift; path = StoryPreviewViewModelTests.swift; sourceTree = "<group>"; };
		BE0BD73C2C369B4C00B35B19 /* MediaSaverSpy.swift */ = {isa = PBXFileReference; lastKnownFileType = sourcecode.swift; path = MediaSaverSpy.swift; sourceTree = "<group>"; };
		BE0EA2F82C354C2A006381A6 /* StoryCameraViewModelTests.swift */ = {isa = PBXFileReference; lastKnownFileType = sourcecode.swift; path = StoryCameraViewModelTests.swift; sourceTree = "<group>"; };
		BE0EA2FA2C35578F006381A6 /* DispatchQueue+ImmediateDispatchOnMainQueue.swift */ = {isa = PBXFileReference; lastKnownFileType = sourcecode.swift; path = "DispatchQueue+ImmediateDispatchOnMainQueue.swift"; sourceTree = "<group>"; };
		BE0EA2FC2C3561EC006381A6 /* AuthorizationTrackerSpy.swift */ = {isa = PBXFileReference; lastKnownFileType = sourcecode.swift; path = AuthorizationTrackerSpy.swift; sourceTree = "<group>"; };
		BE0EA2FE2C356C8A006381A6 /* CameraSpy.swift */ = {isa = PBXFileReference; lastKnownFileType = sourcecode.swift; path = CameraSpy.swift; sourceTree = "<group>"; };
		BE0EA3012C357DBD006381A6 /* DefaultCamera.swift */ = {isa = PBXFileReference; lastKnownFileType = sourcecode.swift; path = DefaultCamera.swift; sourceTree = "<group>"; };
		BE0EA3032C357EE0006381A6 /* StoriesLoader.swift */ = {isa = PBXFileReference; lastKnownFileType = sourcecode.swift; path = StoriesLoader.swift; sourceTree = "<group>"; };
		BE0EA3052C357F1F006381A6 /* FileManageable.swift */ = {isa = PBXFileReference; lastKnownFileType = sourcecode.swift; path = FileManageable.swift; sourceTree = "<group>"; };
		BE0EA3072C357F6D006381A6 /* MediaSaver.swift */ = {isa = PBXFileReference; lastKnownFileType = sourcecode.swift; path = MediaSaver.swift; sourceTree = "<group>"; };
		BE0EA30A2C358C88006381A6 /* StoryPreviewViewModel.swift */ = {isa = PBXFileReference; lastKnownFileType = sourcecode.swift; path = StoryPreviewViewModel.swift; sourceTree = "<group>"; };
		BE287A292B7A47FB00119674 /* CameraAuthorizationHandler.swift */ = {isa = PBXFileReference; lastKnownFileType = sourcecode.swift; path = CameraAuthorizationHandler.swift; sourceTree = "<group>"; };
		BE2C557127BFFE9D0087EE7F /* StoryView.swift */ = {isa = PBXFileReference; lastKnownFileType = sourcecode.swift; path = StoryView.swift; sourceTree = "<group>"; };
		BE2C557327C0197B0087EE7F /* DetectableTapGesturePositionView.swift */ = {isa = PBXFileReference; lastKnownFileType = sourcecode.swift; path = DetectableTapGesturePositionView.swift; sourceTree = "<group>"; };
		BE2D7791285F765F00DBD924 /* CameraSetupError.swift */ = {isa = PBXFileReference; lastKnownFileType = sourcecode.swift; path = CameraSetupError.swift; sourceTree = "<group>"; };
		BE2D7795285FB1C600DBD924 /* AVCaptureVideoPreviewRepresentable.swift */ = {isa = PBXFileReference; lastKnownFileType = sourcecode.swift; path = AVCaptureVideoPreviewRepresentable.swift; sourceTree = "<group>"; };
		BE35051A2B7ABB4800348B4B /* PhotoTaker.swift */ = {isa = PBXFileReference; lastKnownFileType = sourcecode.swift; path = PhotoTaker.swift; sourceTree = "<group>"; };
		BE36D6E72BAB375A009240EE /* ComponentCache.swift */ = {isa = PBXFileReference; lastKnownFileType = sourcecode.swift; path = ComponentCache.swift; sourceTree = "<group>"; };
		BE36D6E92BAB3785009240EE /* AppComponentsFactory.swift */ = {isa = PBXFileReference; lastKnownFileType = sourcecode.swift; path = AppComponentsFactory.swift; sourceTree = "<group>"; };
		BE36D6EB2BAB4A54009240EE /* StoriesAnimationHandler.swift */ = {isa = PBXFileReference; lastKnownFileType = sourcecode.swift; path = StoriesAnimationHandler.swift; sourceTree = "<group>"; };
		BE38F7AC2B83649300F42C71 /* AVPhotoTakerTests.swift */ = {isa = PBXFileReference; lastKnownFileType = sourcecode.swift; path = AVPhotoTakerTests.swift; sourceTree = "<group>"; };
		BE38F7AF2B83672400F42C71 /* StatusSpy.swift */ = {isa = PBXFileReference; lastKnownFileType = sourcecode.swift; path = StatusSpy.swift; sourceTree = "<group>"; };
		BE38F7B12B837CC400F42C71 /* CaptureSessionSpy.swift */ = {isa = PBXFileReference; lastKnownFileType = sourcecode.swift; path = CaptureSessionSpy.swift; sourceTree = "<group>"; };
		BE3C5B062B88E99B00687337 /* PHPPhotoMediaStoreTests.swift */ = {isa = PBXFileReference; lastKnownFileType = sourcecode.swift; path = PHPPhotoMediaStoreTests.swift; sourceTree = "<group>"; };
		BE42A3372B7B8053004BC257 /* VideoRecorder.swift */ = {isa = PBXFileReference; lastKnownFileType = sourcecode.swift; path = VideoRecorder.swift; sourceTree = "<group>"; };
		BE42A3392B7B9A80004BC257 /* CameraAuxiliary.swift */ = {isa = PBXFileReference; lastKnownFileType = sourcecode.swift; path = CameraAuxiliary.swift; sourceTree = "<group>"; };
		BE463A2C285F05AE00599929 /* CameraCore.swift */ = {isa = PBXFileReference; lastKnownFileType = sourcecode.swift; path = CameraCore.swift; sourceTree = "<group>"; };
		BE5CDC2C27DF4AAA00352A60 /* NoticeLabel.swift */ = {isa = PBXFileReference; lastKnownFileType = sourcecode.swift; path = NoticeLabel.swift; sourceTree = "<group>"; };
		BE5F4FA72BA49BD700138F87 /* DummyFileManager.swift */ = {isa = PBXFileReference; lastKnownFileType = sourcecode.swift; path = DummyFileManager.swift; sourceTree = "<group>"; };
		BE5F4FA92BA49DBA00138F87 /* PreviewStoriesViewModel.swift */ = {isa = PBXFileReference; lastKnownFileType = sourcecode.swift; path = PreviewStoriesViewModel.swift; sourceTree = "<group>"; };
		BE692D132BA9AA3200CE8C32 /* PreviewStoryView.swift */ = {isa = PBXFileReference; lastKnownFileType = sourcecode.swift; path = PreviewStoryView.swift; sourceTree = "<group>"; };
		BE692D152BA9AB3D00CE8C32 /* DummyMediaSaver.swift */ = {isa = PBXFileReference; lastKnownFileType = sourcecode.swift; path = DummyMediaSaver.swift; sourceTree = "<group>"; };
		BE69F503281973B3001BA4EC /* SimpleIGStoryTests.xctest */ = {isa = PBXFileReference; explicitFileType = wrapper.cfbundle; includeInIndex = 0; path = SimpleIGStoryTests.xctest; sourceTree = BUILT_PRODUCTS_DIR; };
		BE69F50C281974E5001BA4EC /* StoriesViewModelTests.swift */ = {isa = PBXFileReference; lastKnownFileType = sourcecode.swift; path = StoriesViewModelTests.swift; sourceTree = "<group>"; };
		BE6B73C627D794AD003D2B24 /* StoryPortionViewModel.swift */ = {isa = PBXFileReference; lastKnownFileType = sourcecode.swift; path = StoryPortionViewModel.swift; sourceTree = "<group>"; };
		BE6E4FF82C30011500AB23D0 /* DataClientStub.swift */ = {isa = PBXFileReference; lastKnownFileType = sourcecode.swift; path = DataClientStub.swift; sourceTree = "<group>"; };
		BE6E4FFA2C3035F300AB23D0 /* CameraPosition.swift */ = {isa = PBXFileReference; lastKnownFileType = sourcecode.swift; path = CameraPosition.swift; sourceTree = "<group>"; };
		BE6E4FFC2C303BF800AB23D0 /* CaptureDevicesSpy.swift */ = {isa = PBXFileReference; lastKnownFileType = sourcecode.swift; path = CaptureDevicesSpy.swift; sourceTree = "<group>"; };
		BE7079482B86744A00365260 /* CaptureMovieFileOutputSpy.swift */ = {isa = PBXFileReference; lastKnownFileType = sourcecode.swift; path = CaptureMovieFileOutputSpy.swift; sourceTree = "<group>"; };
		BE720F7B27BD111800E862A5 /* ProgressBar.swift */ = {isa = PBXFileReference; lastKnownFileType = sourcecode.swift; path = ProgressBar.swift; sourceTree = "<group>"; };
		BE72F93F27DF6F9300AA98A5 /* StoryCameraPermissionView.swift */ = {isa = PBXFileReference; lastKnownFileType = sourcecode.swift; path = StoryCameraPermissionView.swift; sourceTree = "<group>"; };
		BE77C89928895CF000E1FA0A /* PreviewData.swift */ = {isa = PBXFileReference; lastKnownFileType = sourcecode.swift; path = PreviewData.swift; sourceTree = "<group>"; };
		BE7BA1182C32BB0B005DB88C /* Camera.swift */ = {isa = PBXFileReference; lastKnownFileType = sourcecode.swift; path = Camera.swift; sourceTree = "<group>"; };
		BE7BA11A2C3312A1005DB88C /* DummyCamera.swift */ = {isa = PBXFileReference; lastKnownFileType = sourcecode.swift; path = DummyCamera.swift; sourceTree = "<group>"; };
		BE7BA4332BADE5C60061595B /* StoriesAnimationHandlerTests.swift */ = {isa = PBXFileReference; lastKnownFileType = sourcecode.swift; path = StoriesAnimationHandlerTests.swift; sourceTree = "<group>"; };
		BE7BA4362BADE7700061595B /* ViewModelTestHelpers.swift */ = {isa = PBXFileReference; lastKnownFileType = sourcecode.swift; path = ViewModelTestHelpers.swift; sourceTree = "<group>"; };
		BE80D1982B83B61E007360D1 /* CommonHelpers.swift */ = {isa = PBXFileReference; lastKnownFileType = sourcecode.swift; path = CommonHelpers.swift; sourceTree = "<group>"; };
		BE8305052B875BF2002A72C4 /* AVCameraAuxiliaryTests.swift */ = {isa = PBXFileReference; lastKnownFileType = sourcecode.swift; path = AVCameraAuxiliaryTests.swift; sourceTree = "<group>"; };
		BE8305072B87790E002A72C4 /* CaptureDeviceSpy.swift */ = {isa = PBXFileReference; lastKnownFileType = sourcecode.swift; path = CaptureDeviceSpy.swift; sourceTree = "<group>"; };
		BE83D11C2B84D54C004A1FB4 /* MethodSwizzlingStub.swift */ = {isa = PBXFileReference; lastKnownFileType = sourcecode.swift; path = MethodSwizzlingStub.swift; sourceTree = "<group>"; };
		BE83D11E2B84D75F004A1FB4 /* CameraFlashMode+TestHelpers.swift */ = {isa = PBXFileReference; lastKnownFileType = sourcecode.swift; path = "CameraFlashMode+TestHelpers.swift"; sourceTree = "<group>"; };
		BE83D1202B84D88B004A1FB4 /* CapturePhotoStub.swift */ = {isa = PBXFileReference; lastKnownFileType = sourcecode.swift; path = CapturePhotoStub.swift; sourceTree = "<group>"; };
		BE83D1222B84D8F5004A1FB4 /* CapturePhotoOutputSpy.swift */ = {isa = PBXFileReference; lastKnownFileType = sourcecode.swift; path = CapturePhotoOutputSpy.swift; sourceTree = "<group>"; };
		BE83D1242B84E3E6004A1FB4 /* CameraPosition+TestHelpers.swift */ = {isa = PBXFileReference; lastKnownFileType = sourcecode.swift; path = "CameraPosition+TestHelpers.swift"; sourceTree = "<group>"; };
		BE83D1262B850BB5004A1FB4 /* AVVideoRecorderTests.swift */ = {isa = PBXFileReference; lastKnownFileType = sourcecode.swift; path = AVVideoRecorderTests.swift; sourceTree = "<group>"; };
		BE84C2C927C78E5400C42165 /* AnyTransition+Additions.swift */ = {isa = PBXFileReference; lastKnownFileType = sourcecode.swift; path = "AnyTransition+Additions.swift"; sourceTree = "<group>"; };
		BE84F7952B7CE9C500FAD11B /* AVCameraCoreTests.swift */ = {isa = PBXFileReference; lastKnownFileType = sourcecode.swift; path = AVCameraCoreTests.swift; sourceTree = "<group>"; };
		BE8A758027BC106F00E9F745 /* HomeView.swift */ = {isa = PBXFileReference; lastKnownFileType = sourcecode.swift; path = HomeView.swift; sourceTree = "<group>"; };
		BE8AEF8F27DB9D5800D7EAA1 /* VerticalLabelStyle.swift */ = {isa = PBXFileReference; lastKnownFileType = sourcecode.swift; path = VerticalLabelStyle.swift; sourceTree = "<group>"; };
		BE8AEF9227DBDE8100D7EAA1 /* CubicTransitionModifier.swift */ = {isa = PBXFileReference; lastKnownFileType = sourcecode.swift; path = CubicTransitionModifier.swift; sourceTree = "<group>"; };
		BE8B71A62B764E410055C354 /* LocalMediaSaverTests.swift */ = {isa = PBXFileReference; lastKnownFileType = sourcecode.swift; path = LocalMediaSaverTests.swift; sourceTree = "<group>"; };
		BE8B71AA2B76516D0055C354 /* UIImage+Helpers.swift */ = {isa = PBXFileReference; lastKnownFileType = sourcecode.swift; path = "UIImage+Helpers.swift"; sourceTree = "<group>"; };
		BE8B71B12B765ED80055C354 /* MediaStore.swift */ = {isa = PBXFileReference; lastKnownFileType = sourcecode.swift; path = MediaStore.swift; sourceTree = "<group>"; };
		BE8B71B32B765F220055C354 /* LocalMediaSaver.swift */ = {isa = PBXFileReference; lastKnownFileType = sourcecode.swift; path = LocalMediaSaver.swift; sourceTree = "<group>"; };
		BE8B71B52B765F9F0055C354 /* PHPPhotoMediaStore.swift */ = {isa = PBXFileReference; lastKnownFileType = sourcecode.swift; path = PHPPhotoMediaStore.swift; sourceTree = "<group>"; };
		BE8B973727DAAC6600A59292 /* FramePreferenceKey.swift */ = {isa = PBXFileReference; lastKnownFileType = sourcecode.swift; path = FramePreferenceKey.swift; sourceTree = "<group>"; };
		BE8C498C27C62B3C000541E0 /* StoryIconTitleView.swift */ = {isa = PBXFileReference; lastKnownFileType = sourcecode.swift; path = StoryIconTitleView.swift; sourceTree = "<group>"; };
		BE8C498E27C674FD000541E0 /* StoryContainer.swift */ = {isa = PBXFileReference; lastKnownFileType = sourcecode.swift; path = StoryContainer.swift; sourceTree = "<group>"; };
		BE8D954227C44C6F00D9D6DB /* storiesData.json */ = {isa = PBXFileReference; fileEncoding = 4; lastKnownFileType = text.json; path = storiesData.json; sourceTree = "<group>"; };
		BE8D954427C44CA200D9D6DB /* StoryDTO.swift */ = {isa = PBXFileReference; lastKnownFileType = sourcecode.swift; path = StoryDTO.swift; sourceTree = "<group>"; };
		BE8F580027D63EF300F9DB92 /* forestVideo.mp4 */ = {isa = PBXFileReference; lastKnownFileType = file; path = forestVideo.mp4; sourceTree = "<group>"; };
		BE8F580227D641AE00F9DB92 /* PortionDTO.swift */ = {isa = PBXFileReference; lastKnownFileType = sourcecode.swift; path = PortionDTO.swift; sourceTree = "<group>"; };
		BE8F580427D643BC00F9DB92 /* seaVideo.mp4 */ = {isa = PBXFileReference; lastKnownFileType = file; path = seaVideo.mp4; sourceTree = "<group>"; };
		BE8F580927D668E900F9DB92 /* StoriesViewModel.swift */ = {isa = PBXFileReference; lastKnownFileType = sourcecode.swift; path = StoriesViewModel.swift; sourceTree = "<group>"; };
		BE90CE0327D00A0E001EA0CA /* StoryCameraView.swift */ = {isa = PBXFileReference; lastKnownFileType = sourcecode.swift; path = StoryCameraView.swift; sourceTree = "<group>"; };
		BE91AA5327BFD96700BB9846 /* StoryPortionView.swift */ = {isa = PBXFileReference; lastKnownFileType = sourcecode.swift; path = StoryPortionView.swift; sourceTree = "<group>"; };
		BE925CF327D8B06D005D8107 /* AVPlayer+Additions.swift */ = {isa = PBXFileReference; lastKnownFileType = sourcecode.swift; path = "AVPlayer+Additions.swift"; sourceTree = "<group>"; };
		BE9336C127D21811009E5370 /* AVPlayerControllerRepresentable.swift */ = {isa = PBXFileReference; lastKnownFileType = sourcecode.swift; path = AVPlayerControllerRepresentable.swift; sourceTree = "<group>"; };
		BE9336C327D22162009E5370 /* StoryPreview.swift */ = {isa = PBXFileReference; lastKnownFileType = sourcecode.swift; path = StoryPreview.swift; sourceTree = "<group>"; };
		BE9336C627D22628009E5370 /* Color+Additions.swift */ = {isa = PBXFileReference; lastKnownFileType = sourcecode.swift; path = "Color+Additions.swift"; sourceTree = "<group>"; };
		BE9336CB27D24CC1009E5370 /* LoadingView.swift */ = {isa = PBXFileReference; lastKnownFileType = sourcecode.swift; path = LoadingView.swift; sourceTree = "<group>"; };
		BE93B8C027C8D96900B97C40 /* TraceableRectangle.swift */ = {isa = PBXFileReference; lastKnownFileType = sourcecode.swift; path = TraceableRectangle.swift; sourceTree = "<group>"; };
		BE9B7BDE2BA1B133009CCE08 /* bird1.jpg */ = {isa = PBXFileReference; lastKnownFileType = image.jpeg; path = bird1.jpg; sourceTree = "<group>"; };
		BE9B7BDF2BA1B133009CCE08 /* bird2.jpg */ = {isa = PBXFileReference; lastKnownFileType = image.jpeg; path = bird2.jpg; sourceTree = "<group>"; };
		BE9B7BE02BA1B133009CCE08 /* forest1.jpg */ = {isa = PBXFileReference; lastKnownFileType = image.jpeg; path = forest1.jpg; sourceTree = "<group>"; };
		BE9B7BE12BA1B133009CCE08 /* forest2.jpg */ = {isa = PBXFileReference; lastKnownFileType = image.jpeg; path = forest2.jpg; sourceTree = "<group>"; };
		BE9B7BE22BA1B133009CCE08 /* forest3.jpg */ = {isa = PBXFileReference; lastKnownFileType = image.jpeg; path = forest3.jpg; sourceTree = "<group>"; };
		BE9B7BE32BA1B133009CCE08 /* forest4.jpg */ = {isa = PBXFileReference; lastKnownFileType = image.jpeg; path = forest4.jpg; sourceTree = "<group>"; };
		BE9B7BE42BA1B133009CCE08 /* forest5.jpg */ = {isa = PBXFileReference; lastKnownFileType = image.jpeg; path = forest5.jpg; sourceTree = "<group>"; };
		BE9B7BE52BA1B133009CCE08 /* peace1.jpg */ = {isa = PBXFileReference; lastKnownFileType = image.jpeg; path = peace1.jpg; sourceTree = "<group>"; };
		BE9B7BE62BA1B133009CCE08 /* peace2.jpg */ = {isa = PBXFileReference; lastKnownFileType = image.jpeg; path = peace2.jpg; sourceTree = "<group>"; };
		BE9B7BE72BA1B133009CCE08 /* peace3.jpg */ = {isa = PBXFileReference; lastKnownFileType = image.jpeg; path = peace3.jpg; sourceTree = "<group>"; };
		BE9B7BE82BA1B133009CCE08 /* peace4.jpg */ = {isa = PBXFileReference; lastKnownFileType = image.jpeg; path = peace4.jpg; sourceTree = "<group>"; };
		BE9B7BE92BA1B133009CCE08 /* sea1.jpg */ = {isa = PBXFileReference; lastKnownFileType = image.jpeg; path = sea1.jpg; sourceTree = "<group>"; };
		BE9B7BEA2BA1B133009CCE08 /* sea2.jpg */ = {isa = PBXFileReference; lastKnownFileType = image.jpeg; path = sea2.jpg; sourceTree = "<group>"; };
		BE9B7BEB2BA1B133009CCE08 /* sea3.jpg */ = {isa = PBXFileReference; lastKnownFileType = image.jpeg; path = sea3.jpg; sourceTree = "<group>"; };
		BE9B7BFB2BA1C324009CCE08 /* avatar.jpg */ = {isa = PBXFileReference; lastKnownFileType = image.jpeg; path = avatar.jpg; sourceTree = "<group>"; };
		BE9EF6C627E36F7D00942976 /* CGFloat+Additions.swift */ = {isa = PBXFileReference; lastKnownFileType = sourcecode.swift; path = "CGFloat+Additions.swift"; sourceTree = "<group>"; };
		BEA1D95727C3C74D00D0A67A /* Date+Additions.swift */ = {isa = PBXFileReference; lastKnownFileType = sourcecode.swift; path = "Date+Additions.swift"; sourceTree = "<group>"; };
		BEA1D95D27C3DA7100D0A67A /* UserDTO.swift */ = {isa = PBXFileReference; lastKnownFileType = sourcecode.swift; path = UserDTO.swift; sourceTree = "<group>"; };
		BEA3ABBF2BAF3AD700B60C1E /* StoryPortionViewModelTests.swift */ = {isa = PBXFileReference; lastKnownFileType = sourcecode.swift; path = StoryPortionViewModelTests.swift; sourceTree = "<group>"; };
		BEA3ABC12BAF557500B60C1E /* PreviewStoryPortionView.swift */ = {isa = PBXFileReference; lastKnownFileType = sourcecode.swift; path = PreviewStoryPortionView.swift; sourceTree = "<group>"; };
		BEA6D0282BA9EED800BEDA4A /* StoryAnimationHandlerTests.swift */ = {isa = PBXFileReference; lastKnownFileType = sourcecode.swift; path = StoryAnimationHandlerTests.swift; sourceTree = "<group>"; };
		BEA7D9FE27C6DFFC00DA81E6 /* TraceableArc.swift */ = {isa = PBXFileReference; lastKnownFileType = sourcecode.swift; path = TraceableArc.swift; sourceTree = "<group>"; };
		BEA8E50E27D0CFD200640B19 /* VideoRecordButton.swift */ = {isa = PBXFileReference; lastKnownFileType = sourcecode.swift; path = VideoRecordButton.swift; sourceTree = "<group>"; };
		BEA901D327BC716E00E3362D /* ProgressBarPortion.swift */ = {isa = PBXFileReference; lastKnownFileType = sourcecode.swift; path = ProgressBarPortion.swift; sourceTree = "<group>"; };
		BEAED9E327D36F7D00A98F3A /* IdFramePreferenceKey.swift */ = {isa = PBXFileReference; lastKnownFileType = sourcecode.swift; path = IdFramePreferenceKey.swift; sourceTree = "<group>"; };
		BEAFE90D2817F81C004C4D43 /* Double+Additions.swift */ = {isa = PBXFileReference; lastKnownFileType = sourcecode.swift; path = "Double+Additions.swift"; sourceTree = "<group>"; };
		BEB8752827DA120300D60110 /* LocalFileManager.swift */ = {isa = PBXFileReference; lastKnownFileType = sourcecode.swift; path = LocalFileManager.swift; sourceTree = "<group>"; };
		BEBE9C372BA059AF00C9C093 /* LocalFileMangerTests.swift */ = {isa = PBXFileReference; lastKnownFileType = sourcecode.swift; path = LocalFileMangerTests.swift; sourceTree = "<group>"; };
		BEBF322E2B74D5DD00DCD624 /* LocalStoriesLoaderTests.swift */ = {isa = PBXFileReference; lastKnownFileType = sourcecode.swift; path = LocalStoriesLoaderTests.swift; sourceTree = "<group>"; };
		BEBF32312B74D88A00DCD624 /* XCTestCase+MemoryLeakTracking.swift */ = {isa = PBXFileReference; lastKnownFileType = sourcecode.swift; path = "XCTestCase+MemoryLeakTracking.swift"; sourceTree = "<group>"; };
		BEBF32372B7512BF00DCD624 /* LocalStory.swift */ = {isa = PBXFileReference; lastKnownFileType = sourcecode.swift; path = LocalStory.swift; sourceTree = "<group>"; };
		BEBF32392B7512EF00DCD624 /* DataClient.swift */ = {isa = PBXFileReference; lastKnownFileType = sourcecode.swift; path = DataClient.swift; sourceTree = "<group>"; };
		BEBF323B2B75133700DCD624 /* LocalStoriesLoader.swift */ = {isa = PBXFileReference; lastKnownFileType = sourcecode.swift; path = LocalStoriesLoader.swift; sourceTree = "<group>"; };
		BEBF323D2B75149300DCD624 /* LocalStoriesMapper.swift */ = {isa = PBXFileReference; lastKnownFileType = sourcecode.swift; path = LocalStoriesMapper.swift; sourceTree = "<group>"; };
		BEC053832C309B0A00752932 /* CameraFlashMode.swift */ = {isa = PBXFileReference; lastKnownFileType = sourcecode.swift; path = CameraFlashMode.swift; sourceTree = "<group>"; };
		BEC3B4C327DE585F00B44BDF /* StoryCameraViewModel.swift */ = {isa = PBXFileReference; lastKnownFileType = sourcecode.swift; path = StoryCameraViewModel.swift; sourceTree = "<group>"; };
		BED0F60C27BBF64B00D93F15 /* StoryIconsView.swift */ = {isa = PBXFileReference; lastKnownFileType = sourcecode.swift; path = StoryIconsView.swift; sourceTree = "<group>"; };
		BED74E1A2C318D8700A34B27 /* FileManagerStub.swift */ = {isa = PBXFileReference; lastKnownFileType = sourcecode.swift; path = FileManagerStub.swift; sourceTree = "<group>"; };
		BED74E1C2C318E0200A34B27 /* StoriesLoaderStub.swift */ = {isa = PBXFileReference; lastKnownFileType = sourcecode.swift; path = StoriesLoaderStub.swift; sourceTree = "<group>"; };
		BED74E1E2C31A18100A34B27 /* DummyFileManager.swift */ = {isa = PBXFileReference; lastKnownFileType = sourcecode.swift; path = DummyFileManager.swift; sourceTree = "<group>"; };
		BED74E202C31A1B700A34B27 /* DummyMediaSaver.swift */ = {isa = PBXFileReference; lastKnownFileType = sourcecode.swift; path = DummyMediaSaver.swift; sourceTree = "<group>"; };
		BEEEBBEA2B75287100EC85C7 /* FileDataClientTests.swift */ = {isa = PBXFileReference; lastKnownFileType = sourcecode.swift; path = FileDataClientTests.swift; sourceTree = "<group>"; };
		BEEEBBEC2B752E4200EC85C7 /* empty.json */ = {isa = PBXFileReference; fileEncoding = 4; lastKnownFileType = text.json; path = empty.json; sourceTree = "<group>"; };
		BEEEBBEE2B7531FE00EC85C7 /* valid.json */ = {isa = PBXFileReference; fileEncoding = 4; lastKnownFileType = text.json; path = valid.json; sourceTree = "<group>"; };
		BEEEBBF02B75345400EC85C7 /* XCTestCase+AssertThrows.swift */ = {isa = PBXFileReference; lastKnownFileType = sourcecode.swift; path = "XCTestCase+AssertThrows.swift"; sourceTree = "<group>"; };
		BEEEBBF32B75357500EC85C7 /* FileDataClient.swift */ = {isa = PBXFileReference; lastKnownFileType = sourcecode.swift; path = FileDataClient.swift; sourceTree = "<group>"; };
		BEEEBBF72B75418800EC85C7 /* LocalStoriesLoaderIntegrationTests.swift */ = {isa = PBXFileReference; lastKnownFileType = sourcecode.swift; path = LocalStoriesLoaderIntegrationTests.swift; sourceTree = "<group>"; };
		BEEEBBFA2B7545B400EC85C7 /* DataServiceTestHelpers.swift */ = {isa = PBXFileReference; lastKnownFileType = sourcecode.swift; path = DataServiceTestHelpers.swift; sourceTree = "<group>"; };
		BEFE6A962BA36B7100FC307F /* StoryAnimationHandler.swift */ = {isa = PBXFileReference; lastKnownFileType = sourcecode.swift; path = StoryAnimationHandler.swift; sourceTree = "<group>"; };
/* End PBXFileReference section */

/* Begin PBXFrameworksBuildPhase section */
		BE090B5127B9562B00B6F906 /* Frameworks */ = {
			isa = PBXFrameworksBuildPhase;
			buildActionMask = 2147483647;
			files = (
			);
			runOnlyForDeploymentPostprocessing = 0;
		};
		BE69F500281973B3001BA4EC /* Frameworks */ = {
			isa = PBXFrameworksBuildPhase;
			buildActionMask = 2147483647;
			files = (
			);
			runOnlyForDeploymentPostprocessing = 0;
		};
/* End PBXFrameworksBuildPhase section */

/* Begin PBXGroup section */
		BE090B4B27B9562B00B6F906 = {
			isa = PBXGroup;
			children = (
				BE090B5627B9562B00B6F906 /* SimplifiedIgStories */,
				BE69F504281973B3001BA4EC /* SimpleIGStoryTests */,
				BE090B5527B9562B00B6F906 /* Products */,
			);
			sourceTree = "<group>";
		};
		BE090B5527B9562B00B6F906 /* Products */ = {
			isa = PBXGroup;
			children = (
				BE090B5427B9562B00B6F906 /* Simple IG Story.app */,
				BE69F503281973B3001BA4EC /* SimpleIGStoryTests.xctest */,
			);
			name = Products;
			sourceTree = "<group>";
		};
		BE090B5627B9562B00B6F906 /* SimplifiedIgStories */ = {
			isa = PBXGroup;
			children = (
				BE36D6E52BAB3743009240EE /* Main */,
				BE8F57FF27D60E7D00F9DB92 /* DataServices */,
				BE8B71B02B765EAE0055C354 /* MediaSaver */,
				BE2D7790285F761F00DBD924 /* Camera */,
				BE9336C827D24468009E5370 /* FileManager */,
				BE8F580827D668C700F9DB92 /* ViewModels */,
				BE090B6527B9566D00B6F906 /* Views */,
				BEA1D95627C3C71B00D0A67A /* Extensions */,
				BEA1D95927C3D9EB00D0A67A /* Resources */,
				BE090B5D27B9562D00B6F906 /* Preview Content */,
				BE090B5B27B9562D00B6F906 /* Assets.xcassets */,
			);
			path = SimplifiedIgStories;
			sourceTree = "<group>";
		};
		BE090B5D27B9562D00B6F906 /* Preview Content */ = {
			isa = PBXGroup;
			children = (
				BE090B5E27B9562D00B6F906 /* Preview Assets.xcassets */,
				BE77C89928895CF000E1FA0A /* PreviewData.swift */,
				BE5F4FA72BA49BD700138F87 /* DummyFileManager.swift */,
				BE692D152BA9AB3D00CE8C32 /* DummyMediaSaver.swift */,
				BE5F4FA92BA49DBA00138F87 /* PreviewStoriesViewModel.swift */,
				BE692D132BA9AA3200CE8C32 /* PreviewStoryView.swift */,
				BEA3ABC12BAF557500B60C1E /* PreviewStoryPortionView.swift */,
				BE7BA11A2C3312A1005DB88C /* DummyCamera.swift */,
			);
			path = "Preview Content";
			sourceTree = "<group>";
		};
		BE090B6527B9566D00B6F906 /* Views */ = {
			isa = PBXGroup;
			children = (
				BE8F57FE27D60E2A00F9DB92 /* Helpers */,
				BE09DD57288C74F200F4278C /* Home */,
				BE47195027D6CFCC004500F2 /* Stories */,
				BE501444288D3F510043DF62 /* Story */,
				BE90CE0527D00BCD001EA0CA /* Camera */,
			);
			path = Views;
			sourceTree = "<group>";
		};
		BE09DD57288C74F200F4278C /* Home */ = {
			isa = PBXGroup;
			children = (
				BE8A758027BC106F00E9F745 /* HomeView.swift */,
			);
			path = Home;
			sourceTree = "<group>";
		};
		BE0EA3002C357DA2006381A6 /* Collaborators */ = {
			isa = PBXGroup;
			children = (
				BE0EA3032C357EE0006381A6 /* StoriesLoader.swift */,
				BE0EA3052C357F1F006381A6 /* FileManageable.swift */,
				BE0EA3072C357F6D006381A6 /* MediaSaver.swift */,
				BE7BA1182C32BB0B005DB88C /* Camera.swift */,
			);
			path = Collaborators;
			sourceTree = "<group>";
		};
		BE0EA3092C357FF8006381A6 /* DTOs */ = {
			isa = PBXGroup;
			children = (
				BEA1D95D27C3DA7100D0A67A /* UserDTO.swift */,
				BE8D954427C44CA200D9D6DB /* StoryDTO.swift */,
				BE8F580227D641AE00F9DB92 /* PortionDTO.swift */,
			);
			path = DTOs;
			sourceTree = "<group>";
		};
		BE2D7790285F761F00DBD924 /* Camera */ = {
			isa = PBXGroup;
			children = (
				BE463A2C285F05AE00599929 /* CameraCore.swift */,
				BE6E4FFA2C3035F300AB23D0 /* CameraPosition.swift */,
				BE2D7791285F765F00DBD924 /* CameraSetupError.swift */,
				BE287A292B7A47FB00119674 /* CameraAuthorizationHandler.swift */,
				BEC053832C309B0A00752932 /* CameraFlashMode.swift */,
				BE35051A2B7ABB4800348B4B /* PhotoTaker.swift */,
				BE42A3372B7B8053004BC257 /* VideoRecorder.swift */,
				BE42A3392B7B9A80004BC257 /* CameraAuxiliary.swift */,
				BE0EA3012C357DBD006381A6 /* DefaultCamera.swift */,
			);
			path = Camera;
			sourceTree = "<group>";
		};
		BE36D6E52BAB3743009240EE /* Main */ = {
			isa = PBXGroup;
			children = (
				BE36D6E62BAB374C009240EE /* Helpers */,
				BE090B5727B9562B00B6F906 /* SimplifiedIgStoriesApp.swift */,
			);
			path = Main;
			sourceTree = "<group>";
		};
		BE36D6E62BAB374C009240EE /* Helpers */ = {
			isa = PBXGroup;
			children = (
				BE36D6E92BAB3785009240EE /* AppComponentsFactory.swift */,
				BE36D6E72BAB375A009240EE /* ComponentCache.swift */,
			);
			path = Helpers;
			sourceTree = "<group>";
		};
		BE38F7AE2B83671300F42C71 /* Helpers */ = {
			isa = PBXGroup;
			children = (
				BE38F7AF2B83672400F42C71 /* StatusSpy.swift */,
				BE38F7B12B837CC400F42C71 /* CaptureSessionSpy.swift */,
				BE83D11E2B84D75F004A1FB4 /* CameraFlashMode+TestHelpers.swift */,
				BE83D1202B84D88B004A1FB4 /* CapturePhotoStub.swift */,
				BE83D1222B84D8F5004A1FB4 /* CapturePhotoOutputSpy.swift */,
				BE83D1242B84E3E6004A1FB4 /* CameraPosition+TestHelpers.swift */,
				BE7079482B86744A00365260 /* CaptureMovieFileOutputSpy.swift */,
				BE8305072B87790E002A72C4 /* CaptureDeviceSpy.swift */,
				BE6E4FFC2C303BF800AB23D0 /* CaptureDevicesSpy.swift */,
			);
			path = Helpers;
			sourceTree = "<group>";
		};
		BE47195027D6CFCC004500F2 /* Stories */ = {
			isa = PBXGroup;
			children = (
				BE501446288D4C210043DF62 /* StoryIcon */,
				BED0F60C27BBF64B00D93F15 /* StoryIconsView.swift */,
				BE8C498E27C674FD000541E0 /* StoryContainer.swift */,
			);
			path = Stories;
			sourceTree = "<group>";
		};
		BE501444288D3F510043DF62 /* Story */ = {
			isa = PBXGroup;
			children = (
				BE720F7A27BD10E800E862A5 /* ProgressBar */,
				BE2C557127BFFE9D0087EE7F /* StoryView.swift */,
				BE91AA5327BFD96700BB9846 /* StoryPortionView.swift */,
			);
			path = Story;
			sourceTree = "<group>";
		};
		BE501446288D4C210043DF62 /* StoryIcon */ = {
			isa = PBXGroup;
			children = (
				BE8C498C27C62B3C000541E0 /* StoryIconTitleView.swift */,
				BE090B6627B9568700B6F906 /* StoryIcon.swift */,
			);
			path = StoryIcon;
			sourceTree = "<group>";
		};
		BE69F504281973B3001BA4EC /* SimpleIGStoryTests */ = {
			isa = PBXGroup;
			children = (
				BEBF32302B74D86600DCD624 /* Helpers */,
				BEEEBBF62B7540AC00EC85C7 /* DataServices */,
				BE8B71A82B7651450055C354 /* MediaSaver */,
				BE84F7942B7CE9A300FAD11B /* Camera */,
				BEBE9C392BA059B500C9C093 /* FileManager */,
				BE7BA4322BADE5900061595B /* ViewModels */,
			);
			path = SimpleIGStoryTests;
			sourceTree = "<group>";
		};
		BE720F7A27BD10E800E862A5 /* ProgressBar */ = {
			isa = PBXGroup;
			children = (
				BEA901D327BC716E00E3362D /* ProgressBarPortion.swift */,
				BE720F7B27BD111800E862A5 /* ProgressBar.swift */,
			);
			path = ProgressBar;
			sourceTree = "<group>";
		};
		BE7BA4322BADE5900061595B /* ViewModels */ = {
			isa = PBXGroup;
			children = (
				BE7BA4352BADE7520061595B /* Helpers */,
				BE69F50C281974E5001BA4EC /* StoriesViewModelTests.swift */,
				BEA6D0282BA9EED800BEDA4A /* StoryAnimationHandlerTests.swift */,
				BE7BA4332BADE5C60061595B /* StoriesAnimationHandlerTests.swift */,
				BEA3ABBF2BAF3AD700B60C1E /* StoryPortionViewModelTests.swift */,
				BE0EA2F82C354C2A006381A6 /* StoryCameraViewModelTests.swift */,
				BE0BD73A2C369AE400B35B19 /* StoryPreviewViewModelTests.swift */,
			);
			path = ViewModels;
			sourceTree = "<group>";
		};
		BE7BA4352BADE7520061595B /* Helpers */ = {
			isa = PBXGroup;
			children = (
				BE7BA4362BADE7700061595B /* ViewModelTestHelpers.swift */,
				BED74E1A2C318D8700A34B27 /* FileManagerStub.swift */,
				BED74E1C2C318E0200A34B27 /* StoriesLoaderStub.swift */,
				BED74E1E2C31A18100A34B27 /* DummyFileManager.swift */,
				BED74E202C31A1B700A34B27 /* DummyMediaSaver.swift */,
				BE0EA2FC2C3561EC006381A6 /* AuthorizationTrackerSpy.swift */,
				BE0EA2FE2C356C8A006381A6 /* CameraSpy.swift */,
				BE0BD73C2C369B4C00B35B19 /* MediaSaverSpy.swift */,
			);
			path = Helpers;
			sourceTree = "<group>";
		};
		BE84F7942B7CE9A300FAD11B /* Camera */ = {
			isa = PBXGroup;
			children = (
				BE38F7AE2B83671300F42C71 /* Helpers */,
				BE84F7952B7CE9C500FAD11B /* AVCameraCoreTests.swift */,
				BE38F7AC2B83649300F42C71 /* AVPhotoTakerTests.swift */,
				BE83D1262B850BB5004A1FB4 /* AVVideoRecorderTests.swift */,
				BE8305052B875BF2002A72C4 /* AVCameraAuxiliaryTests.swift */,
				BE3C5B062B88E99B00687337 /* PHPPhotoMediaStoreTests.swift */,
			);
			path = Camera;
			sourceTree = "<group>";
		};
		BE8AEF8E27DB9D3000D7EAA1 /* LabelStyles */ = {
			isa = PBXGroup;
			children = (
				BE8AEF8F27DB9D5800D7EAA1 /* VerticalLabelStyle.swift */,
			);
			path = LabelStyles;
			sourceTree = "<group>";
		};
		BE8AEF9127DBDE0E00D7EAA1 /* ViewModifiers */ = {
			isa = PBXGroup;
			children = (
				BE8AEF9227DBDE8100D7EAA1 /* CubicTransitionModifier.swift */,
			);
			path = ViewModifiers;
			sourceTree = "<group>";
		};
		BE8B71A82B7651450055C354 /* MediaSaver */ = {
			isa = PBXGroup;
			children = (
				BE8B71A62B764E410055C354 /* LocalMediaSaverTests.swift */,
			);
			path = MediaSaver;
			sourceTree = "<group>";
		};
		BE8B71B02B765EAE0055C354 /* MediaSaver */ = {
			isa = PBXGroup;
			children = (
				BE8B71B12B765ED80055C354 /* MediaStore.swift */,
				BE8B71B52B765F9F0055C354 /* PHPPhotoMediaStore.swift */,
				BE8B71B32B765F220055C354 /* LocalMediaSaver.swift */,
			);
			name = MediaSaver;
			path = SimplifiedIgStories/MediaSaver;
			sourceTree = SOURCE_ROOT;
		};
		BE8F57FE27D60E2A00F9DB92 /* Helpers */ = {
			isa = PBXGroup;
			children = (
				BE9336CB27D24CC1009E5370 /* LoadingView.swift */,
				BE9336C127D21811009E5370 /* AVPlayerControllerRepresentable.swift */,
				BE2C557327C0197B0087EE7F /* DetectableTapGesturePositionView.swift */,
				BE5CDC2C27DF4AAA00352A60 /* NoticeLabel.swift */,
				BE09DD58288C758000F4278C /* HomeUIActionHandler.swift */,
				BE8AEF9127DBDE0E00D7EAA1 /* ViewModifiers */,
				BE8AEF8E27DB9D3000D7EAA1 /* LabelStyles */,
				BEAED9E227D36F5A00A98F3A /* PreferenceKeys */,
				BEA7D9FD27C6DFE500DA81E6 /* Shapes */,
			);
			path = Helpers;
			sourceTree = "<group>";
		};
		BE8F57FF27D60E7D00F9DB92 /* DataServices */ = {
			isa = PBXGroup;
			children = (
				BEBF32392B7512EF00DCD624 /* DataClient.swift */,
				BEBF32372B7512BF00DCD624 /* LocalStory.swift */,
				BEBF323D2B75149300DCD624 /* LocalStoriesMapper.swift */,
				BEBF323B2B75133700DCD624 /* LocalStoriesLoader.swift */,
				BEEEBBF32B75357500EC85C7 /* FileDataClient.swift */,
			);
			path = DataServices;
			sourceTree = "<group>";
		};
		BE8F580827D668C700F9DB92 /* ViewModels */ = {
			isa = PBXGroup;
			children = (
				BE0EA3092C357FF8006381A6 /* DTOs */,
				BE0EA3002C357DA2006381A6 /* Collaborators */,
				BE8F580927D668E900F9DB92 /* StoriesViewModel.swift */,
				BE6B73C627D794AD003D2B24 /* StoryPortionViewModel.swift */,
				BEC3B4C327DE585F00B44BDF /* StoryCameraViewModel.swift */,
				BE36D6EB2BAB4A54009240EE /* StoriesAnimationHandler.swift */,
				BEFE6A962BA36B7100FC307F /* StoryAnimationHandler.swift */,
				BE0EA30A2C358C88006381A6 /* StoryPreviewViewModel.swift */,
			);
			path = ViewModels;
			sourceTree = "<group>";
		};
		BE90CE0527D00BCD001EA0CA /* Camera */ = {
			isa = PBXGroup;
			children = (
				BE72F93F27DF6F9300AA98A5 /* StoryCameraPermissionView.swift */,
				BEA8E50E27D0CFD200640B19 /* VideoRecordButton.swift */,
				BE2D7795285FB1C600DBD924 /* AVCaptureVideoPreviewRepresentable.swift */,
				BE90CE0327D00A0E001EA0CA /* StoryCameraView.swift */,
				BE9336C327D22162009E5370 /* StoryPreview.swift */,
			);
			path = Camera;
			sourceTree = "<group>";
		};
		BE9336C827D24468009E5370 /* FileManager */ = {
			isa = PBXGroup;
			children = (
				BEB8752827DA120300D60110 /* LocalFileManager.swift */,
			);
			path = FileManager;
			sourceTree = "<group>";
		};
		BE9B7BEC2BA1B133009CCE08 /* images */ = {
			isa = PBXGroup;
			children = (
				BE9B7BFB2BA1C324009CCE08 /* avatar.jpg */,
				BE9B7BDE2BA1B133009CCE08 /* bird1.jpg */,
				BE9B7BDF2BA1B133009CCE08 /* bird2.jpg */,
				BE9B7BE02BA1B133009CCE08 /* forest1.jpg */,
				BE9B7BE12BA1B133009CCE08 /* forest2.jpg */,
				BE9B7BE22BA1B133009CCE08 /* forest3.jpg */,
				BE9B7BE32BA1B133009CCE08 /* forest4.jpg */,
				BE9B7BE42BA1B133009CCE08 /* forest5.jpg */,
				BE9B7BE52BA1B133009CCE08 /* peace1.jpg */,
				BE9B7BE62BA1B133009CCE08 /* peace2.jpg */,
				BE9B7BE72BA1B133009CCE08 /* peace3.jpg */,
				BE9B7BE82BA1B133009CCE08 /* peace4.jpg */,
				BE9B7BE92BA1B133009CCE08 /* sea1.jpg */,
				BE9B7BEA2BA1B133009CCE08 /* sea2.jpg */,
				BE9B7BEB2BA1B133009CCE08 /* sea3.jpg */,
			);
			path = images;
			sourceTree = "<group>";
		};
		BEA1D95627C3C71B00D0A67A /* Extensions */ = {
			isa = PBXGroup;
			children = (
				BEA1D95727C3C74D00D0A67A /* Date+Additions.swift */,
				BE9336C627D22628009E5370 /* Color+Additions.swift */,
				BE84C2C927C78E5400C42165 /* AnyTransition+Additions.swift */,
				BE925CF327D8B06D005D8107 /* AVPlayer+Additions.swift */,
				BE9EF6C627E36F7D00942976 /* CGFloat+Additions.swift */,
				BEAFE90D2817F81C004C4D43 /* Double+Additions.swift */,
				BE0EA2FA2C35578F006381A6 /* DispatchQueue+ImmediateDispatchOnMainQueue.swift */,
			);
			path = Extensions;
			sourceTree = "<group>";
		};
		BEA1D95927C3D9EB00D0A67A /* Resources */ = {
			isa = PBXGroup;
			children = (
				BE9B7BEC2BA1B133009CCE08 /* images */,
				BE8D954227C44C6F00D9D6DB /* storiesData.json */,
				BE8F580427D643BC00F9DB92 /* seaVideo.mp4 */,
				BE8F580027D63EF300F9DB92 /* forestVideo.mp4 */,
			);
			path = Resources;
			sourceTree = "<group>";
		};
		BEA7D9FD27C6DFE500DA81E6 /* Shapes */ = {
			isa = PBXGroup;
			children = (
				BEA7D9FE27C6DFFC00DA81E6 /* TraceableArc.swift */,
				BE93B8C027C8D96900B97C40 /* TraceableRectangle.swift */,
			);
			path = Shapes;
			sourceTree = "<group>";
		};
		BEAED9E227D36F5A00A98F3A /* PreferenceKeys */ = {
			isa = PBXGroup;
			children = (
				BEAED9E327D36F7D00A98F3A /* IdFramePreferenceKey.swift */,
				BE8B973727DAAC6600A59292 /* FramePreferenceKey.swift */,
			);
			path = PreferenceKeys;
			sourceTree = "<group>";
		};
		BEBE9C392BA059B500C9C093 /* FileManager */ = {
			isa = PBXGroup;
			children = (
				BEBE9C372BA059AF00C9C093 /* LocalFileMangerTests.swift */,
			);
			path = FileManager;
			sourceTree = "<group>";
		};
		BEBF32302B74D86600DCD624 /* Helpers */ = {
			isa = PBXGroup;
			children = (
				BEBF32312B74D88A00DCD624 /* XCTestCase+MemoryLeakTracking.swift */,
				BEEEBBF02B75345400EC85C7 /* XCTestCase+AssertThrows.swift */,
				BE80D1982B83B61E007360D1 /* CommonHelpers.swift */,
				BE8B71AA2B76516D0055C354 /* UIImage+Helpers.swift */,
				BE83D11C2B84D54C004A1FB4 /* MethodSwizzlingStub.swift */,
			);
			path = Helpers;
			sourceTree = "<group>";
		};
		BEEEBBF22B7534E600EC85C7 /* json */ = {
			isa = PBXGroup;
			children = (
				BEEEBBEC2B752E4200EC85C7 /* empty.json */,
				BEEEBBEE2B7531FE00EC85C7 /* valid.json */,
			);
			path = json;
			sourceTree = "<group>";
		};
		BEEEBBF62B7540AC00EC85C7 /* DataServices */ = {
			isa = PBXGroup;
			children = (
				BEEEBBF92B75459900EC85C7 /* Helpers */,
				BEEEBBF22B7534E600EC85C7 /* json */,
				BEBF322E2B74D5DD00DCD624 /* LocalStoriesLoaderTests.swift */,
				BEEEBBEA2B75287100EC85C7 /* FileDataClientTests.swift */,
				BEEEBBF72B75418800EC85C7 /* LocalStoriesLoaderIntegrationTests.swift */,
			);
			path = DataServices;
			sourceTree = "<group>";
		};
		BEEEBBF92B75459900EC85C7 /* Helpers */ = {
			isa = PBXGroup;
			children = (
				BEEEBBFA2B7545B400EC85C7 /* DataServiceTestHelpers.swift */,
				BE6E4FF82C30011500AB23D0 /* DataClientStub.swift */,
			);
			path = Helpers;
			sourceTree = "<group>";
		};
/* End PBXGroup section */

/* Begin PBXNativeTarget section */
		BE090B5327B9562B00B6F906 /* SimplifiedIgStories */ = {
			isa = PBXNativeTarget;
			buildConfigurationList = BE090B6227B9562D00B6F906 /* Build configuration list for PBXNativeTarget "SimplifiedIgStories" */;
			buildPhases = (
				BE090B5027B9562B00B6F906 /* Sources */,
				BE090B5127B9562B00B6F906 /* Frameworks */,
				BE090B5227B9562B00B6F906 /* Resources */,
			);
			buildRules = (
			);
			dependencies = (
			);
			name = SimplifiedIgStories;
			packageProductDependencies = (
			);
			productName = IgStoriesSwiftUI;
			productReference = BE090B5427B9562B00B6F906 /* Simple IG Story.app */;
			productType = "com.apple.product-type.application";
		};
		BE69F502281973B3001BA4EC /* SimpleIGStoryTests */ = {
			isa = PBXNativeTarget;
			buildConfigurationList = BE69F50B281973B3001BA4EC /* Build configuration list for PBXNativeTarget "SimpleIGStoryTests" */;
			buildPhases = (
				BE69F4FF281973B3001BA4EC /* Sources */,
				BE69F500281973B3001BA4EC /* Frameworks */,
				BE69F501281973B3001BA4EC /* Resources */,
			);
			buildRules = (
			);
			dependencies = (
				BE69F508281973B3001BA4EC /* PBXTargetDependency */,
			);
			name = SimpleIGStoryTests;
			productName = SimpleIGStoryTests;
			productReference = BE69F503281973B3001BA4EC /* SimpleIGStoryTests.xctest */;
			productType = "com.apple.product-type.bundle.unit-test";
		};
/* End PBXNativeTarget section */

/* Begin PBXProject section */
		BE090B4C27B9562B00B6F906 /* Project object */ = {
			isa = PBXProject;
			attributes = {
				BuildIndependentTargetsInParallel = 1;
				LastSwiftUpdateCheck = 1330;
				LastUpgradeCheck = 1530;
				TargetAttributes = {
					BE090B5327B9562B00B6F906 = {
						CreatedOnToolsVersion = 13.2.1;
					};
					BE69F502281973B3001BA4EC = {
						CreatedOnToolsVersion = 13.3.1;
						TestTargetID = BE090B5327B9562B00B6F906;
					};
				};
			};
			buildConfigurationList = BE090B4F27B9562B00B6F906 /* Build configuration list for PBXProject "SimplifiedIgStories" */;
			compatibilityVersion = "Xcode 13.0";
			developmentRegion = en;
			hasScannedForEncodings = 0;
			knownRegions = (
				en,
				Base,
			);
			mainGroup = BE090B4B27B9562B00B6F906;
			packageReferences = (
			);
			productRefGroup = BE090B5527B9562B00B6F906 /* Products */;
			projectDirPath = "";
			projectRoot = "";
			targets = (
				BE090B5327B9562B00B6F906 /* SimplifiedIgStories */,
				BE69F502281973B3001BA4EC /* SimpleIGStoryTests */,
			);
		};
/* End PBXProject section */

/* Begin PBXResourcesBuildPhase section */
		BE090B5227B9562B00B6F906 /* Resources */ = {
			isa = PBXResourcesBuildPhase;
			buildActionMask = 2147483647;
			files = (
				BE8F580527D643BC00F9DB92 /* seaVideo.mp4 in Resources */,
				BE9B7BFC2BA1C324009CCE08 /* avatar.jpg in Resources */,
				BE9B7BF52BA1B133009CCE08 /* peace2.jpg in Resources */,
				BE9B7BEE2BA1B133009CCE08 /* bird2.jpg in Resources */,
				BE8F580127D63F1A00F9DB92 /* forestVideo.mp4 in Resources */,
				BE9B7BF92BA1B133009CCE08 /* sea2.jpg in Resources */,
				BE9B7BED2BA1B133009CCE08 /* bird1.jpg in Resources */,
				BE9B7BF02BA1B133009CCE08 /* forest2.jpg in Resources */,
				BE9B7BFA2BA1B133009CCE08 /* sea3.jpg in Resources */,
				BE090B5F27B9562D00B6F906 /* Preview Assets.xcassets in Resources */,
				BE9B7BF42BA1B133009CCE08 /* peace1.jpg in Resources */,
				BE090B5C27B9562D00B6F906 /* Assets.xcassets in Resources */,
				BE9B7BEF2BA1B133009CCE08 /* forest1.jpg in Resources */,
				BE9B7BF82BA1B133009CCE08 /* sea1.jpg in Resources */,
				BE9B7BF62BA1B133009CCE08 /* peace3.jpg in Resources */,
				BE9B7BF72BA1B133009CCE08 /* peace4.jpg in Resources */,
				BE9B7BF22BA1B133009CCE08 /* forest4.jpg in Resources */,
				BE9B7BF12BA1B133009CCE08 /* forest3.jpg in Resources */,
				BE9B7BF32BA1B133009CCE08 /* forest5.jpg in Resources */,
				BE8D954327C44C6F00D9D6DB /* storiesData.json in Resources */,
			);
			runOnlyForDeploymentPostprocessing = 0;
		};
		BE69F501281973B3001BA4EC /* Resources */ = {
			isa = PBXResourcesBuildPhase;
			buildActionMask = 2147483647;
			files = (
				BEEEBBEF2B7531FE00EC85C7 /* valid.json in Resources */,
				BEEEBBED2B752E4200EC85C7 /* empty.json in Resources */,
			);
			runOnlyForDeploymentPostprocessing = 0;
		};
/* End PBXResourcesBuildPhase section */

/* Begin PBXSourcesBuildPhase section */
		BE090B5027B9562B00B6F906 /* Sources */ = {
			isa = PBXSourcesBuildPhase;
			buildActionMask = 2147483647;
			files = (
				BE36D6EA2BAB3785009240EE /* AppComponentsFactory.swift in Sources */,
				BEA3ABC22BAF557500B60C1E /* PreviewStoryPortionView.swift in Sources */,
				BE0EA3062C357F1F006381A6 /* FileManageable.swift in Sources */,
				BEBF323C2B75133700DCD624 /* LocalStoriesLoader.swift in Sources */,
				BE5F4FAA2BA49DBA00138F87 /* PreviewStoriesViewModel.swift in Sources */,
				BE0BD7392C3685CE00B35B19 /* DispatchQueue+ImmediateDispatchOnMainQueue.swift in Sources */,
				BE0EA3022C357DBD006381A6 /* DefaultCamera.swift in Sources */,
				BEA7D9FF27C6DFFC00DA81E6 /* TraceableArc.swift in Sources */,
				BE5CDC2D27DF4AAA00352A60 /* NoticeLabel.swift in Sources */,
				BE0EA3082C357F6D006381A6 /* MediaSaver.swift in Sources */,
				BE93B8C127C8D96900B97C40 /* TraceableRectangle.swift in Sources */,
				BE8F580A27D668E900F9DB92 /* StoriesViewModel.swift in Sources */,
				BEFE6A972BA36B7100FC307F /* StoryAnimationHandler.swift in Sources */,
				BE36D6E82BAB375A009240EE /* ComponentCache.swift in Sources */,
				BE6B73C727D794AD003D2B24 /* StoryPortionViewModel.swift in Sources */,
				BE8F580327D641AF00F9DB92 /* PortionDTO.swift in Sources */,
				BE9EF6C727E36F7D00942976 /* CGFloat+Additions.swift in Sources */,
				BE9336C427D22162009E5370 /* StoryPreview.swift in Sources */,
				BE287A2A2B7A47FB00119674 /* CameraAuthorizationHandler.swift in Sources */,
				BE8AEF9027DB9D5800D7EAA1 /* VerticalLabelStyle.swift in Sources */,
				BE90CE0427D00A0E001EA0CA /* StoryCameraView.swift in Sources */,
				BE090B6727B9568700B6F906 /* StoryIcon.swift in Sources */,
				BE0EA30B2C358C88006381A6 /* StoryPreviewViewModel.swift in Sources */,
				BE72F94027DF6F9300AA98A5 /* StoryCameraPermissionView.swift in Sources */,
				BE0EA3042C357EE0006381A6 /* StoriesLoader.swift in Sources */,
				BE7BA1192C32BB0B005DB88C /* Camera.swift in Sources */,
				BE090B5827B9562B00B6F906 /* SimplifiedIgStoriesApp.swift in Sources */,
				BE8B973827DAAC6600A59292 /* FramePreferenceKey.swift in Sources */,
				BEB8752927DA120300D60110 /* LocalFileManager.swift in Sources */,
				BE77C89A28895CF000E1FA0A /* PreviewData.swift in Sources */,
				BE692D162BA9AB3D00CE8C32 /* DummyMediaSaver.swift in Sources */,
				BE8A758127BC107000E9F745 /* HomeView.swift in Sources */,
				BE5F4FA82BA49BD700138F87 /* DummyFileManager.swift in Sources */,
				BEEEBBF42B75357500EC85C7 /* FileDataClient.swift in Sources */,
				BE42A3382B7B8053004BC257 /* VideoRecorder.swift in Sources */,
				BEBF323A2B7512EF00DCD624 /* DataClient.swift in Sources */,
				BE6E4FFB2C3035F300AB23D0 /* CameraPosition.swift in Sources */,
				BE8B71B42B765F220055C354 /* LocalMediaSaver.swift in Sources */,
				BE9336C227D21811009E5370 /* AVPlayerControllerRepresentable.swift in Sources */,
				BE2D7792285F765F00DBD924 /* CameraSetupError.swift in Sources */,
				BE8B71B62B765F9F0055C354 /* PHPPhotoMediaStore.swift in Sources */,
				BE8C498F27C674FD000541E0 /* StoryContainer.swift in Sources */,
				BE925CF427D8B06D005D8107 /* AVPlayer+Additions.swift in Sources */,
				BE91AA5427BFD96800BB9846 /* StoryPortionView.swift in Sources */,
				BE9336CC27D24CC1009E5370 /* LoadingView.swift in Sources */,
				BE42A33A2B7B9A80004BC257 /* CameraAuxiliary.swift in Sources */,
				BE463A2D285F05AE00599929 /* CameraCore.swift in Sources */,
				BE2C557427C0197B0087EE7F /* DetectableTapGesturePositionView.swift in Sources */,
				BEAED9E427D36F7D00A98F3A /* IdFramePreferenceKey.swift in Sources */,
				BE8AEF9327DBDE8100D7EAA1 /* CubicTransitionModifier.swift in Sources */,
				BE09DD59288C758000F4278C /* HomeUIActionHandler.swift in Sources */,
				BEA901D427BC716E00E3362D /* ProgressBarPortion.swift in Sources */,
				BE7BA11B2C3312A1005DB88C /* DummyCamera.swift in Sources */,
				BE84C2CA27C78E5400C42165 /* AnyTransition+Additions.swift in Sources */,
				BE8B71B22B765ED80055C354 /* MediaStore.swift in Sources */,
				BE692D142BA9AA3200CE8C32 /* PreviewStoryView.swift in Sources */,
				BED0F60D27BBF64B00D93F15 /* StoryIconsView.swift in Sources */,
				BEC053842C309B0A00752932 /* CameraFlashMode.swift in Sources */,
				BEC3B4C427DE585F00B44BDF /* StoryCameraViewModel.swift in Sources */,
				BE8D954527C44CA200D9D6DB /* StoryDTO.swift in Sources */,
				BEBF323E2B75149300DCD624 /* LocalStoriesMapper.swift in Sources */,
				BE8C498D27C62B3C000541E0 /* StoryIconTitleView.swift in Sources */,
				BE2C557227BFFE9D0087EE7F /* StoryView.swift in Sources */,
				BEA93F9427D7511000964226 /* VideoRecordButton.swift in Sources */,
				BEBF32382B7512BF00DCD624 /* LocalStory.swift in Sources */,
				BE720F7C27BD111800E862A5 /* ProgressBar.swift in Sources */,
				BE9336C727D22628009E5370 /* Color+Additions.swift in Sources */,
				BE2D7796285FB1C600DBD924 /* AVCaptureVideoPreviewRepresentable.swift in Sources */,
				BE35051B2B7ABB4800348B4B /* PhotoTaker.swift in Sources */,
				BE36D6EC2BAB4A54009240EE /* StoriesAnimationHandler.swift in Sources */,
				BEAFE90E2817F81C004C4D43 /* Double+Additions.swift in Sources */,
				BEA1D95827C3C74D00D0A67A /* Date+Additions.swift in Sources */,
				BEA1D95E27C3DA7100D0A67A /* UserDTO.swift in Sources */,
			);
			runOnlyForDeploymentPostprocessing = 0;
		};
		BE69F4FF281973B3001BA4EC /* Sources */ = {
			isa = PBXSourcesBuildPhase;
			buildActionMask = 2147483647;
			files = (
				BED74E1D2C318E0200A34B27 /* StoriesLoaderStub.swift in Sources */,
				BE38F7B02B83672400F42C71 /* StatusSpy.swift in Sources */,
				BED74E212C31A1B700A34B27 /* DummyMediaSaver.swift in Sources */,
				BEBE9C382BA059AF00C9C093 /* LocalFileMangerTests.swift in Sources */,
				BEEEBBEB2B75287100EC85C7 /* FileDataClientTests.swift in Sources */,
				BE7079492B86744A00365260 /* CaptureMovieFileOutputSpy.swift in Sources */,
				BE8B71AB2B76516D0055C354 /* UIImage+Helpers.swift in Sources */,
				BE83D1212B84D88B004A1FB4 /* CapturePhotoStub.swift in Sources */,
				BE0EA2FD2C3561EC006381A6 /* AuthorizationTrackerSpy.swift in Sources */,
				BE80D1992B83B61E007360D1 /* CommonHelpers.swift in Sources */,
				BE83D11F2B84D75F004A1FB4 /* CameraFlashMode+TestHelpers.swift in Sources */,
				BE8305082B87790E002A72C4 /* CaptureDeviceSpy.swift in Sources */,
				BE7BA4372BADE7700061595B /* ViewModelTestHelpers.swift in Sources */,
				BEA3ABC02BAF3AD800B60C1E /* StoryPortionViewModelTests.swift in Sources */,
				BED74E1B2C318D8700A34B27 /* FileManagerStub.swift in Sources */,
				BE3C5B072B88E99B00687337 /* PHPPhotoMediaStoreTests.swift in Sources */,
				BE83D11D2B84D54C004A1FB4 /* MethodSwizzlingStub.swift in Sources */,
				BE0EA2F92C354C2A006381A6 /* StoryCameraViewModelTests.swift in Sources */,
				BEEEBBF12B75345400EC85C7 /* XCTestCase+AssertThrows.swift in Sources */,
				BE38F7B22B837CC400F42C71 /* CaptureSessionSpy.swift in Sources */,
				BE84F7962B7CE9C500FAD11B /* AVCameraCoreTests.swift in Sources */,
				BE8B71A72B764E410055C354 /* LocalMediaSaverTests.swift in Sources */,
				BED74E1F2C31A18100A34B27 /* DummyFileManager.swift in Sources */,
				BE7BA4342BADE5C60061595B /* StoriesAnimationHandlerTests.swift in Sources */,
				BEEEBBFB2B7545B400EC85C7 /* DataServiceTestHelpers.swift in Sources */,
				BE83D1252B84E3E6004A1FB4 /* CameraPosition+TestHelpers.swift in Sources */,
				BE83D1232B84D8F5004A1FB4 /* CapturePhotoOutputSpy.swift in Sources */,
				BE69F50D281974E5001BA4EC /* StoriesViewModelTests.swift in Sources */,
				BE38F7AD2B83649300F42C71 /* AVPhotoTakerTests.swift in Sources */,
				BE0EA2FF2C356C8A006381A6 /* CameraSpy.swift in Sources */,
				BE8305062B875BF2002A72C4 /* AVCameraAuxiliaryTests.swift in Sources */,
				BEBF322F2B74D5DD00DCD624 /* LocalStoriesLoaderTests.swift in Sources */,
				BEEEBBF82B75418800EC85C7 /* LocalStoriesLoaderIntegrationTests.swift in Sources */,
				BEA6D0292BA9EED800BEDA4A /* StoryAnimationHandlerTests.swift in Sources */,
				BEBF32322B74D88A00DCD624 /* XCTestCase+MemoryLeakTracking.swift in Sources */,
				BE0BD73D2C369B4C00B35B19 /* MediaSaverSpy.swift in Sources */,
				BE83D1272B850BB5004A1FB4 /* AVVideoRecorderTests.swift in Sources */,
				BE0BD73B2C369AE400B35B19 /* StoryPreviewViewModelTests.swift in Sources */,
				BE6E4FF92C30011500AB23D0 /* DataClientStub.swift in Sources */,
				BE6E4FFD2C303BF800AB23D0 /* CaptureDevicesSpy.swift in Sources */,
			);
			runOnlyForDeploymentPostprocessing = 0;
		};
/* End PBXSourcesBuildPhase section */

/* Begin PBXTargetDependency section */
		BE69F508281973B3001BA4EC /* PBXTargetDependency */ = {
			isa = PBXTargetDependency;
			target = BE090B5327B9562B00B6F906 /* SimplifiedIgStories */;
			targetProxy = BE69F507281973B3001BA4EC /* PBXContainerItemProxy */;
		};
/* End PBXTargetDependency section */

/* Begin XCBuildConfiguration section */
		BE090B6027B9562D00B6F906 /* Debug */ = {
			isa = XCBuildConfiguration;
			buildSettings = {
				ALWAYS_SEARCH_USER_PATHS = NO;
				ASSETCATALOG_COMPILER_GENERATE_SWIFT_ASSET_SYMBOL_EXTENSIONS = YES;
				CLANG_ANALYZER_NONNULL = YES;
				CLANG_ANALYZER_NUMBER_OBJECT_CONVERSION = YES_AGGRESSIVE;
				CLANG_CXX_LANGUAGE_STANDARD = "gnu++17";
				CLANG_CXX_LIBRARY = "libc++";
				CLANG_ENABLE_MODULES = YES;
				CLANG_ENABLE_OBJC_ARC = YES;
				CLANG_ENABLE_OBJC_WEAK = YES;
				CLANG_WARN_BLOCK_CAPTURE_AUTORELEASING = YES;
				CLANG_WARN_BOOL_CONVERSION = YES;
				CLANG_WARN_COMMA = YES;
				CLANG_WARN_CONSTANT_CONVERSION = YES;
				CLANG_WARN_DEPRECATED_OBJC_IMPLEMENTATIONS = YES;
				CLANG_WARN_DIRECT_OBJC_ISA_USAGE = YES_ERROR;
				CLANG_WARN_DOCUMENTATION_COMMENTS = YES;
				CLANG_WARN_EMPTY_BODY = YES;
				CLANG_WARN_ENUM_CONVERSION = YES;
				CLANG_WARN_INFINITE_RECURSION = YES;
				CLANG_WARN_INT_CONVERSION = YES;
				CLANG_WARN_NON_LITERAL_NULL_CONVERSION = YES;
				CLANG_WARN_OBJC_IMPLICIT_RETAIN_SELF = YES;
				CLANG_WARN_OBJC_LITERAL_CONVERSION = YES;
				CLANG_WARN_OBJC_ROOT_CLASS = YES_ERROR;
				CLANG_WARN_QUOTED_INCLUDE_IN_FRAMEWORK_HEADER = YES;
				CLANG_WARN_RANGE_LOOP_ANALYSIS = YES;
				CLANG_WARN_STRICT_PROTOTYPES = YES;
				CLANG_WARN_SUSPICIOUS_MOVE = YES;
				CLANG_WARN_UNGUARDED_AVAILABILITY = YES_AGGRESSIVE;
				CLANG_WARN_UNREACHABLE_CODE = YES;
				CLANG_WARN__DUPLICATE_METHOD_MATCH = YES;
				COPY_PHASE_STRIP = NO;
				DEBUG_INFORMATION_FORMAT = dwarf;
				ENABLE_STRICT_OBJC_MSGSEND = YES;
				ENABLE_TESTABILITY = YES;
				ENABLE_USER_SCRIPT_SANDBOXING = YES;
				GCC_C_LANGUAGE_STANDARD = gnu11;
				GCC_DYNAMIC_NO_PIC = NO;
				GCC_NO_COMMON_BLOCKS = YES;
				GCC_OPTIMIZATION_LEVEL = 0;
				GCC_PREPROCESSOR_DEFINITIONS = (
					"DEBUG=1",
					"$(inherited)",
				);
				GCC_WARN_64_TO_32_BIT_CONVERSION = YES;
				GCC_WARN_ABOUT_RETURN_TYPE = YES_ERROR;
				GCC_WARN_UNDECLARED_SELECTOR = YES;
				GCC_WARN_UNINITIALIZED_AUTOS = YES_AGGRESSIVE;
				GCC_WARN_UNUSED_FUNCTION = YES;
				GCC_WARN_UNUSED_VARIABLE = YES;
				IPHONEOS_DEPLOYMENT_TARGET = 15.0;
				MTL_ENABLE_DEBUG_INFO = INCLUDE_SOURCE;
				MTL_FAST_MATH = YES;
				ONLY_ACTIVE_ARCH = YES;
				SDKROOT = iphoneos;
				SWIFT_ACTIVE_COMPILATION_CONDITIONS = DEBUG;
				SWIFT_OPTIMIZATION_LEVEL = "-Onone";
			};
			name = Debug;
		};
		BE090B6127B9562D00B6F906 /* Release */ = {
			isa = XCBuildConfiguration;
			buildSettings = {
				ALWAYS_SEARCH_USER_PATHS = NO;
				ASSETCATALOG_COMPILER_GENERATE_SWIFT_ASSET_SYMBOL_EXTENSIONS = YES;
				CLANG_ANALYZER_NONNULL = YES;
				CLANG_ANALYZER_NUMBER_OBJECT_CONVERSION = YES_AGGRESSIVE;
				CLANG_CXX_LANGUAGE_STANDARD = "gnu++17";
				CLANG_CXX_LIBRARY = "libc++";
				CLANG_ENABLE_MODULES = YES;
				CLANG_ENABLE_OBJC_ARC = YES;
				CLANG_ENABLE_OBJC_WEAK = YES;
				CLANG_WARN_BLOCK_CAPTURE_AUTORELEASING = YES;
				CLANG_WARN_BOOL_CONVERSION = YES;
				CLANG_WARN_COMMA = YES;
				CLANG_WARN_CONSTANT_CONVERSION = YES;
				CLANG_WARN_DEPRECATED_OBJC_IMPLEMENTATIONS = YES;
				CLANG_WARN_DIRECT_OBJC_ISA_USAGE = YES_ERROR;
				CLANG_WARN_DOCUMENTATION_COMMENTS = YES;
				CLANG_WARN_EMPTY_BODY = YES;
				CLANG_WARN_ENUM_CONVERSION = YES;
				CLANG_WARN_INFINITE_RECURSION = YES;
				CLANG_WARN_INT_CONVERSION = YES;
				CLANG_WARN_NON_LITERAL_NULL_CONVERSION = YES;
				CLANG_WARN_OBJC_IMPLICIT_RETAIN_SELF = YES;
				CLANG_WARN_OBJC_LITERAL_CONVERSION = YES;
				CLANG_WARN_OBJC_ROOT_CLASS = YES_ERROR;
				CLANG_WARN_QUOTED_INCLUDE_IN_FRAMEWORK_HEADER = YES;
				CLANG_WARN_RANGE_LOOP_ANALYSIS = YES;
				CLANG_WARN_STRICT_PROTOTYPES = YES;
				CLANG_WARN_SUSPICIOUS_MOVE = YES;
				CLANG_WARN_UNGUARDED_AVAILABILITY = YES_AGGRESSIVE;
				CLANG_WARN_UNREACHABLE_CODE = YES;
				CLANG_WARN__DUPLICATE_METHOD_MATCH = YES;
				COPY_PHASE_STRIP = NO;
				DEBUG_INFORMATION_FORMAT = "dwarf-with-dsym";
				ENABLE_NS_ASSERTIONS = NO;
				ENABLE_STRICT_OBJC_MSGSEND = YES;
				ENABLE_USER_SCRIPT_SANDBOXING = YES;
				GCC_C_LANGUAGE_STANDARD = gnu11;
				GCC_NO_COMMON_BLOCKS = YES;
				GCC_WARN_64_TO_32_BIT_CONVERSION = YES;
				GCC_WARN_ABOUT_RETURN_TYPE = YES_ERROR;
				GCC_WARN_UNDECLARED_SELECTOR = YES;
				GCC_WARN_UNINITIALIZED_AUTOS = YES_AGGRESSIVE;
				GCC_WARN_UNUSED_FUNCTION = YES;
				GCC_WARN_UNUSED_VARIABLE = YES;
				IPHONEOS_DEPLOYMENT_TARGET = 15.0;
				MTL_ENABLE_DEBUG_INFO = NO;
				MTL_FAST_MATH = YES;
				SDKROOT = iphoneos;
				SWIFT_COMPILATION_MODE = wholemodule;
				SWIFT_OPTIMIZATION_LEVEL = "-O";
				VALIDATE_PRODUCT = YES;
			};
			name = Release;
		};
		BE090B6327B9562D00B6F906 /* Debug */ = {
			isa = XCBuildConfiguration;
			buildSettings = {
				ASSETCATALOG_COMPILER_APPICON_NAME = AppIcon;
				ASSETCATALOG_COMPILER_GLOBAL_ACCENT_COLOR_NAME = AccentColor;
				CODE_SIGN_IDENTITY = "Apple Development";
				CODE_SIGN_STYLE = Automatic;
				CURRENT_PROJECT_VERSION = 1;
				DEVELOPMENT_ASSET_PATHS = "\"SimplifiedIgStories/Preview Content\"";
				DEVELOPMENT_TEAM = DV4M5VPD3C;
				ENABLE_PREVIEWS = YES;
				GENERATE_INFOPLIST_FILE = YES;
				INFOPLIST_KEY_NSCameraUsageDescription = "To Take Photos and Video";
				INFOPLIST_KEY_NSMicrophoneUsageDescription = "To Record Audio With Video";
				INFOPLIST_KEY_NSPhotoLibraryAddUsageDescription = "To Save Photos And Video";
				INFOPLIST_KEY_UIApplicationSceneManifest_Generation = YES;
				INFOPLIST_KEY_UIApplicationSupportsIndirectInputEvents = YES;
				INFOPLIST_KEY_UILaunchScreen_Generation = YES;
				INFOPLIST_KEY_UISupportedInterfaceOrientations = UIInterfaceOrientationPortrait;
				INFOPLIST_KEY_UISupportedInterfaceOrientations_iPad = UIInterfaceOrientationPortrait;
				INFOPLIST_KEY_UISupportedInterfaceOrientations_iPhone = UIInterfaceOrientationPortrait;
				IPHONEOS_DEPLOYMENT_TARGET = 15.0;
				LD_RUNPATH_SEARCH_PATHS = (
					"$(inherited)",
					"@executable_path/Frameworks",
				);
				MARKETING_VERSION = 1.4;
				PRODUCT_BUNDLE_IDENTIFIER = com.tszlung.SimplifyIgStories;
				PRODUCT_NAME = "Simple IG Story";
				PROVISIONING_PROFILE_SPECIFIER = "";
				SWIFT_EMIT_LOC_STRINGS = YES;
				SWIFT_VERSION = 5.0;
				TARGETED_DEVICE_FAMILY = 1;
			};
			name = Debug;
		};
		BE090B6427B9562D00B6F906 /* Release */ = {
			isa = XCBuildConfiguration;
			buildSettings = {
				ASSETCATALOG_COMPILER_APPICON_NAME = AppIcon;
				ASSETCATALOG_COMPILER_GLOBAL_ACCENT_COLOR_NAME = AccentColor;
				CODE_SIGN_IDENTITY = "Apple Development";
				CODE_SIGN_STYLE = Automatic;
				CURRENT_PROJECT_VERSION = 1;
				DEVELOPMENT_ASSET_PATHS = "\"SimplifiedIgStories/Preview Content\"";
				DEVELOPMENT_TEAM = DV4M5VPD3C;
				ENABLE_PREVIEWS = YES;
				GENERATE_INFOPLIST_FILE = YES;
				INFOPLIST_KEY_NSCameraUsageDescription = "To Take Photos and Video";
				INFOPLIST_KEY_NSMicrophoneUsageDescription = "To Record Audio With Video";
				INFOPLIST_KEY_NSPhotoLibraryAddUsageDescription = "To Save Photos And Video";
				INFOPLIST_KEY_UIApplicationSceneManifest_Generation = YES;
				INFOPLIST_KEY_UIApplicationSupportsIndirectInputEvents = YES;
				INFOPLIST_KEY_UILaunchScreen_Generation = YES;
				INFOPLIST_KEY_UISupportedInterfaceOrientations = UIInterfaceOrientationPortrait;
				INFOPLIST_KEY_UISupportedInterfaceOrientations_iPad = UIInterfaceOrientationPortrait;
				INFOPLIST_KEY_UISupportedInterfaceOrientations_iPhone = UIInterfaceOrientationPortrait;
				IPHONEOS_DEPLOYMENT_TARGET = 15.0;
				LD_RUNPATH_SEARCH_PATHS = (
					"$(inherited)",
					"@executable_path/Frameworks",
				);
				MARKETING_VERSION = 1.4;
				PRODUCT_BUNDLE_IDENTIFIER = com.tszlung.SimplifyIgStories;
				PRODUCT_NAME = "Simple IG Story";
				PROVISIONING_PROFILE_SPECIFIER = "";
				SWIFT_EMIT_LOC_STRINGS = YES;
				SWIFT_VERSION = 5.0;
				TARGETED_DEVICE_FAMILY = 1;
			};
			name = Release;
		};
		BE69F509281973B3001BA4EC /* Debug */ = {
			isa = XCBuildConfiguration;
			buildSettings = {
				BUNDLE_LOADER = "$(TEST_HOST)";
				CODE_SIGN_STYLE = Automatic;
				CURRENT_PROJECT_VERSION = 1;
				DEVELOPMENT_TEAM = DV4M5VPD3C;
				GENERATE_INFOPLIST_FILE = YES;
				IPHONEOS_DEPLOYMENT_TARGET = 15.4;
				MARKETING_VERSION = 1.0;
				PRODUCT_BUNDLE_IDENTIFIER = com.tszlung.SimpleIGStoryTests;
				PRODUCT_NAME = "$(TARGET_NAME)";
				SWIFT_EMIT_LOC_STRINGS = NO;
				SWIFT_VERSION = 5.0;
				TARGETED_DEVICE_FAMILY = "1,2";
				TEST_HOST = "$(BUILT_PRODUCTS_DIR)/Simple IG Story.app/Simple IG Story";
			};
			name = Debug;
		};
		BE69F50A281973B3001BA4EC /* Release */ = {
			isa = XCBuildConfiguration;
			buildSettings = {
				BUNDLE_LOADER = "$(TEST_HOST)";
				CODE_SIGN_STYLE = Automatic;
				CURRENT_PROJECT_VERSION = 1;
				DEVELOPMENT_TEAM = DV4M5VPD3C;
				GENERATE_INFOPLIST_FILE = YES;
				IPHONEOS_DEPLOYMENT_TARGET = 15.4;
				MARKETING_VERSION = 1.0;
				PRODUCT_BUNDLE_IDENTIFIER = com.tszlung.SimpleIGStoryTests;
				PRODUCT_NAME = "$(TARGET_NAME)";
				SWIFT_EMIT_LOC_STRINGS = NO;
				SWIFT_VERSION = 5.0;
				TARGETED_DEVICE_FAMILY = "1,2";
				TEST_HOST = "$(BUILT_PRODUCTS_DIR)/Simple IG Story.app/Simple IG Story";
			};
			name = Release;
		};
/* End XCBuildConfiguration section */

/* Begin XCConfigurationList section */
		BE090B4F27B9562B00B6F906 /* Build configuration list for PBXProject "SimplifiedIgStories" */ = {
			isa = XCConfigurationList;
			buildConfigurations = (
				BE090B6027B9562D00B6F906 /* Debug */,
				BE090B6127B9562D00B6F906 /* Release */,
			);
			defaultConfigurationIsVisible = 0;
			defaultConfigurationName = Release;
		};
		BE090B6227B9562D00B6F906 /* Build configuration list for PBXNativeTarget "SimplifiedIgStories" */ = {
			isa = XCConfigurationList;
			buildConfigurations = (
				BE090B6327B9562D00B6F906 /* Debug */,
				BE090B6427B9562D00B6F906 /* Release */,
			);
			defaultConfigurationIsVisible = 0;
			defaultConfigurationName = Release;
		};
		BE69F50B281973B3001BA4EC /* Build configuration list for PBXNativeTarget "SimpleIGStoryTests" */ = {
			isa = XCConfigurationList;
			buildConfigurations = (
				BE69F509281973B3001BA4EC /* Debug */,
				BE69F50A281973B3001BA4EC /* Release */,
			);
			defaultConfigurationIsVisible = 0;
			defaultConfigurationName = Release;
		};
/* End XCConfigurationList section */
	};
	rootObject = BE090B4C27B9562B00B6F906 /* Project object */;
}
